// !$*UTF8*$!
{
	archiveVersion = 1;
	classes = {
	};
	objectVersion = 46;
	objects = {

/* Begin PBXBuildFile section */
		580200BC15D607F1002A854F /* Security.framework in Frameworks */ = {isa = PBXBuildFile; fileRef = 580200BB15D607F1002A854F /* Security.framework */; };
		58203B7F160B45BC00694989 /* full2_15.png in Resources */ = {isa = PBXBuildFile; fileRef = 58203B6A160B45BC00694989 /* full2_15.png */; };
		58203B80160B45BC00694989 /* full2_17.png in Resources */ = {isa = PBXBuildFile; fileRef = 58203B6B160B45BC00694989 /* full2_17.png */; };
		58203B81160B45BC00694989 /* full2_50.png in Resources */ = {isa = PBXBuildFile; fileRef = 58203B6C160B45BC00694989 /* full2_50.png */; };
		58203B82160B45BC00694989 /* pdm_img_02.png in Resources */ = {isa = PBXBuildFile; fileRef = 58203B6D160B45BC00694989 /* pdm_img_02.png */; };
		58203B83160B45BC00694989 /* pdm_img_03.png in Resources */ = {isa = PBXBuildFile; fileRef = 58203B6E160B45BC00694989 /* pdm_img_03.png */; };
		58203B84160B45BC00694989 /* pdm_img_04.png in Resources */ = {isa = PBXBuildFile; fileRef = 58203B6F160B45BC00694989 /* pdm_img_04.png */; };
		58203B85160B45BC00694989 /* pdm_img_05.png in Resources */ = {isa = PBXBuildFile; fileRef = 58203B70160B45BC00694989 /* pdm_img_05.png */; };
		58203B86160B45BC00694989 /* pdm_img_08.png in Resources */ = {isa = PBXBuildFile; fileRef = 58203B71160B45BC00694989 /* pdm_img_08.png */; };
		58203B87160B45BC00694989 /* pdm_img_09.png in Resources */ = {isa = PBXBuildFile; fileRef = 58203B72160B45BC00694989 /* pdm_img_09.png */; };
		58203B88160B45BC00694989 /* pdm_img_10.png in Resources */ = {isa = PBXBuildFile; fileRef = 58203B73160B45BC00694989 /* pdm_img_10.png */; };
		58203B89160B45BC00694989 /* pdm_img_13.png in Resources */ = {isa = PBXBuildFile; fileRef = 58203B74160B45BC00694989 /* pdm_img_13.png */; };
		58203B8A160B45BC00694989 /* pdm_img_20.png in Resources */ = {isa = PBXBuildFile; fileRef = 58203B75160B45BC00694989 /* pdm_img_20.png */; };
		58203B8B160B45BC00694989 /* pdm_img_22.png in Resources */ = {isa = PBXBuildFile; fileRef = 58203B76160B45BC00694989 /* pdm_img_22.png */; };
		58203B8C160B45BC00694989 /* pdm_img_26.png in Resources */ = {isa = PBXBuildFile; fileRef = 58203B77160B45BC00694989 /* pdm_img_26.png */; };
		58203B8D160B45BC00694989 /* pdm_img_28.png in Resources */ = {isa = PBXBuildFile; fileRef = 58203B78160B45BC00694989 /* pdm_img_28.png */; };
		58203B8E160B45BC00694989 /* pdm_img_33.png in Resources */ = {isa = PBXBuildFile; fileRef = 58203B79160B45BC00694989 /* pdm_img_33.png */; };
		58203B8F160B45BC00694989 /* pdm_img_35.png in Resources */ = {isa = PBXBuildFile; fileRef = 58203B7A160B45BC00694989 /* pdm_img_35.png */; };
		58203B90160B45BC00694989 /* pdm_img_37.png in Resources */ = {isa = PBXBuildFile; fileRef = 58203B7B160B45BC00694989 /* pdm_img_37.png */; };
		58203B91160B45BC00694989 /* pdm_img_43.png in Resources */ = {isa = PBXBuildFile; fileRef = 58203B7C160B45BC00694989 /* pdm_img_43.png */; };
		58203B92160B45BC00694989 /* pdm_img_46.png in Resources */ = {isa = PBXBuildFile; fileRef = 58203B7D160B45BC00694989 /* pdm_img_46.png */; };
		58203B93160B45BC00694989 /* pdm_img_53.png in Resources */ = {isa = PBXBuildFile; fileRef = 58203B7E160B45BC00694989 /* pdm_img_53.png */; };
		58203B97160B5A3500694989 /* PopDateController.m in Sources */ = {isa = PBXBuildFile; fileRef = 58203B95160B5A3500694989 /* PopDateController.m */; };
		58203B98160B5A3500694989 /* PopDateController.xib in Resources */ = {isa = PBXBuildFile; fileRef = 58203B96160B5A3500694989 /* PopDateController.xib */; };
		5822E4EC1616E37A00A9A5BC /* PLI_PDT_M.m in Sources */ = {isa = PBXBuildFile; fileRef = 5822E4EB1616E37A00A9A5BC /* PLI_PDT_M.m */; };
		5822E4EF1616E88A00A9A5BC /* PK_CLASS.m in Sources */ = {isa = PBXBuildFile; fileRef = 5822E4EE1616E88A00A9A5BC /* PK_CLASS.m */; };
		5822E4F21616E8F500A9A5BC /* PLI_PDTRATE.m in Sources */ = {isa = PBXBuildFile; fileRef = 5822E4F11616E8F500A9A5BC /* PLI_PDTRATE.m */; };
		5822E4F51616E9D200A9A5BC /* PLI_PDTYEAR.m in Sources */ = {isa = PBXBuildFile; fileRef = 5822E4F41616E9D200A9A5BC /* PLI_PDTYEAR.m */; };
		5822E4F81616EE1900A9A5BC /* VOCATIONLEVEL.m in Sources */ = {isa = PBXBuildFile; fileRef = 5822E4F71616EE1900A9A5BC /* VOCATIONLEVEL.m */; };
		5822E4FB1617020500A9A5BC /* PLI_PDTAMTRANGE.m in Sources */ = {isa = PBXBuildFile; fileRef = 5822E4FA1617020500A9A5BC /* PLI_PDTAMTRANGE.m */; };
		5822E4FE1617029500A9A5BC /* PLI_PDTRATEDIFF.m in Sources */ = {isa = PBXBuildFile; fileRef = 5822E4FD1617029500A9A5BC /* PLI_PDTRATEDIFF.m */; };
		5822E5011617036600A9A5BC /* CALCSETTING.m in Sources */ = {isa = PBXBuildFile; fileRef = 5822E5001617036600A9A5BC /* CALCSETTING.m */; };
		5825C8FA160DA80C001A6EAC /* full2_15(1).png in Resources */ = {isa = PBXBuildFile; fileRef = 5825C8F9160DA80C001A6EAC /* full2_15(1).png */; };
		5825C8FC160DA999001A6EAC /* full2_17(1).png in Resources */ = {isa = PBXBuildFile; fileRef = 5825C8FB160DA999001A6EAC /* full2_17(1).png */; };
		582B00BF1609FA90008C453E /* bg.png in Resources */ = {isa = PBXBuildFile; fileRef = 582B00AD1609FA90008C453E /* bg.png */; };
		582B00D3160A00E8008C453E /* ProductCell.m in Sources */ = {isa = PBXBuildFile; fileRef = 582B00D2160A00E8008C453E /* ProductCell.m */; };
		582B00D5160A011C008C453E /* ProductCell.xib in Resources */ = {isa = PBXBuildFile; fileRef = 582B00D4160A011C008C453E /* ProductCell.xib */; };
		582B00D8160A0306008C453E /* ProductSectionView.m in Sources */ = {isa = PBXBuildFile; fileRef = 582B00D7160A0306008C453E /* ProductSectionView.m */; };
		582B00DA160A0334008C453E /* ProductSectionView.xib in Resources */ = {isa = PBXBuildFile; fileRef = 582B00D9160A0334008C453E /* ProductSectionView.xib */; };
		582E300216184AEB00180CE9 /* unit_40.png in Resources */ = {isa = PBXBuildFile; fileRef = 582E300116184AEB00180CE9 /* unit_40.png */; };
		5833A33F160F59FA005D5F18 /* full2_56.png in Resources */ = {isa = PBXBuildFile; fileRef = 5833A33E160F59FA005D5F18 /* full2_56.png */; };
		5833F7EC160C99AE00197F12 /* pdm_img_08 (2).png in Resources */ = {isa = PBXBuildFile; fileRef = 5833F7E6160C99AE00197F12 /* pdm_img_08 (2).png */; };
		5833F7ED160C99AE00197F12 /* pdm_img_08 2.png in Resources */ = {isa = PBXBuildFile; fileRef = 5833F7E7160C99AE00197F12 /* pdm_img_08 2.png */; };
		5833F7EE160C99AE00197F12 /* pdm_img_09 (2).png in Resources */ = {isa = PBXBuildFile; fileRef = 5833F7E8160C99AE00197F12 /* pdm_img_09 (2).png */; };
		5833F7EF160C99AE00197F12 /* pdm_img_09 2.png in Resources */ = {isa = PBXBuildFile; fileRef = 5833F7E9160C99AE00197F12 /* pdm_img_09 2.png */; };
		5833F7F0160C99AE00197F12 /* pdm_img_10 (2).png in Resources */ = {isa = PBXBuildFile; fileRef = 5833F7EA160C99AE00197F12 /* pdm_img_10 (2).png */; };
		5833F7F1160C99AE00197F12 /* pdm_img_10 2.png in Resources */ = {isa = PBXBuildFile; fileRef = 5833F7EB160C99AE00197F12 /* pdm_img_10 2.png */; };
		5833F7F4160C99CB00197F12 /* pdm_img_15.png in Resources */ = {isa = PBXBuildFile; fileRef = 5833F7F3160C99CB00197F12 /* pdm_img_15.png */; };
		5833F7F7160C9D8B00197F12 /* pdm_img_46 2.png in Resources */ = {isa = PBXBuildFile; fileRef = 5833F7F5160C9D8B00197F12 /* pdm_img_46 2.png */; };
		5833F7F8160C9D8B00197F12 /* pdm_img_49 2.png in Resources */ = {isa = PBXBuildFile; fileRef = 5833F7F6160C9D8B00197F12 /* pdm_img_49 2.png */; };
		5833F7FF160CA2C800197F12 /* PopComboController.m in Sources */ = {isa = PBXBuildFile; fileRef = 5833F7FD160CA2C800197F12 /* PopComboController.m */; };
		5833F800160CA2C800197F12 /* PopComboController.xib in Resources */ = {isa = PBXBuildFile; fileRef = 5833F7FE160CA2C800197F12 /* PopComboController.xib */; };
		5846A41C16147EF300596F4B /* Default.png in Resources */ = {isa = PBXBuildFile; fileRef = 5846A41B16147EF300596F4B /* Default.png */; };
		5846A41E161481A600596F4B /* icon.png in Resources */ = {isa = PBXBuildFile; fileRef = 5846A41D161481A600596F4B /* icon.png */; };
		585EFF07160E071600D75C7F /* libxml2.2.dylib in Frameworks */ = {isa = PBXBuildFile; fileRef = 585EFF06160E071600D75C7F /* libxml2.2.dylib */; };
		587943561600C64400EE61CC /* MainPageController.m in Sources */ = {isa = PBXBuildFile; fileRef = 587943541600C64400EE61CC /* MainPageController.m */; };
		5879435E1600CFB400EE61CC /* MainPageController.xib in Resources */ = {isa = PBXBuildFile; fileRef = 5879435D1600CFB400EE61CC /* MainPageController.xib */; };
		589579A8160482E200609C0F /* glacierapplication.sqlite3 in Resources */ = {isa = PBXBuildFile; fileRef = 589579A7160482E200609C0F /* glacierapplication.sqlite3 */; };
		58EB36061603668D00FF668B /* SKLSlider.m in Sources */ = {isa = PBXBuildFile; fileRef = 58EB36031603668D00FF668B /* SKLSlider.m */; };
		58EB36071603668D00FF668B /* UIView+SKLCurrentImage.m in Sources */ = {isa = PBXBuildFile; fileRef = 58EB36051603668D00FF668B /* UIView+SKLCurrentImage.m */; };
		58EB360A1603684200FF668B /* MessageUI.framework in Frameworks */ = {isa = PBXBuildFile; fileRef = 58EB36091603684200FF668B /* MessageUI.framework */; };
		58EDDE1815D5F8D300D9AADC /* libGlacierFramework.a in Frameworks */ = {isa = PBXBuildFile; fileRef = 58EDDE1715D5F8D300D9AADC /* libGlacierFramework.a */; };
		58F8FB161608BE6D00381A50 /* ResultModel.m in Sources */ = {isa = PBXBuildFile; fileRef = 58F8FB151608BE6D00381A50 /* ResultModel.m */; };
		DD865D8815B1465C00817FE9 /* libsqlite3.0.dylib in Frameworks */ = {isa = PBXBuildFile; fileRef = DD865D8715B1465C00817FE9 /* libsqlite3.0.dylib */; };
		DD867D4C15ADC48000BEF6E8 /* UIKit.framework in Frameworks */ = {isa = PBXBuildFile; fileRef = DD867D4B15ADC48000BEF6E8 /* UIKit.framework */; };
		DD867D4E15ADC48000BEF6E8 /* Foundation.framework in Frameworks */ = {isa = PBXBuildFile; fileRef = DD867D4D15ADC48000BEF6E8 /* Foundation.framework */; };
		DD867D5015ADC48000BEF6E8 /* CoreGraphics.framework in Frameworks */ = {isa = PBXBuildFile; fileRef = DD867D4F15ADC48000BEF6E8 /* CoreGraphics.framework */; };
		DD867D5615ADC48000BEF6E8 /* InfoPlist.strings in Resources */ = {isa = PBXBuildFile; fileRef = DD867D5415ADC48000BEF6E8 /* InfoPlist.strings */; };
		DD867D5815ADC48000BEF6E8 /* main.m in Sources */ = {isa = PBXBuildFile; fileRef = DD867D5715ADC48000BEF6E8 /* main.m */; };
		DD867D5C15ADC48000BEF6E8 /* AppDelegate.m in Sources */ = {isa = PBXBuildFile; fileRef = DD867D5B15ADC48000BEF6E8 /* AppDelegate.m */; };
		DDBC22FD15AF2B4500457BB3 /* CFNetwork.framework in Frameworks */ = {isa = PBXBuildFile; fileRef = DDBC22F915AF2B4500457BB3 /* CFNetwork.framework */; };
		DDBC22FE15AF2B4500457BB3 /* SystemConfiguration.framework in Frameworks */ = {isa = PBXBuildFile; fileRef = DDBC22FA15AF2B4500457BB3 /* SystemConfiguration.framework */; };
		DDBC22FF15AF2B4500457BB3 /* MobileCoreServices.framework in Frameworks */ = {isa = PBXBuildFile; fileRef = DDBC22FB15AF2B4500457BB3 /* MobileCoreServices.framework */; };
		DDBC230015AF2B4500457BB3 /* libz.dylib in Frameworks */ = {isa = PBXBuildFile; fileRef = DDBC22FC15AF2B4500457BB3 /* libz.dylib */; };
/* End PBXBuildFile section */

/* Begin PBXFileReference section */
		580200BB15D607F1002A854F /* Security.framework */ = {isa = PBXFileReference; lastKnownFileType = wrapper.framework; name = Security.framework; path = System/Library/Frameworks/Security.framework; sourceTree = SDKROOT; };
		58203B6A160B45BC00694989 /* full2_15.png */ = {isa = PBXFileReference; lastKnownFileType = image.png; path = full2_15.png; sourceTree = "<group>"; };
		58203B6B160B45BC00694989 /* full2_17.png */ = {isa = PBXFileReference; lastKnownFileType = image.png; path = full2_17.png; sourceTree = "<group>"; };
		58203B6C160B45BC00694989 /* full2_50.png */ = {isa = PBXFileReference; lastKnownFileType = image.png; path = full2_50.png; sourceTree = "<group>"; };
		58203B6D160B45BC00694989 /* pdm_img_02.png */ = {isa = PBXFileReference; lastKnownFileType = image.png; path = pdm_img_02.png; sourceTree = "<group>"; };
		58203B6E160B45BC00694989 /* pdm_img_03.png */ = {isa = PBXFileReference; lastKnownFileType = image.png; path = pdm_img_03.png; sourceTree = "<group>"; };
		58203B6F160B45BC00694989 /* pdm_img_04.png */ = {isa = PBXFileReference; lastKnownFileType = image.png; path = pdm_img_04.png; sourceTree = "<group>"; };
		58203B70160B45BC00694989 /* pdm_img_05.png */ = {isa = PBXFileReference; lastKnownFileType = image.png; path = pdm_img_05.png; sourceTree = "<group>"; };
		58203B71160B45BC00694989 /* pdm_img_08.png */ = {isa = PBXFileReference; lastKnownFileType = image.png; path = pdm_img_08.png; sourceTree = "<group>"; };
		58203B72160B45BC00694989 /* pdm_img_09.png */ = {isa = PBXFileReference; lastKnownFileType = image.png; path = pdm_img_09.png; sourceTree = "<group>"; };
		58203B73160B45BC00694989 /* pdm_img_10.png */ = {isa = PBXFileReference; lastKnownFileType = image.png; path = pdm_img_10.png; sourceTree = "<group>"; };
		58203B74160B45BC00694989 /* pdm_img_13.png */ = {isa = PBXFileReference; lastKnownFileType = image.png; path = pdm_img_13.png; sourceTree = "<group>"; };
		58203B75160B45BC00694989 /* pdm_img_20.png */ = {isa = PBXFileReference; lastKnownFileType = image.png; path = pdm_img_20.png; sourceTree = "<group>"; };
		58203B76160B45BC00694989 /* pdm_img_22.png */ = {isa = PBXFileReference; lastKnownFileType = image.png; path = pdm_img_22.png; sourceTree = "<group>"; };
		58203B77160B45BC00694989 /* pdm_img_26.png */ = {isa = PBXFileReference; lastKnownFileType = image.png; path = pdm_img_26.png; sourceTree = "<group>"; };
		58203B78160B45BC00694989 /* pdm_img_28.png */ = {isa = PBXFileReference; lastKnownFileType = image.png; path = pdm_img_28.png; sourceTree = "<group>"; };
		58203B79160B45BC00694989 /* pdm_img_33.png */ = {isa = PBXFileReference; lastKnownFileType = image.png; path = pdm_img_33.png; sourceTree = "<group>"; };
		58203B7A160B45BC00694989 /* pdm_img_35.png */ = {isa = PBXFileReference; lastKnownFileType = image.png; path = pdm_img_35.png; sourceTree = "<group>"; };
		58203B7B160B45BC00694989 /* pdm_img_37.png */ = {isa = PBXFileReference; lastKnownFileType = image.png; path = pdm_img_37.png; sourceTree = "<group>"; };
		58203B7C160B45BC00694989 /* pdm_img_43.png */ = {isa = PBXFileReference; lastKnownFileType = image.png; path = pdm_img_43.png; sourceTree = "<group>"; };
		58203B7D160B45BC00694989 /* pdm_img_46.png */ = {isa = PBXFileReference; lastKnownFileType = image.png; path = pdm_img_46.png; sourceTree = "<group>"; };
		58203B7E160B45BC00694989 /* pdm_img_53.png */ = {isa = PBXFileReference; lastKnownFileType = image.png; path = pdm_img_53.png; sourceTree = "<group>"; };
		58203B94160B5A3500694989 /* PopDateController.h */ = {isa = PBXFileReference; fileEncoding = 4; lastKnownFileType = sourcecode.c.h; path = PopDateController.h; sourceTree = "<group>"; };
		58203B95160B5A3500694989 /* PopDateController.m */ = {isa = PBXFileReference; fileEncoding = 4; lastKnownFileType = sourcecode.c.objc; path = PopDateController.m; sourceTree = "<group>"; };
		58203B96160B5A3500694989 /* PopDateController.xib */ = {isa = PBXFileReference; fileEncoding = 4; lastKnownFileType = file.xib; path = PopDateController.xib; sourceTree = "<group>"; };
		5822E4EA1616E37A00A9A5BC /* PLI_PDT_M.h */ = {isa = PBXFileReference; fileEncoding = 4; lastKnownFileType = sourcecode.c.h; path = PLI_PDT_M.h; sourceTree = "<group>"; };
		5822E4EB1616E37A00A9A5BC /* PLI_PDT_M.m */ = {isa = PBXFileReference; fileEncoding = 4; lastKnownFileType = sourcecode.c.objc; path = PLI_PDT_M.m; sourceTree = "<group>"; };
		5822E4ED1616E88A00A9A5BC /* PK_CLASS.h */ = {isa = PBXFileReference; fileEncoding = 4; lastKnownFileType = sourcecode.c.h; path = PK_CLASS.h; sourceTree = "<group>"; };
		5822E4EE1616E88A00A9A5BC /* PK_CLASS.m */ = {isa = PBXFileReference; fileEncoding = 4; lastKnownFileType = sourcecode.c.objc; path = PK_CLASS.m; sourceTree = "<group>"; };
		5822E4F01616E8F500A9A5BC /* PLI_PDTRATE.h */ = {isa = PBXFileReference; fileEncoding = 4; lastKnownFileType = sourcecode.c.h; path = PLI_PDTRATE.h; sourceTree = "<group>"; };
		5822E4F11616E8F500A9A5BC /* PLI_PDTRATE.m */ = {isa = PBXFileReference; fileEncoding = 4; lastKnownFileType = sourcecode.c.objc; path = PLI_PDTRATE.m; sourceTree = "<group>"; };
		5822E4F31616E9D200A9A5BC /* PLI_PDTYEAR.h */ = {isa = PBXFileReference; fileEncoding = 4; lastKnownFileType = sourcecode.c.h; path = PLI_PDTYEAR.h; sourceTree = "<group>"; };
		5822E4F41616E9D200A9A5BC /* PLI_PDTYEAR.m */ = {isa = PBXFileReference; fileEncoding = 4; lastKnownFileType = sourcecode.c.objc; path = PLI_PDTYEAR.m; sourceTree = "<group>"; };
		5822E4F61616EE1900A9A5BC /* VOCATIONLEVEL.h */ = {isa = PBXFileReference; fileEncoding = 4; lastKnownFileType = sourcecode.c.h; path = VOCATIONLEVEL.h; sourceTree = "<group>"; };
		5822E4F71616EE1900A9A5BC /* VOCATIONLEVEL.m */ = {isa = PBXFileReference; fileEncoding = 4; lastKnownFileType = sourcecode.c.objc; path = VOCATIONLEVEL.m; sourceTree = "<group>"; };
		5822E4F91617020500A9A5BC /* PLI_PDTAMTRANGE.h */ = {isa = PBXFileReference; fileEncoding = 4; lastKnownFileType = sourcecode.c.h; path = PLI_PDTAMTRANGE.h; sourceTree = "<group>"; };
		5822E4FA1617020500A9A5BC /* PLI_PDTAMTRANGE.m */ = {isa = PBXFileReference; fileEncoding = 4; lastKnownFileType = sourcecode.c.objc; path = PLI_PDTAMTRANGE.m; sourceTree = "<group>"; };
		5822E4FC1617029400A9A5BC /* PLI_PDTRATEDIFF.h */ = {isa = PBXFileReference; fileEncoding = 4; lastKnownFileType = sourcecode.c.h; path = PLI_PDTRATEDIFF.h; sourceTree = "<group>"; };
		5822E4FD1617029500A9A5BC /* PLI_PDTRATEDIFF.m */ = {isa = PBXFileReference; fileEncoding = 4; lastKnownFileType = sourcecode.c.objc; path = PLI_PDTRATEDIFF.m; sourceTree = "<group>"; };
		5822E4FF1617036500A9A5BC /* CALCSETTING.h */ = {isa = PBXFileReference; fileEncoding = 4; lastKnownFileType = sourcecode.c.h; path = CALCSETTING.h; sourceTree = "<group>"; };
		5822E5001617036600A9A5BC /* CALCSETTING.m */ = {isa = PBXFileReference; fileEncoding = 4; lastKnownFileType = sourcecode.c.objc; path = CALCSETTING.m; sourceTree = "<group>"; };
		5825C8F9160DA80C001A6EAC /* full2_15(1).png */ = {isa = PBXFileReference; lastKnownFileType = image.png; path = "full2_15(1).png"; sourceTree = "<group>"; };
		5825C8FB160DA999001A6EAC /* full2_17(1).png */ = {isa = PBXFileReference; lastKnownFileType = image.png; path = "full2_17(1).png"; sourceTree = "<group>"; };
		582B00AD1609FA90008C453E /* bg.png */ = {isa = PBXFileReference; lastKnownFileType = image.png; path = bg.png; sourceTree = "<group>"; };
		582B00D1160A00E8008C453E /* ProductCell.h */ = {isa = PBXFileReference; fileEncoding = 4; lastKnownFileType = sourcecode.c.h; name = ProductCell.h; path = GlacierApplication/MainPage/View/ProductCell.h; sourceTree = SOURCE_ROOT; };
		582B00D2160A00E8008C453E /* ProductCell.m */ = {isa = PBXFileReference; fileEncoding = 4; lastKnownFileType = sourcecode.c.objc; name = ProductCell.m; path = GlacierApplication/MainPage/View/ProductCell.m; sourceTree = SOURCE_ROOT; };
		582B00D4160A011C008C453E /* ProductCell.xib */ = {isa = PBXFileReference; fileEncoding = 4; lastKnownFileType = file.xib; name = ProductCell.xib; path = GlacierApplication/MainPage/View/ProductCell.xib; sourceTree = SOURCE_ROOT; };
		582B00D6160A0306008C453E /* ProductSectionView.h */ = {isa = PBXFileReference; fileEncoding = 4; lastKnownFileType = sourcecode.c.h; name = ProductSectionView.h; path = GlacierApplication/MainPage/View/ProductSectionView.h; sourceTree = SOURCE_ROOT; };
		582B00D7160A0306008C453E /* ProductSectionView.m */ = {isa = PBXFileReference; fileEncoding = 4; lastKnownFileType = sourcecode.c.objc; name = ProductSectionView.m; path = GlacierApplication/MainPage/View/ProductSectionView.m; sourceTree = SOURCE_ROOT; };
		582B00D9160A0334008C453E /* ProductSectionView.xib */ = {isa = PBXFileReference; fileEncoding = 4; lastKnownFileType = file.xib; name = ProductSectionView.xib; path = GlacierApplication/MainPage/View/ProductSectionView.xib; sourceTree = SOURCE_ROOT; };
		582E300116184AEB00180CE9 /* unit_40.png */ = {isa = PBXFileReference; lastKnownFileType = image.png; path = unit_40.png; sourceTree = "<group>"; };
		5833A33E160F59FA005D5F18 /* full2_56.png */ = {isa = PBXFileReference; lastKnownFileType = image.png; path = full2_56.png; sourceTree = "<group>"; };
		5833F7E6160C99AE00197F12 /* pdm_img_08 (2).png */ = {isa = PBXFileReference; lastKnownFileType = image.png; path = "pdm_img_08 (2).png"; sourceTree = "<group>"; };
		5833F7E7160C99AE00197F12 /* pdm_img_08 2.png */ = {isa = PBXFileReference; lastKnownFileType = image.png; path = "pdm_img_08 2.png"; sourceTree = "<group>"; };
		5833F7E8160C99AE00197F12 /* pdm_img_09 (2).png */ = {isa = PBXFileReference; lastKnownFileType = image.png; path = "pdm_img_09 (2).png"; sourceTree = "<group>"; };
		5833F7E9160C99AE00197F12 /* pdm_img_09 2.png */ = {isa = PBXFileReference; lastKnownFileType = image.png; path = "pdm_img_09 2.png"; sourceTree = "<group>"; };
		5833F7EA160C99AE00197F12 /* pdm_img_10 (2).png */ = {isa = PBXFileReference; lastKnownFileType = image.png; path = "pdm_img_10 (2).png"; sourceTree = "<group>"; };
		5833F7EB160C99AE00197F12 /* pdm_img_10 2.png */ = {isa = PBXFileReference; lastKnownFileType = image.png; path = "pdm_img_10 2.png"; sourceTree = "<group>"; };
		5833F7F3160C99CB00197F12 /* pdm_img_15.png */ = {isa = PBXFileReference; lastKnownFileType = image.png; path = pdm_img_15.png; sourceTree = "<group>"; };
		5833F7F5160C9D8B00197F12 /* pdm_img_46 2.png */ = {isa = PBXFileReference; lastKnownFileType = image.png; path = "pdm_img_46 2.png"; sourceTree = "<group>"; };
		5833F7F6160C9D8B00197F12 /* pdm_img_49 2.png */ = {isa = PBXFileReference; lastKnownFileType = image.png; path = "pdm_img_49 2.png"; sourceTree = "<group>"; };
		5833F7FC160CA2C800197F12 /* PopComboController.h */ = {isa = PBXFileReference; fileEncoding = 4; lastKnownFileType = sourcecode.c.h; path = PopComboController.h; sourceTree = "<group>"; };
		5833F7FD160CA2C800197F12 /* PopComboController.m */ = {isa = PBXFileReference; fileEncoding = 4; lastKnownFileType = sourcecode.c.objc; path = PopComboController.m; sourceTree = "<group>"; };
		5833F7FE160CA2C800197F12 /* PopComboController.xib */ = {isa = PBXFileReference; fileEncoding = 4; lastKnownFileType = file.xib; path = PopComboController.xib; sourceTree = "<group>"; };
		5846A41B16147EF300596F4B /* Default.png */ = {isa = PBXFileReference; lastKnownFileType = image.png; path = Default.png; sourceTree = "<group>"; };
		5846A41D161481A600596F4B /* icon.png */ = {isa = PBXFileReference; lastKnownFileType = image.png; path = icon.png; sourceTree = "<group>"; };
		585EFF06160E071600D75C7F /* libxml2.2.dylib */ = {isa = PBXFileReference; lastKnownFileType = "compiled.mach-o.dylib"; name = libxml2.2.dylib; path = usr/lib/libxml2.2.dylib; sourceTree = SDKROOT; };
		587943531600C64400EE61CC /* MainPageController.h */ = {isa = PBXFileReference; fileEncoding = 4; lastKnownFileType = sourcecode.c.h; path = MainPageController.h; sourceTree = "<group>"; };
		587943541600C64400EE61CC /* MainPageController.m */ = {isa = PBXFileReference; fileEncoding = 4; lastKnownFileType = sourcecode.c.objc; path = MainPageController.m; sourceTree = "<group>"; };
		5879435D1600CFB400EE61CC /* MainPageController.xib */ = {isa = PBXFileReference; fileEncoding = 4; lastKnownFileType = file.xib; path = MainPageController.xib; sourceTree = "<group>"; };
		589579A7160482E200609C0F /* glacierapplication.sqlite3 */ = {isa = PBXFileReference; lastKnownFileType = file; path = glacierapplication.sqlite3; sourceTree = "<group>"; };
		58EB36021603668D00FF668B /* SKLSlider.h */ = {isa = PBXFileReference; fileEncoding = 4; lastKnownFileType = sourcecode.c.h; name = SKLSlider.h; path = GlacierApplication/MainPage/View/SKLSlider.h; sourceTree = SOURCE_ROOT; };
		58EB36031603668D00FF668B /* SKLSlider.m */ = {isa = PBXFileReference; fileEncoding = 4; lastKnownFileType = sourcecode.c.objc; name = SKLSlider.m; path = GlacierApplication/MainPage/View/SKLSlider.m; sourceTree = SOURCE_ROOT; };
		58EB36041603668D00FF668B /* UIView+SKLCurrentImage.h */ = {isa = PBXFileReference; fileEncoding = 4; lastKnownFileType = sourcecode.c.h; name = "UIView+SKLCurrentImage.h"; path = "GlacierApplication/MainPage/View/UIView+SKLCurrentImage.h"; sourceTree = SOURCE_ROOT; };
		58EB36051603668D00FF668B /* UIView+SKLCurrentImage.m */ = {isa = PBXFileReference; fileEncoding = 4; lastKnownFileType = sourcecode.c.objc; name = "UIView+SKLCurrentImage.m"; path = "GlacierApplication/MainPage/View/UIView+SKLCurrentImage.m"; sourceTree = SOURCE_ROOT; };
		58EB36091603684200FF668B /* MessageUI.framework */ = {isa = PBXFileReference; lastKnownFileType = wrapper.framework; name = MessageUI.framework; path = System/Library/Frameworks/MessageUI.framework; sourceTree = SDKROOT; };
		58EDDE1715D5F8D300D9AADC /* libGlacierFramework.a */ = {isa = PBXFileReference; lastKnownFileType = archive.ar; path = libGlacierFramework.a; sourceTree = BUILT_PRODUCTS_DIR; };
		58F8FB141608BE6D00381A50 /* ResultModel.h */ = {isa = PBXFileReference; fileEncoding = 4; lastKnownFileType = sourcecode.c.h; path = ResultModel.h; sourceTree = "<group>"; };
		58F8FB151608BE6D00381A50 /* ResultModel.m */ = {isa = PBXFileReference; fileEncoding = 4; lastKnownFileType = sourcecode.c.objc; path = ResultModel.m; sourceTree = "<group>"; };
		DD865D8715B1465C00817FE9 /* libsqlite3.0.dylib */ = {isa = PBXFileReference; lastKnownFileType = "compiled.mach-o.dylib"; name = libsqlite3.0.dylib; path = usr/lib/libsqlite3.0.dylib; sourceTree = SDKROOT; };
		DD867D4715ADC48000BEF6E8 /* GlacierApplication.app */ = {isa = PBXFileReference; explicitFileType = wrapper.application; includeInIndex = 0; path = GlacierApplication.app; sourceTree = BUILT_PRODUCTS_DIR; };
		DD867D4B15ADC48000BEF6E8 /* UIKit.framework */ = {isa = PBXFileReference; lastKnownFileType = wrapper.framework; name = UIKit.framework; path = System/Library/Frameworks/UIKit.framework; sourceTree = SDKROOT; };
		DD867D4D15ADC48000BEF6E8 /* Foundation.framework */ = {isa = PBXFileReference; lastKnownFileType = wrapper.framework; name = Foundation.framework; path = System/Library/Frameworks/Foundation.framework; sourceTree = SDKROOT; };
		DD867D4F15ADC48000BEF6E8 /* CoreGraphics.framework */ = {isa = PBXFileReference; lastKnownFileType = wrapper.framework; name = CoreGraphics.framework; path = System/Library/Frameworks/CoreGraphics.framework; sourceTree = SDKROOT; };
		DD867D5315ADC48000BEF6E8 /* GlacierApplication-Info.plist */ = {isa = PBXFileReference; lastKnownFileType = text.plist.xml; path = "GlacierApplication-Info.plist"; sourceTree = "<group>"; };
		DD867D5515ADC48000BEF6E8 /* en */ = {isa = PBXFileReference; lastKnownFileType = text.plist.strings; name = en; path = en.lproj/InfoPlist.strings; sourceTree = "<group>"; };
		DD867D5715ADC48000BEF6E8 /* main.m */ = {isa = PBXFileReference; lastKnownFileType = sourcecode.c.objc; path = main.m; sourceTree = "<group>"; };
		DD867D5915ADC48000BEF6E8 /* GlacierApplication-Prefix.pch */ = {isa = PBXFileReference; lastKnownFileType = sourcecode.c.h; path = "GlacierApplication-Prefix.pch"; sourceTree = "<group>"; };
		DD867D5A15ADC48000BEF6E8 /* AppDelegate.h */ = {isa = PBXFileReference; lastKnownFileType = sourcecode.c.h; path = AppDelegate.h; sourceTree = "<group>"; };
		DD867D5B15ADC48000BEF6E8 /* AppDelegate.m */ = {isa = PBXFileReference; lastKnownFileType = sourcecode.c.objc; path = AppDelegate.m; sourceTree = "<group>"; };
		DDBC22F915AF2B4500457BB3 /* CFNetwork.framework */ = {isa = PBXFileReference; lastKnownFileType = wrapper.framework; name = CFNetwork.framework; path = System/Library/Frameworks/CFNetwork.framework; sourceTree = SDKROOT; };
		DDBC22FA15AF2B4500457BB3 /* SystemConfiguration.framework */ = {isa = PBXFileReference; lastKnownFileType = wrapper.framework; name = SystemConfiguration.framework; path = System/Library/Frameworks/SystemConfiguration.framework; sourceTree = SDKROOT; };
		DDBC22FB15AF2B4500457BB3 /* MobileCoreServices.framework */ = {isa = PBXFileReference; lastKnownFileType = wrapper.framework; name = MobileCoreServices.framework; path = System/Library/Frameworks/MobileCoreServices.framework; sourceTree = SDKROOT; };
		DDBC22FC15AF2B4500457BB3 /* libz.dylib */ = {isa = PBXFileReference; lastKnownFileType = "compiled.mach-o.dylib"; name = libz.dylib; path = usr/lib/libz.dylib; sourceTree = SDKROOT; };
/* End PBXFileReference section */

/* Begin PBXFrameworksBuildPhase section */
		DD867D4415ADC48000BEF6E8 /* Frameworks */ = {
			isa = PBXFrameworksBuildPhase;
			buildActionMask = 2147483647;
			files = (
				585EFF07160E071600D75C7F /* libxml2.2.dylib in Frameworks */,
				58EB360A1603684200FF668B /* MessageUI.framework in Frameworks */,
				580200BC15D607F1002A854F /* Security.framework in Frameworks */,
				58EDDE1815D5F8D300D9AADC /* libGlacierFramework.a in Frameworks */,
				DD865D8815B1465C00817FE9 /* libsqlite3.0.dylib in Frameworks */,
				DD867D4C15ADC48000BEF6E8 /* UIKit.framework in Frameworks */,
				DD867D4E15ADC48000BEF6E8 /* Foundation.framework in Frameworks */,
				DD867D5015ADC48000BEF6E8 /* CoreGraphics.framework in Frameworks */,
				DDBC22FD15AF2B4500457BB3 /* CFNetwork.framework in Frameworks */,
				DDBC22FE15AF2B4500457BB3 /* SystemConfiguration.framework in Frameworks */,
				DDBC22FF15AF2B4500457BB3 /* MobileCoreServices.framework in Frameworks */,
				DDBC230015AF2B4500457BB3 /* libz.dylib in Frameworks */,
			);
			runOnlyForDeploymentPostprocessing = 0;
		};
/* End PBXFrameworksBuildPhase section */

/* Begin PBXGroup section */
		582B00AB1609FA6E008C453E /* img */ = {
			isa = PBXGroup;
			children = (
				582E300116184AEB00180CE9 /* unit_40.png */,
				5833F7F3160C99CB00197F12 /* pdm_img_15.png */,
				5833F7E6160C99AE00197F12 /* pdm_img_08 (2).png */,
				5833F7E7160C99AE00197F12 /* pdm_img_08 2.png */,
				5833F7E8160C99AE00197F12 /* pdm_img_09 (2).png */,
				5833F7E9160C99AE00197F12 /* pdm_img_09 2.png */,
				5833F7EA160C99AE00197F12 /* pdm_img_10 (2).png */,
				5833F7EB160C99AE00197F12 /* pdm_img_10 2.png */,
				5825C8F9160DA80C001A6EAC /* full2_15(1).png */,
				58203B6A160B45BC00694989 /* full2_15.png */,
				5825C8FB160DA999001A6EAC /* full2_17(1).png */,
				58203B6B160B45BC00694989 /* full2_17.png */,
				58203B6C160B45BC00694989 /* full2_50.png */,
				5833A33E160F59FA005D5F18 /* full2_56.png */,
				58203B6D160B45BC00694989 /* pdm_img_02.png */,
				58203B6E160B45BC00694989 /* pdm_img_03.png */,
				58203B6F160B45BC00694989 /* pdm_img_04.png */,
				58203B70160B45BC00694989 /* pdm_img_05.png */,
				58203B71160B45BC00694989 /* pdm_img_08.png */,
				58203B72160B45BC00694989 /* pdm_img_09.png */,
				58203B73160B45BC00694989 /* pdm_img_10.png */,
				58203B74160B45BC00694989 /* pdm_img_13.png */,
				58203B75160B45BC00694989 /* pdm_img_20.png */,
				58203B76160B45BC00694989 /* pdm_img_22.png */,
				58203B77160B45BC00694989 /* pdm_img_26.png */,
				58203B78160B45BC00694989 /* pdm_img_28.png */,
				58203B79160B45BC00694989 /* pdm_img_33.png */,
				58203B7A160B45BC00694989 /* pdm_img_35.png */,
				58203B7B160B45BC00694989 /* pdm_img_37.png */,
				58203B7C160B45BC00694989 /* pdm_img_43.png */,
				58203B7D160B45BC00694989 /* pdm_img_46.png */,
				58203B7E160B45BC00694989 /* pdm_img_53.png */,
				5833F7F5160C9D8B00197F12 /* pdm_img_46 2.png */,
				5833F7F6160C9D8B00197F12 /* pdm_img_49 2.png */,
				582B00AD1609FA90008C453E /* bg.png */,
			);
			path = img;
			sourceTree = "<group>";
		};
		587943521600C61F00EE61CC /* Controller */ = {
			isa = PBXGroup;
			children = (
				587943531600C64400EE61CC /* MainPageController.h */,
				587943541600C64400EE61CC /* MainPageController.m */,
				5879435D1600CFB400EE61CC /* MainPageController.xib */,
				58203B94160B5A3500694989 /* PopDateController.h */,
				58203B95160B5A3500694989 /* PopDateController.m */,
				58203B96160B5A3500694989 /* PopDateController.xib */,
				5833F7FC160CA2C800197F12 /* PopComboController.h */,
				5833F7FD160CA2C800197F12 /* PopComboController.m */,
				5833F7FE160CA2C800197F12 /* PopComboController.xib */,
			);
			name = Controller;
			path = GlacierApplication/MainPage/Controller;
			sourceTree = SOURCE_ROOT;
		};
		58EB35E51602264B00FF668B /* Model */ = {
			isa = PBXGroup;
			children = (
				58F8FB141608BE6D00381A50 /* ResultModel.h */,
				58F8FB151608BE6D00381A50 /* ResultModel.m */,
				5822E4EA1616E37A00A9A5BC /* PLI_PDT_M.h */,
				5822E4EB1616E37A00A9A5BC /* PLI_PDT_M.m */,
				5822E4ED1616E88A00A9A5BC /* PK_CLASS.h */,
				5822E4EE1616E88A00A9A5BC /* PK_CLASS.m */,
				5822E4F01616E8F500A9A5BC /* PLI_PDTRATE.h */,
				5822E4F11616E8F500A9A5BC /* PLI_PDTRATE.m */,
				5822E4F31616E9D200A9A5BC /* PLI_PDTYEAR.h */,
				5822E4F41616E9D200A9A5BC /* PLI_PDTYEAR.m */,
				5822E4F61616EE1900A9A5BC /* VOCATIONLEVEL.h */,
				5822E4F71616EE1900A9A5BC /* VOCATIONLEVEL.m */,
				5822E4F91617020500A9A5BC /* PLI_PDTAMTRANGE.h */,
				5822E4FA1617020500A9A5BC /* PLI_PDTAMTRANGE.m */,
				5822E4FC1617029400A9A5BC /* PLI_PDTRATEDIFF.h */,
				5822E4FD1617029500A9A5BC /* PLI_PDTRATEDIFF.m */,
				5822E4FF1617036500A9A5BC /* CALCSETTING.h */,
				5822E5001617036600A9A5BC /* CALCSETTING.m */,
			);
			name = Model;
			path = GlacierApplication/MainPage/Model;
			sourceTree = SOURCE_ROOT;
		};
		58EB35F81602347700FF668B /* Resource */ = {
			isa = PBXGroup;
			children = (
				582B00AB1609FA6E008C453E /* img */,
				589579A7160482E200609C0F /* glacierapplication.sqlite3 */,
			);
			path = Resource;
			sourceTree = "<group>";
		};
		DD867D3C15ADC48000BEF6E8 = {
			isa = PBXGroup;
			children = (
				5846A41D161481A600596F4B /* icon.png */,
				5846A41B16147EF300596F4B /* Default.png */,
				DD867D5115ADC48000BEF6E8 /* GlacierApplication */,
				DD867D4A15ADC48000BEF6E8 /* Frameworks */,
				DD867D4815ADC48000BEF6E8 /* Products */,
			);
			sourceTree = "<group>";
		};
		DD867D4815ADC48000BEF6E8 /* Products */ = {
			isa = PBXGroup;
			children = (
				DD867D4715ADC48000BEF6E8 /* GlacierApplication.app */,
			);
			name = Products;
			sourceTree = "<group>";
		};
		DD867D4A15ADC48000BEF6E8 /* Frameworks */ = {
			isa = PBXGroup;
			children = (
				58EDDE1715D5F8D300D9AADC /* libGlacierFramework.a */,
				585EFF06160E071600D75C7F /* libxml2.2.dylib */,
				DDBC22FC15AF2B4500457BB3 /* libz.dylib */,
				DD865D8715B1465C00817FE9 /* libsqlite3.0.dylib */,
				58EB36091603684200FF668B /* MessageUI.framework */,
				580200BB15D607F1002A854F /* Security.framework */,
				DDBC22F915AF2B4500457BB3 /* CFNetwork.framework */,
				DDBC22FA15AF2B4500457BB3 /* SystemConfiguration.framework */,
				DDBC22FB15AF2B4500457BB3 /* MobileCoreServices.framework */,
				DD867D4B15ADC48000BEF6E8 /* UIKit.framework */,
				DD867D4D15ADC48000BEF6E8 /* Foundation.framework */,
				DD867D4F15ADC48000BEF6E8 /* CoreGraphics.framework */,
			);
			name = Frameworks;
			sourceTree = "<group>";
		};
		DD867D5115ADC48000BEF6E8 /* GlacierApplication */ = {
			isa = PBXGroup;
			children = (
				DD867D5A15ADC48000BEF6E8 /* AppDelegate.h */,
				DD867D5B15ADC48000BEF6E8 /* AppDelegate.m */,
				DDE8890D15B265BB00C66888 /* MainPage */,
				58EB35F81602347700FF668B /* Resource */,
				DD867D5215ADC48000BEF6E8 /* Supporting Files */,
			);
			path = GlacierApplication;
			sourceTree = "<group>";
		};
		DD867D5215ADC48000BEF6E8 /* Supporting Files */ = {
			isa = PBXGroup;
			children = (
				DD867D5315ADC48000BEF6E8 /* GlacierApplication-Info.plist */,
				DD867D5415ADC48000BEF6E8 /* InfoPlist.strings */,
				DD867D5715ADC48000BEF6E8 /* main.m */,
				DD867D5915ADC48000BEF6E8 /* GlacierApplication-Prefix.pch */,
			);
			name = "Supporting Files";
			sourceTree = "<group>";
		};
		DDE8890D15B265BB00C66888 /* MainPage */ = {
			isa = PBXGroup;
			children = (
				587943521600C61F00EE61CC /* Controller */,
				58EB35E51602264B00FF668B /* Model */,
				DDE8891315B265BB00C66888 /* View */,
			);
			name = MainPage;
			path = Logo;
			sourceTree = "<group>";
		};
		DDE8891315B265BB00C66888 /* View */ = {
			isa = PBXGroup;
			children = (
				58EB36021603668D00FF668B /* SKLSlider.h */,
				58EB36031603668D00FF668B /* SKLSlider.m */,
				58EB36041603668D00FF668B /* UIView+SKLCurrentImage.h */,
				58EB36051603668D00FF668B /* UIView+SKLCurrentImage.m */,
				582B00D1160A00E8008C453E /* ProductCell.h */,
				582B00D2160A00E8008C453E /* ProductCell.m */,
				582B00D4160A011C008C453E /* ProductCell.xib */,
				582B00D6160A0306008C453E /* ProductSectionView.h */,
				582B00D7160A0306008C453E /* ProductSectionView.m */,
				582B00D9160A0334008C453E /* ProductSectionView.xib */,
			);
			path = View;
			sourceTree = "<group>";
		};
/* End PBXGroup section */

/* Begin PBXNativeTarget section */
		DD867D4615ADC48000BEF6E8 /* GlacierApplication */ = {
			isa = PBXNativeTarget;
			buildConfigurationList = DD867D6515ADC48000BEF6E8 /* Build configuration list for PBXNativeTarget "GlacierApplication" */;
			buildPhases = (
				DD867D4315ADC48000BEF6E8 /* Sources */,
				DD867D4415ADC48000BEF6E8 /* Frameworks */,
				DD867D4515ADC48000BEF6E8 /* Resources */,
			);
			buildRules = (
			);
			dependencies = (
			);
			name = GlacierApplication;
			productName = GlacierApplication;
			productReference = DD867D4715ADC48000BEF6E8 /* GlacierApplication.app */;
			productType = "com.apple.product-type.application";
		};
/* End PBXNativeTarget section */

/* Begin PBXProject section */
		DD867D3E15ADC48000BEF6E8 /* Project object */ = {
			isa = PBXProject;
			attributes = {
				LastUpgradeCheck = 0430;
				ORGANIZATIONNAME = Glacier;
			};
			buildConfigurationList = DD867D4115ADC48000BEF6E8 /* Build configuration list for PBXProject "GlacierApplication" */;
			compatibilityVersion = "Xcode 3.2";
			developmentRegion = English;
			hasScannedForEncodings = 0;
			knownRegions = (
				en,
			);
			mainGroup = DD867D3C15ADC48000BEF6E8;
			productRefGroup = DD867D4815ADC48000BEF6E8 /* Products */;
			projectDirPath = "";
			projectRoot = "";
			targets = (
				DD867D4615ADC48000BEF6E8 /* GlacierApplication */,
			);
		};
/* End PBXProject section */

/* Begin PBXResourcesBuildPhase section */
		DD867D4515ADC48000BEF6E8 /* Resources */ = {
			isa = PBXResourcesBuildPhase;
			buildActionMask = 2147483647;
			files = (
				DD867D5615ADC48000BEF6E8 /* InfoPlist.strings in Resources */,
				5879435E1600CFB400EE61CC /* MainPageController.xib in Resources */,
				589579A8160482E200609C0F /* glacierapplication.sqlite3 in Resources */,
				582B00BF1609FA90008C453E /* bg.png in Resources */,
				582B00D5160A011C008C453E /* ProductCell.xib in Resources */,
				582B00DA160A0334008C453E /* ProductSectionView.xib in Resources */,
				58203B7F160B45BC00694989 /* full2_15.png in Resources */,
				58203B80160B45BC00694989 /* full2_17.png in Resources */,
				58203B81160B45BC00694989 /* full2_50.png in Resources */,
				58203B82160B45BC00694989 /* pdm_img_02.png in Resources */,
				58203B83160B45BC00694989 /* pdm_img_03.png in Resources */,
				58203B84160B45BC00694989 /* pdm_img_04.png in Resources */,
				58203B85160B45BC00694989 /* pdm_img_05.png in Resources */,
				58203B86160B45BC00694989 /* pdm_img_08.png in Resources */,
				58203B87160B45BC00694989 /* pdm_img_09.png in Resources */,
				58203B88160B45BC00694989 /* pdm_img_10.png in Resources */,
				58203B89160B45BC00694989 /* pdm_img_13.png in Resources */,
				58203B8A160B45BC00694989 /* pdm_img_20.png in Resources */,
				58203B8B160B45BC00694989 /* pdm_img_22.png in Resources */,
				58203B8C160B45BC00694989 /* pdm_img_26.png in Resources */,
				58203B8D160B45BC00694989 /* pdm_img_28.png in Resources */,
				58203B8E160B45BC00694989 /* pdm_img_33.png in Resources */,
				58203B8F160B45BC00694989 /* pdm_img_35.png in Resources */,
				58203B90160B45BC00694989 /* pdm_img_37.png in Resources */,
				58203B91160B45BC00694989 /* pdm_img_43.png in Resources */,
				58203B92160B45BC00694989 /* pdm_img_46.png in Resources */,
				58203B93160B45BC00694989 /* pdm_img_53.png in Resources */,
				58203B98160B5A3500694989 /* PopDateController.xib in Resources */,
				5833F7EC160C99AE00197F12 /* pdm_img_08 (2).png in Resources */,
				5833F7ED160C99AE00197F12 /* pdm_img_08 2.png in Resources */,
				5833F7EE160C99AE00197F12 /* pdm_img_09 (2).png in Resources */,
				5833F7EF160C99AE00197F12 /* pdm_img_09 2.png in Resources */,
				5833F7F0160C99AE00197F12 /* pdm_img_10 (2).png in Resources */,
				5833F7F1160C99AE00197F12 /* pdm_img_10 2.png in Resources */,
				5833F7F4160C99CB00197F12 /* pdm_img_15.png in Resources */,
				5833F7F7160C9D8B00197F12 /* pdm_img_46 2.png in Resources */,
				5833F7F8160C9D8B00197F12 /* pdm_img_49 2.png in Resources */,
				5833F800160CA2C800197F12 /* PopComboController.xib in Resources */,
				5825C8FA160DA80C001A6EAC /* full2_15(1).png in Resources */,
				5825C8FC160DA999001A6EAC /* full2_17(1).png in Resources */,
				5833A33F160F59FA005D5F18 /* full2_56.png in Resources */,
				5846A41C16147EF300596F4B /* Default.png in Resources */,
				5846A41E161481A600596F4B /* icon.png in Resources */,
				582E300216184AEB00180CE9 /* unit_40.png in Resources */,
			);
			runOnlyForDeploymentPostprocessing = 0;
		};
/* End PBXResourcesBuildPhase section */

/* Begin PBXSourcesBuildPhase section */
		DD867D4315ADC48000BEF6E8 /* Sources */ = {
			isa = PBXSourcesBuildPhase;
			buildActionMask = 2147483647;
			files = (
				DD867D5815ADC48000BEF6E8 /* main.m in Sources */,
				DD867D5C15ADC48000BEF6E8 /* AppDelegate.m in Sources */,
				587943561600C64400EE61CC /* MainPageController.m in Sources */,
				58EB36061603668D00FF668B /* SKLSlider.m in Sources */,
				58EB36071603668D00FF668B /* UIView+SKLCurrentImage.m in Sources */,
				58F8FB161608BE6D00381A50 /* ResultModel.m in Sources */,
				582B00D3160A00E8008C453E /* ProductCell.m in Sources */,
				582B00D8160A0306008C453E /* ProductSectionView.m in Sources */,
				58203B97160B5A3500694989 /* PopDateController.m in Sources */,
				5833F7FF160CA2C800197F12 /* PopComboController.m in Sources */,
				5822E4EC1616E37A00A9A5BC /* PLI_PDT_M.m in Sources */,
				5822E4EF1616E88A00A9A5BC /* PK_CLASS.m in Sources */,
				5822E4F21616E8F500A9A5BC /* PLI_PDTRATE.m in Sources */,
				5822E4F51616E9D200A9A5BC /* PLI_PDTYEAR.m in Sources */,
				5822E4F81616EE1900A9A5BC /* VOCATIONLEVEL.m in Sources */,
				5822E4FB1617020500A9A5BC /* PLI_PDTAMTRANGE.m in Sources */,
				5822E4FE1617029500A9A5BC /* PLI_PDTRATEDIFF.m in Sources */,
				5822E5011617036600A9A5BC /* CALCSETTING.m in Sources */,
			);
			runOnlyForDeploymentPostprocessing = 0;
		};
/* End PBXSourcesBuildPhase section */

/* Begin PBXVariantGroup section */
		DD867D5415ADC48000BEF6E8 /* InfoPlist.strings */ = {
			isa = PBXVariantGroup;
			children = (
				DD867D5515ADC48000BEF6E8 /* en */,
			);
			name = InfoPlist.strings;
			sourceTree = "<group>";
		};
/* End PBXVariantGroup section */

/* Begin XCBuildConfiguration section */
		DD867D6315ADC48000BEF6E8 /* Debug */ = {
			isa = XCBuildConfiguration;
			buildSettings = {
				ALWAYS_SEARCH_USER_PATHS = NO;
				ARCHS = "$(ARCHS_STANDARD_32_BIT)";
				"CODE_SIGN_IDENTITY[sdk=iphoneos*]" = "iPhone Developer";
				COPY_PHASE_STRIP = NO;
				GCC_C_LANGUAGE_STANDARD = gnu99;
				GCC_DYNAMIC_NO_PIC = NO;
				GCC_OPTIMIZATION_LEVEL = 0;
				GCC_PREPROCESSOR_DEFINITIONS = (
					"DEBUG=1",
					"$(inherited)",
				);
				GCC_SYMBOLS_PRIVATE_EXTERN = NO;
				GCC_VERSION = com.apple.compilers.llvm.clang.1_0;
				GCC_WARN_ABOUT_RETURN_TYPE = YES;
				GCC_WARN_UNINITIALIZED_AUTOS = YES;
				GCC_WARN_UNUSED_VARIABLE = YES;
				HEADER_SEARCH_PATHS = "";
				IPHONEOS_DEPLOYMENT_TARGET = 4.0;
				LIBRARY_SEARCH_PATHS = "";
				SDKROOT = iphoneos;
				TARGETED_DEVICE_FAMILY = 2;
				USER_HEADER_SEARCH_PATHS = "$(BUILT_PRODUCTS_DIR)/** $(SRCROOT)/../** “$(SRCROOT)/..”/**";
			};
			name = Debug;
		};
		DD867D6415ADC48000BEF6E8 /* Release */ = {
			isa = XCBuildConfiguration;
			buildSettings = {
				ALWAYS_SEARCH_USER_PATHS = NO;
				ARCHS = "$(ARCHS_STANDARD_32_BIT)";
				"CODE_SIGN_IDENTITY[sdk=iphoneos*]" = "iPhone Developer";
				COPY_PHASE_STRIP = YES;
				GCC_C_LANGUAGE_STANDARD = gnu99;
				GCC_VERSION = com.apple.compilers.llvm.clang.1_0;
				GCC_WARN_ABOUT_RETURN_TYPE = YES;
				GCC_WARN_UNINITIALIZED_AUTOS = YES;
				GCC_WARN_UNUSED_VARIABLE = YES;
				HEADER_SEARCH_PATHS = "";
				IPHONEOS_DEPLOYMENT_TARGET = 4.0;
				LIBRARY_SEARCH_PATHS = "";
				OTHER_CFLAGS = "-DNS_BLOCK_ASSERTIONS=1";
				SDKROOT = iphoneos;
				TARGETED_DEVICE_FAMILY = 2;
				USER_HEADER_SEARCH_PATHS = "$(BUILT_PRODUCTS_DIR)/** $(SRCROOT)/../** “$(SRCROOT)/..”/**";
				VALIDATE_PRODUCT = YES;
			};
			name = Release;
		};
		DD867D6615ADC48000BEF6E8 /* Debug */ = {
			isa = XCBuildConfiguration;
			buildSettings = {
				ALWAYS_SEARCH_USER_PATHS = NO;
				CLANG_ENABLE_OBJC_ARC = YES;
				CODE_SIGN_IDENTITY = "iPhone Developer: Zhu BingQian (9Y885F9XCF)";
				"CODE_SIGN_IDENTITY[sdk=iphoneos*]" = "iPhone Developer: Zhu BingQian (9Y885F9XCF)";
				GCC_PRECOMPILE_PREFIX_HEADER = YES;
				GCC_PREFIX_HEADER = "GlacierApplication/GlacierApplication-Prefix.pch";
				HEADER_SEARCH_PATHS = "${SDK_DIR}/usr/include/libxml2";
				INFOPLIST_FILE = "GlacierApplication/GlacierApplication-Info.plist";
				IPHONEOS_DEPLOYMENT_TARGET = 4.3;
				LIBRARY_SEARCH_PATHS = "$(SRCROOT)";
				OTHER_LDFLAGS = "-ObjC";
				PRODUCT_NAME = "$(TARGET_NAME)";
				PROVISIONING_PROFILE = "986BFA28-6938-4E43-A9A0-5428A888084E";
				"PROVISIONING_PROFILE[sdk=iphoneos*]" = "986BFA28-6938-4E43-A9A0-5428A888084E";
				TARGETED_DEVICE_FAMILY = 2;
				USER_HEADER_SEARCH_PATHS = "$(BUILT_PRODUCTS_DIR)/** $(SRCROOT)/../** “$(SRCROOT)/..”/**";
				VALID_ARCHS = "armv6 armv7 armv7s";
				WRAPPER_EXTENSION = app;
			};
			name = Debug;
		};
		DD867D6715ADC48000BEF6E8 /* Release */ = {
			isa = XCBuildConfiguration;
			buildSettings = {
				ALWAYS_SEARCH_USER_PATHS = NO;
				CLANG_ENABLE_OBJC_ARC = YES;
				CODE_SIGN_IDENTITY = "iPhone Developer: Zhu BingQian (9Y885F9XCF)";
				"CODE_SIGN_IDENTITY[sdk=iphoneos*]" = "iPhone Developer: Zhu BingQian (9Y885F9XCF)";
				GCC_PRECOMPILE_PREFIX_HEADER = YES;
				GCC_PREFIX_HEADER = "GlacierApplication/GlacierApplication-Prefix.pch";
				HEADER_SEARCH_PATHS = "${SDK_DIR}/usr/include/libxml2";
				INFOPLIST_FILE = "GlacierApplication/GlacierApplication-Info.plist";
				IPHONEOS_DEPLOYMENT_TARGET = 4.3;
				LIBRARY_SEARCH_PATHS = "$(SRCROOT)";
				OTHER_LDFLAGS = "-ObjC";
				PRODUCT_NAME = "$(TARGET_NAME)";
				PROVISIONING_PROFILE = "986BFA28-6938-4E43-A9A0-5428A888084E";
				"PROVISIONING_PROFILE[sdk=iphoneos*]" = "986BFA28-6938-4E43-A9A0-5428A888084E";
				TARGETED_DEVICE_FAMILY = 2;
				USER_HEADER_SEARCH_PATHS = "$(BUILT_PRODUCTS_DIR)/** $(SRCROOT)/../** “$(SRCROOT)/..”/**";
				VALID_ARCHS = "armv6 armv7 armv7s";
				WRAPPER_EXTENSION = app;
			};
			name = Release;
		};
/* End XCBuildConfiguration section */

/* Begin XCConfigurationList section */
		DD867D4115ADC48000BEF6E8 /* Build configuration list for PBXProject "GlacierApplication" */ = {
			isa = XCConfigurationList;
			buildConfigurations = (
				DD867D6315ADC48000BEF6E8 /* Debug */,
				DD867D6415ADC48000BEF6E8 /* Release */,
			);
			defaultConfigurationIsVisible = 0;
			defaultConfigurationName = Debug;
		};
		DD867D6515ADC48000BEF6E8 /* Build configuration list for PBXNativeTarget "GlacierApplication" */ = {
			isa = XCConfigurationList;
			buildConfigurations = (
				DD867D6615ADC48000BEF6E8 /* Debug */,
				DD867D6715ADC48000BEF6E8 /* Release */,
			);
			defaultConfigurationIsVisible = 0;
			defaultConfigurationName = Debug;
		};
/* End XCConfigurationList section */
	};
	rootObject = DD867D3E15ADC48000BEF6E8 /* Project object */;
}
