// !$*UTF8*$!
{
	archiveVersion = 1;
	classes = {
	};
	objectVersion = 46;
	objects = {

/* Begin PBXBuildFile section */
		580200B915D60752002A854F /* GCDAsyncSocket.h in Headers */ = {isa = PBXBuildFile; fileRef = 580200B715D60752002A854F /* GCDAsyncSocket.h */; settings = {ATTRIBUTES = (); }; };
		580200BA15D60752002A854F /* GCDAsyncSocket.m in Sources */ = {isa = PBXBuildFile; fileRef = 580200B815D60752002A854F /* GCDAsyncSocket.m */; settings = {COMPILER_FLAGS = "-fobjc-arc"; }; };
		5885340015B2F650009569A5 /* GlacierController.h in Headers */ = {isa = PBXBuildFile; fileRef = 588533FE15B2F650009569A5 /* GlacierController.h */; settings = {ATTRIBUTES = (); }; };
		5885340115B2F650009569A5 /* GlacierController.m in Sources */ = {isa = PBXBuildFile; fileRef = 588533FF15B2F650009569A5 /* GlacierController.m */; };
		5885340415B2F725009569A5 /* SharedApp.h in Headers */ = {isa = PBXBuildFile; fileRef = 5885340215B2F725009569A5 /* SharedApp.h */; settings = {ATTRIBUTES = (); }; };
		5885340515B2F725009569A5 /* SharedApp.m in Sources */ = {isa = PBXBuildFile; fileRef = 5885340315B2F725009569A5 /* SharedApp.m */; };
		58EDDDC115D5F4EF00D9AADC /* ASIAuthenticationDialog.h in Headers */ = {isa = PBXBuildFile; fileRef = 58EDDD8015D5F4EF00D9AADC /* ASIAuthenticationDialog.h */; };
		58EDDDC215D5F4EF00D9AADC /* ASIAuthenticationDialog.m in Sources */ = {isa = PBXBuildFile; fileRef = 58EDDD8115D5F4EF00D9AADC /* ASIAuthenticationDialog.m */; };
		58EDDDC315D5F4EF00D9AADC /* ASICacheDelegate.h in Headers */ = {isa = PBXBuildFile; fileRef = 58EDDD8215D5F4EF00D9AADC /* ASICacheDelegate.h */; };
		58EDDDC415D5F4EF00D9AADC /* ASIDataCompressor.h in Headers */ = {isa = PBXBuildFile; fileRef = 58EDDD8315D5F4EF00D9AADC /* ASIDataCompressor.h */; };
		58EDDDC515D5F4EF00D9AADC /* ASIDataCompressor.m in Sources */ = {isa = PBXBuildFile; fileRef = 58EDDD8415D5F4EF00D9AADC /* ASIDataCompressor.m */; };
		58EDDDC615D5F4EF00D9AADC /* ASIDataDecompressor.h in Headers */ = {isa = PBXBuildFile; fileRef = 58EDDD8515D5F4EF00D9AADC /* ASIDataDecompressor.h */; };
		58EDDDC715D5F4EF00D9AADC /* ASIDataDecompressor.m in Sources */ = {isa = PBXBuildFile; fileRef = 58EDDD8615D5F4EF00D9AADC /* ASIDataDecompressor.m */; };
		58EDDDC815D5F4EF00D9AADC /* ASIDownloadCache.h in Headers */ = {isa = PBXBuildFile; fileRef = 58EDDD8715D5F4EF00D9AADC /* ASIDownloadCache.h */; };
		58EDDDC915D5F4EF00D9AADC /* ASIDownloadCache.m in Sources */ = {isa = PBXBuildFile; fileRef = 58EDDD8815D5F4EF00D9AADC /* ASIDownloadCache.m */; };
		58EDDDCA15D5F4EF00D9AADC /* ASIFormDataRequest.h in Headers */ = {isa = PBXBuildFile; fileRef = 58EDDD8915D5F4EF00D9AADC /* ASIFormDataRequest.h */; };
		58EDDDCB15D5F4EF00D9AADC /* ASIFormDataRequest.m in Sources */ = {isa = PBXBuildFile; fileRef = 58EDDD8A15D5F4EF00D9AADC /* ASIFormDataRequest.m */; };
		58EDDDCC15D5F4EF00D9AADC /* ASIHTTPRequest.h in Headers */ = {isa = PBXBuildFile; fileRef = 58EDDD8B15D5F4EF00D9AADC /* ASIHTTPRequest.h */; settings = {ATTRIBUTES = (); }; };
		58EDDDCD15D5F4EF00D9AADC /* ASIHTTPRequest.m in Sources */ = {isa = PBXBuildFile; fileRef = 58EDDD8C15D5F4EF00D9AADC /* ASIHTTPRequest.m */; };
		58EDDDCE15D5F4EF00D9AADC /* ASIHTTPRequestConfig.h in Headers */ = {isa = PBXBuildFile; fileRef = 58EDDD8D15D5F4EF00D9AADC /* ASIHTTPRequestConfig.h */; settings = {ATTRIBUTES = (); }; };
		58EDDDCF15D5F4EF00D9AADC /* ASIHTTPRequestDelegate.h in Headers */ = {isa = PBXBuildFile; fileRef = 58EDDD8E15D5F4EF00D9AADC /* ASIHTTPRequestDelegate.h */; settings = {ATTRIBUTES = (); }; };
		58EDDDD015D5F4EF00D9AADC /* ASIInputStream.h in Headers */ = {isa = PBXBuildFile; fileRef = 58EDDD8F15D5F4EF00D9AADC /* ASIInputStream.h */; };
		58EDDDD115D5F4EF00D9AADC /* ASIInputStream.m in Sources */ = {isa = PBXBuildFile; fileRef = 58EDDD9015D5F4EF00D9AADC /* ASIInputStream.m */; };
		58EDDDD215D5F4EF00D9AADC /* ASINetworkQueue.h in Headers */ = {isa = PBXBuildFile; fileRef = 58EDDD9115D5F4EF00D9AADC /* ASINetworkQueue.h */; settings = {ATTRIBUTES = (); }; };
		58EDDDD315D5F4EF00D9AADC /* ASINetworkQueue.m in Sources */ = {isa = PBXBuildFile; fileRef = 58EDDD9215D5F4EF00D9AADC /* ASINetworkQueue.m */; };
		58EDDDD415D5F4EF00D9AADC /* ASIProgressDelegate.h in Headers */ = {isa = PBXBuildFile; fileRef = 58EDDD9315D5F4EF00D9AADC /* ASIProgressDelegate.h */; };
		58EDDDD515D5F4EF00D9AADC /* ASIWebPageRequest.h in Headers */ = {isa = PBXBuildFile; fileRef = 58EDDD9515D5F4EF00D9AADC /* ASIWebPageRequest.h */; };
		58EDDDD615D5F4EF00D9AADC /* ASIWebPageRequest.m in Sources */ = {isa = PBXBuildFile; fileRef = 58EDDD9615D5F4EF00D9AADC /* ASIWebPageRequest.m */; };
		58EDDDD715D5F4EF00D9AADC /* Reachability.h in Headers */ = {isa = PBXBuildFile; fileRef = 58EDDD9915D5F4EF00D9AADC /* Reachability.h */; };
		58EDDDD815D5F4EF00D9AADC /* Reachability.m in Sources */ = {isa = PBXBuildFile; fileRef = 58EDDD9A15D5F4EF00D9AADC /* Reachability.m */; };
		58EDDDD915D5F4EF00D9AADC /* JSONKit.h in Headers */ = {isa = PBXBuildFile; fileRef = 58EDDD9C15D5F4EF00D9AADC /* JSONKit.h */; settings = {ATTRIBUTES = (); }; };
		58EDDDDA15D5F4EF00D9AADC /* JSONKit.m in Sources */ = {isa = PBXBuildFile; fileRef = 58EDDD9D15D5F4EF00D9AADC /* JSONKit.m */; };
		58EDDDDB15D5F4EF00D9AADC /* JSONObject.h in Headers */ = {isa = PBXBuildFile; fileRef = 58EDDD9E15D5F4EF00D9AADC /* JSONObject.h */; settings = {ATTRIBUTES = (); }; };
		58EDDDDC15D5F4EF00D9AADC /* JSONObject.m in Sources */ = {isa = PBXBuildFile; fileRef = 58EDDD9F15D5F4EF00D9AADC /* JSONObject.m */; };
		58EDDDDD15D5F4EF00D9AADC /* NSData-SQLitePersistence.h in Headers */ = {isa = PBXBuildFile; fileRef = 58EDDDA115D5F4EF00D9AADC /* NSData-SQLitePersistence.h */; };
		58EDDDDE15D5F4EF00D9AADC /* NSData-SQLitePersistence.m in Sources */ = {isa = PBXBuildFile; fileRef = 58EDDDA215D5F4EF00D9AADC /* NSData-SQLitePersistence.m */; };
		58EDDDDF15D5F4EF00D9AADC /* NSDate-SQLitePersistence.h in Headers */ = {isa = PBXBuildFile; fileRef = 58EDDDA315D5F4EF00D9AADC /* NSDate-SQLitePersistence.h */; };
		58EDDDE015D5F4EF00D9AADC /* NSDate-SQLitePersistence.m in Sources */ = {isa = PBXBuildFile; fileRef = 58EDDDA415D5F4EF00D9AADC /* NSDate-SQLitePersistence.m */; };
		58EDDDE115D5F4EF00D9AADC /* NSMutableArray-MultipleSort.h in Headers */ = {isa = PBXBuildFile; fileRef = 58EDDDA515D5F4EF00D9AADC /* NSMutableArray-MultipleSort.h */; };
		58EDDDE215D5F4EF00D9AADC /* NSMutableArray-MultipleSort.m in Sources */ = {isa = PBXBuildFile; fileRef = 58EDDDA615D5F4EF00D9AADC /* NSMutableArray-MultipleSort.m */; };
		58EDDDE315D5F4EF00D9AADC /* NSMutableData-SQLitePersistence.h in Headers */ = {isa = PBXBuildFile; fileRef = 58EDDDA715D5F4EF00D9AADC /* NSMutableData-SQLitePersistence.h */; };
		58EDDDE415D5F4EF00D9AADC /* NSMutableData-SQLitePersistence.m in Sources */ = {isa = PBXBuildFile; fileRef = 58EDDDA815D5F4EF00D9AADC /* NSMutableData-SQLitePersistence.m */; };
		58EDDDE515D5F4EF00D9AADC /* NSNumber-SQLitePersistence.h in Headers */ = {isa = PBXBuildFile; fileRef = 58EDDDA915D5F4EF00D9AADC /* NSNumber-SQLitePersistence.h */; };
		58EDDDE615D5F4EF00D9AADC /* NSNumber-SQLitePersistence.m in Sources */ = {isa = PBXBuildFile; fileRef = 58EDDDAA15D5F4EF00D9AADC /* NSNumber-SQLitePersistence.m */; };
		58EDDDE715D5F4EF00D9AADC /* NSObject-ClassName.h in Headers */ = {isa = PBXBuildFile; fileRef = 58EDDDAB15D5F4EF00D9AADC /* NSObject-ClassName.h */; };
		58EDDDE815D5F4EF00D9AADC /* NSObject-ClassName.m in Sources */ = {isa = PBXBuildFile; fileRef = 58EDDDAC15D5F4EF00D9AADC /* NSObject-ClassName.m */; };
		58EDDDE915D5F4EF00D9AADC /* NSObject-MissingKV.h in Headers */ = {isa = PBXBuildFile; fileRef = 58EDDDAD15D5F4EF00D9AADC /* NSObject-MissingKV.h */; };
		58EDDDEA15D5F4EF00D9AADC /* NSObject-MissingKV.m in Sources */ = {isa = PBXBuildFile; fileRef = 58EDDDAE15D5F4EF00D9AADC /* NSObject-MissingKV.m */; };
		58EDDDEB15D5F4EF00D9AADC /* NSObject-SQLitePersistence.h in Headers */ = {isa = PBXBuildFile; fileRef = 58EDDDAF15D5F4EF00D9AADC /* NSObject-SQLitePersistence.h */; };
		58EDDDEC15D5F4EF00D9AADC /* NSObject-SQLitePersistence.m in Sources */ = {isa = PBXBuildFile; fileRef = 58EDDDB015D5F4EF00D9AADC /* NSObject-SQLitePersistence.m */; };
		58EDDDED15D5F4EF00D9AADC /* NSString-NumberStuff.h in Headers */ = {isa = PBXBuildFile; fileRef = 58EDDDB115D5F4EF00D9AADC /* NSString-NumberStuff.h */; };
		58EDDDEE15D5F4EF00D9AADC /* NSString-NumberStuff.m in Sources */ = {isa = PBXBuildFile; fileRef = 58EDDDB215D5F4EF00D9AADC /* NSString-NumberStuff.m */; };
		58EDDDEF15D5F4EF00D9AADC /* NSString-SQLiteColumnName.h in Headers */ = {isa = PBXBuildFile; fileRef = 58EDDDB315D5F4EF00D9AADC /* NSString-SQLiteColumnName.h */; };
		58EDDDF015D5F4EF00D9AADC /* NSString-SQLiteColumnName.m in Sources */ = {isa = PBXBuildFile; fileRef = 58EDDDB415D5F4EF00D9AADC /* NSString-SQLiteColumnName.m */; };
		58EDDDF115D5F4EF00D9AADC /* NSString-SQLitePersistence.h in Headers */ = {isa = PBXBuildFile; fileRef = 58EDDDB515D5F4EF00D9AADC /* NSString-SQLitePersistence.h */; };
		58EDDDF215D5F4EF00D9AADC /* NSString-SQLitePersistence.m in Sources */ = {isa = PBXBuildFile; fileRef = 58EDDDB615D5F4EF00D9AADC /* NSString-SQLitePersistence.m */; };
		58EDDDF315D5F4EF00D9AADC /* NSString-UppercaseFirst.h in Headers */ = {isa = PBXBuildFile; fileRef = 58EDDDB715D5F4EF00D9AADC /* NSString-UppercaseFirst.h */; };
		58EDDDF415D5F4EF00D9AADC /* NSString-UppercaseFirst.m in Sources */ = {isa = PBXBuildFile; fileRef = 58EDDDB815D5F4EF00D9AADC /* NSString-UppercaseFirst.m */; };
		58EDDDF515D5F4EF00D9AADC /* SQLiteInstanceManager.h in Headers */ = {isa = PBXBuildFile; fileRef = 58EDDDB915D5F4EF00D9AADC /* SQLiteInstanceManager.h */; };
		58EDDDF615D5F4EF00D9AADC /* SQLiteInstanceManager.m in Sources */ = {isa = PBXBuildFile; fileRef = 58EDDDBA15D5F4EF00D9AADC /* SQLiteInstanceManager.m */; };
		58EDDDF715D5F4EF00D9AADC /* SQLitePersistentObject.h in Headers */ = {isa = PBXBuildFile; fileRef = 58EDDDBB15D5F4EF00D9AADC /* SQLitePersistentObject.h */; settings = {ATTRIBUTES = (); }; };
		58EDDDF815D5F4EF00D9AADC /* SQLitePersistentObject.m in Sources */ = {isa = PBXBuildFile; fileRef = 58EDDDBC15D5F4EF00D9AADC /* SQLitePersistentObject.m */; };
		58EDDDF915D5F4EF00D9AADC /* UIColor-SQLitePersistentObject.h in Headers */ = {isa = PBXBuildFile; fileRef = 58EDDDBD15D5F4EF00D9AADC /* UIColor-SQLitePersistentObject.h */; };
		58EDDDFA15D5F4EF00D9AADC /* UIColor-SQLitePersistentObject.m in Sources */ = {isa = PBXBuildFile; fileRef = 58EDDDBE15D5F4EF00D9AADC /* UIColor-SQLitePersistentObject.m */; };
		58EDDDFB15D5F4EF00D9AADC /* UIImage-SQLitePersistence.h in Headers */ = {isa = PBXBuildFile; fileRef = 58EDDDBF15D5F4EF00D9AADC /* UIImage-SQLitePersistence.h */; };
		58EDDDFC15D5F4EF00D9AADC /* UIImage-SQLitePersistence.m in Sources */ = {isa = PBXBuildFile; fileRef = 58EDDDC015D5F4EF00D9AADC /* UIImage-SQLitePersistence.m */; };
		DD832FBD15B263FD00FBF9DE /* UIKit.framework in Frameworks */ = {isa = PBXBuildFile; fileRef = DD832FBC15B263FD00FBF9DE /* UIKit.framework */; };
		DD87036515AF1BBA0067B66C /* Foundation.framework in Frameworks */ = {isa = PBXBuildFile; fileRef = DD87036415AF1BBA0067B66C /* Foundation.framework */; };
/* End PBXBuildFile section */

/* Begin PBXFileReference section */
		580200B715D60752002A854F /* GCDAsyncSocket.h */ = {isa = PBXFileReference; fileEncoding = 4; lastKnownFileType = sourcecode.c.h; path = GCDAsyncSocket.h; sourceTree = "<group>"; };
		580200B815D60752002A854F /* GCDAsyncSocket.m */ = {isa = PBXFileReference; fileEncoding = 4; lastKnownFileType = sourcecode.c.objc; path = GCDAsyncSocket.m; sourceTree = "<group>"; };
		588533FE15B2F650009569A5 /* GlacierController.h */ = {isa = PBXFileReference; fileEncoding = 4; lastKnownFileType = sourcecode.c.h; path = GlacierController.h; sourceTree = "<group>"; };
		588533FF15B2F650009569A5 /* GlacierController.m */ = {isa = PBXFileReference; fileEncoding = 4; lastKnownFileType = sourcecode.c.objc; path = GlacierController.m; sourceTree = "<group>"; };
		5885340215B2F725009569A5 /* SharedApp.h */ = {isa = PBXFileReference; fileEncoding = 4; lastKnownFileType = sourcecode.c.h; path = SharedApp.h; sourceTree = "<group>"; };
		5885340315B2F725009569A5 /* SharedApp.m */ = {isa = PBXFileReference; fileEncoding = 4; lastKnownFileType = sourcecode.c.objc; path = SharedApp.m; sourceTree = "<group>"; };
		58EDDD8015D5F4EF00D9AADC /* ASIAuthenticationDialog.h */ = {isa = PBXFileReference; fileEncoding = 4; lastKnownFileType = sourcecode.c.h; path = ASIAuthenticationDialog.h; sourceTree = "<group>"; };
		58EDDD8115D5F4EF00D9AADC /* ASIAuthenticationDialog.m */ = {isa = PBXFileReference; fileEncoding = 4; lastKnownFileType = sourcecode.c.objc; path = ASIAuthenticationDialog.m; sourceTree = "<group>"; };
		58EDDD8215D5F4EF00D9AADC /* ASICacheDelegate.h */ = {isa = PBXFileReference; fileEncoding = 4; lastKnownFileType = sourcecode.c.h; path = ASICacheDelegate.h; sourceTree = "<group>"; };
		58EDDD8315D5F4EF00D9AADC /* ASIDataCompressor.h */ = {isa = PBXFileReference; fileEncoding = 4; lastKnownFileType = sourcecode.c.h; path = ASIDataCompressor.h; sourceTree = "<group>"; };
		58EDDD8415D5F4EF00D9AADC /* ASIDataCompressor.m */ = {isa = PBXFileReference; fileEncoding = 4; lastKnownFileType = sourcecode.c.objc; path = ASIDataCompressor.m; sourceTree = "<group>"; };
		58EDDD8515D5F4EF00D9AADC /* ASIDataDecompressor.h */ = {isa = PBXFileReference; fileEncoding = 4; lastKnownFileType = sourcecode.c.h; path = ASIDataDecompressor.h; sourceTree = "<group>"; };
		58EDDD8615D5F4EF00D9AADC /* ASIDataDecompressor.m */ = {isa = PBXFileReference; fileEncoding = 4; lastKnownFileType = sourcecode.c.objc; path = ASIDataDecompressor.m; sourceTree = "<group>"; };
		58EDDD8715D5F4EF00D9AADC /* ASIDownloadCache.h */ = {isa = PBXFileReference; fileEncoding = 4; lastKnownFileType = sourcecode.c.h; path = ASIDownloadCache.h; sourceTree = "<group>"; };
		58EDDD8815D5F4EF00D9AADC /* ASIDownloadCache.m */ = {isa = PBXFileReference; fileEncoding = 4; lastKnownFileType = sourcecode.c.objc; path = ASIDownloadCache.m; sourceTree = "<group>"; };
		58EDDD8915D5F4EF00D9AADC /* ASIFormDataRequest.h */ = {isa = PBXFileReference; fileEncoding = 4; lastKnownFileType = sourcecode.c.h; path = ASIFormDataRequest.h; sourceTree = "<group>"; };
		58EDDD8A15D5F4EF00D9AADC /* ASIFormDataRequest.m */ = {isa = PBXFileReference; fileEncoding = 4; lastKnownFileType = sourcecode.c.objc; path = ASIFormDataRequest.m; sourceTree = "<group>"; };
		58EDDD8B15D5F4EF00D9AADC /* ASIHTTPRequest.h */ = {isa = PBXFileReference; fileEncoding = 4; lastKnownFileType = sourcecode.c.h; path = ASIHTTPRequest.h; sourceTree = "<group>"; };
		58EDDD8C15D5F4EF00D9AADC /* ASIHTTPRequest.m */ = {isa = PBXFileReference; fileEncoding = 4; lastKnownFileType = sourcecode.c.objc; path = ASIHTTPRequest.m; sourceTree = "<group>"; };
		58EDDD8D15D5F4EF00D9AADC /* ASIHTTPRequestConfig.h */ = {isa = PBXFileReference; fileEncoding = 4; lastKnownFileType = sourcecode.c.h; path = ASIHTTPRequestConfig.h; sourceTree = "<group>"; };
		58EDDD8E15D5F4EF00D9AADC /* ASIHTTPRequestDelegate.h */ = {isa = PBXFileReference; fileEncoding = 4; lastKnownFileType = sourcecode.c.h; path = ASIHTTPRequestDelegate.h; sourceTree = "<group>"; };
		58EDDD8F15D5F4EF00D9AADC /* ASIInputStream.h */ = {isa = PBXFileReference; fileEncoding = 4; lastKnownFileType = sourcecode.c.h; path = ASIInputStream.h; sourceTree = "<group>"; };
		58EDDD9015D5F4EF00D9AADC /* ASIInputStream.m */ = {isa = PBXFileReference; fileEncoding = 4; lastKnownFileType = sourcecode.c.objc; path = ASIInputStream.m; sourceTree = "<group>"; };
		58EDDD9115D5F4EF00D9AADC /* ASINetworkQueue.h */ = {isa = PBXFileReference; fileEncoding = 4; lastKnownFileType = sourcecode.c.h; path = ASINetworkQueue.h; sourceTree = "<group>"; };
		58EDDD9215D5F4EF00D9AADC /* ASINetworkQueue.m */ = {isa = PBXFileReference; fileEncoding = 4; lastKnownFileType = sourcecode.c.objc; path = ASINetworkQueue.m; sourceTree = "<group>"; };
		58EDDD9315D5F4EF00D9AADC /* ASIProgressDelegate.h */ = {isa = PBXFileReference; fileEncoding = 4; lastKnownFileType = sourcecode.c.h; path = ASIProgressDelegate.h; sourceTree = "<group>"; };
		58EDDD9515D5F4EF00D9AADC /* ASIWebPageRequest.h */ = {isa = PBXFileReference; fileEncoding = 4; lastKnownFileType = sourcecode.c.h; path = ASIWebPageRequest.h; sourceTree = "<group>"; };
		58EDDD9615D5F4EF00D9AADC /* ASIWebPageRequest.m */ = {isa = PBXFileReference; fileEncoding = 4; lastKnownFileType = sourcecode.c.objc; path = ASIWebPageRequest.m; sourceTree = "<group>"; };
		58EDDD9915D5F4EF00D9AADC /* Reachability.h */ = {isa = PBXFileReference; fileEncoding = 4; lastKnownFileType = sourcecode.c.h; path = Reachability.h; sourceTree = "<group>"; };
		58EDDD9A15D5F4EF00D9AADC /* Reachability.m */ = {isa = PBXFileReference; fileEncoding = 4; lastKnownFileType = sourcecode.c.objc; path = Reachability.m; sourceTree = "<group>"; };
		58EDDD9C15D5F4EF00D9AADC /* JSONKit.h */ = {isa = PBXFileReference; fileEncoding = 4; lastKnownFileType = sourcecode.c.h; path = JSONKit.h; sourceTree = "<group>"; };
		58EDDD9D15D5F4EF00D9AADC /* JSONKit.m */ = {isa = PBXFileReference; fileEncoding = 4; lastKnownFileType = sourcecode.c.objc; path = JSONKit.m; sourceTree = "<group>"; };
		58EDDD9E15D5F4EF00D9AADC /* JSONObject.h */ = {isa = PBXFileReference; fileEncoding = 4; lastKnownFileType = sourcecode.c.h; path = JSONObject.h; sourceTree = "<group>"; };
		58EDDD9F15D5F4EF00D9AADC /* JSONObject.m */ = {isa = PBXFileReference; fileEncoding = 4; lastKnownFileType = sourcecode.c.objc; path = JSONObject.m; sourceTree = "<group>"; };
		58EDDDA115D5F4EF00D9AADC /* NSData-SQLitePersistence.h */ = {isa = PBXFileReference; fileEncoding = 4; lastKnownFileType = sourcecode.c.h; path = "NSData-SQLitePersistence.h"; sourceTree = "<group>"; };
		58EDDDA215D5F4EF00D9AADC /* NSData-SQLitePersistence.m */ = {isa = PBXFileReference; fileEncoding = 4; lastKnownFileType = sourcecode.c.objc; path = "NSData-SQLitePersistence.m"; sourceTree = "<group>"; };
		58EDDDA315D5F4EF00D9AADC /* NSDate-SQLitePersistence.h */ = {isa = PBXFileReference; fileEncoding = 4; lastKnownFileType = sourcecode.c.h; path = "NSDate-SQLitePersistence.h"; sourceTree = "<group>"; };
		58EDDDA415D5F4EF00D9AADC /* NSDate-SQLitePersistence.m */ = {isa = PBXFileReference; fileEncoding = 4; lastKnownFileType = sourcecode.c.objc; path = "NSDate-SQLitePersistence.m"; sourceTree = "<group>"; };
		58EDDDA515D5F4EF00D9AADC /* NSMutableArray-MultipleSort.h */ = {isa = PBXFileReference; fileEncoding = 4; lastKnownFileType = sourcecode.c.h; path = "NSMutableArray-MultipleSort.h"; sourceTree = "<group>"; };
		58EDDDA615D5F4EF00D9AADC /* NSMutableArray-MultipleSort.m */ = {isa = PBXFileReference; fileEncoding = 4; lastKnownFileType = sourcecode.c.objc; path = "NSMutableArray-MultipleSort.m"; sourceTree = "<group>"; };
		58EDDDA715D5F4EF00D9AADC /* NSMutableData-SQLitePersistence.h */ = {isa = PBXFileReference; fileEncoding = 4; lastKnownFileType = sourcecode.c.h; path = "NSMutableData-SQLitePersistence.h"; sourceTree = "<group>"; };
		58EDDDA815D5F4EF00D9AADC /* NSMutableData-SQLitePersistence.m */ = {isa = PBXFileReference; fileEncoding = 4; lastKnownFileType = sourcecode.c.objc; path = "NSMutableData-SQLitePersistence.m"; sourceTree = "<group>"; };
		58EDDDA915D5F4EF00D9AADC /* NSNumber-SQLitePersistence.h */ = {isa = PBXFileReference; fileEncoding = 4; lastKnownFileType = sourcecode.c.h; path = "NSNumber-SQLitePersistence.h"; sourceTree = "<group>"; };
		58EDDDAA15D5F4EF00D9AADC /* NSNumber-SQLitePersistence.m */ = {isa = PBXFileReference; fileEncoding = 4; lastKnownFileType = sourcecode.c.objc; path = "NSNumber-SQLitePersistence.m"; sourceTree = "<group>"; };
		58EDDDAB15D5F4EF00D9AADC /* NSObject-ClassName.h */ = {isa = PBXFileReference; fileEncoding = 4; lastKnownFileType = sourcecode.c.h; path = "NSObject-ClassName.h"; sourceTree = "<group>"; };
		58EDDDAC15D5F4EF00D9AADC /* NSObject-ClassName.m */ = {isa = PBXFileReference; fileEncoding = 4; lastKnownFileType = sourcecode.c.objc; path = "NSObject-ClassName.m"; sourceTree = "<group>"; };
		58EDDDAD15D5F4EF00D9AADC /* NSObject-MissingKV.h */ = {isa = PBXFileReference; fileEncoding = 4; lastKnownFileType = sourcecode.c.h; path = "NSObject-MissingKV.h"; sourceTree = "<group>"; };
		58EDDDAE15D5F4EF00D9AADC /* NSObject-MissingKV.m */ = {isa = PBXFileReference; fileEncoding = 4; lastKnownFileType = sourcecode.c.objc; path = "NSObject-MissingKV.m"; sourceTree = "<group>"; };
		58EDDDAF15D5F4EF00D9AADC /* NSObject-SQLitePersistence.h */ = {isa = PBXFileReference; fileEncoding = 4; lastKnownFileType = sourcecode.c.h; path = "NSObject-SQLitePersistence.h"; sourceTree = "<group>"; };
		58EDDDB015D5F4EF00D9AADC /* NSObject-SQLitePersistence.m */ = {isa = PBXFileReference; fileEncoding = 4; lastKnownFileType = sourcecode.c.objc; path = "NSObject-SQLitePersistence.m"; sourceTree = "<group>"; };
		58EDDDB115D5F4EF00D9AADC /* NSString-NumberStuff.h */ = {isa = PBXFileReference; fileEncoding = 4; lastKnownFileType = sourcecode.c.h; path = "NSString-NumberStuff.h"; sourceTree = "<group>"; };
		58EDDDB215D5F4EF00D9AADC /* NSString-NumberStuff.m */ = {isa = PBXFileReference; fileEncoding = 4; lastKnownFileType = sourcecode.c.objc; path = "NSString-NumberStuff.m"; sourceTree = "<group>"; };
		58EDDDB315D5F4EF00D9AADC /* NSString-SQLiteColumnName.h */ = {isa = PBXFileReference; fileEncoding = 4; lastKnownFileType = sourcecode.c.h; path = "NSString-SQLiteColumnName.h"; sourceTree = "<group>"; };
		58EDDDB415D5F4EF00D9AADC /* NSString-SQLiteColumnName.m */ = {isa = PBXFileReference; fileEncoding = 4; lastKnownFileType = sourcecode.c.objc; path = "NSString-SQLiteColumnName.m"; sourceTree = "<group>"; };
		58EDDDB515D5F4EF00D9AADC /* NSString-SQLitePersistence.h */ = {isa = PBXFileReference; fileEncoding = 4; lastKnownFileType = sourcecode.c.h; path = "NSString-SQLitePersistence.h"; sourceTree = "<group>"; };
		58EDDDB615D5F4EF00D9AADC /* NSString-SQLitePersistence.m */ = {isa = PBXFileReference; fileEncoding = 4; lastKnownFileType = sourcecode.c.objc; path = "NSString-SQLitePersistence.m"; sourceTree = "<group>"; };
		58EDDDB715D5F4EF00D9AADC /* NSString-UppercaseFirst.h */ = {isa = PBXFileReference; fileEncoding = 4; lastKnownFileType = sourcecode.c.h; path = "NSString-UppercaseFirst.h"; sourceTree = "<group>"; };
		58EDDDB815D5F4EF00D9AADC /* NSString-UppercaseFirst.m */ = {isa = PBXFileReference; fileEncoding = 4; lastKnownFileType = sourcecode.c.objc; path = "NSString-UppercaseFirst.m"; sourceTree = "<group>"; };
		58EDDDB915D5F4EF00D9AADC /* SQLiteInstanceManager.h */ = {isa = PBXFileReference; fileEncoding = 4; lastKnownFileType = sourcecode.c.h; path = SQLiteInstanceManager.h; sourceTree = "<group>"; };
		58EDDDBA15D5F4EF00D9AADC /* SQLiteInstanceManager.m */ = {isa = PBXFileReference; fileEncoding = 4; lastKnownFileType = sourcecode.c.objc; path = SQLiteInstanceManager.m; sourceTree = "<group>"; };
		58EDDDBB15D5F4EF00D9AADC /* SQLitePersistentObject.h */ = {isa = PBXFileReference; fileEncoding = 4; lastKnownFileType = sourcecode.c.h; path = SQLitePersistentObject.h; sourceTree = "<group>"; };
		58EDDDBC15D5F4EF00D9AADC /* SQLitePersistentObject.m */ = {isa = PBXFileReference; fileEncoding = 4; lastKnownFileType = sourcecode.c.objc; path = SQLitePersistentObject.m; sourceTree = "<group>"; };
		58EDDDBD15D5F4EF00D9AADC /* UIColor-SQLitePersistentObject.h */ = {isa = PBXFileReference; fileEncoding = 4; lastKnownFileType = sourcecode.c.h; path = "UIColor-SQLitePersistentObject.h"; sourceTree = "<group>"; };
		58EDDDBE15D5F4EF00D9AADC /* UIColor-SQLitePersistentObject.m */ = {isa = PBXFileReference; fileEncoding = 4; lastKnownFileType = sourcecode.c.objc; path = "UIColor-SQLitePersistentObject.m"; sourceTree = "<group>"; };
		58EDDDBF15D5F4EF00D9AADC /* UIImage-SQLitePersistence.h */ = {isa = PBXFileReference; fileEncoding = 4; lastKnownFileType = sourcecode.c.h; path = "UIImage-SQLitePersistence.h"; sourceTree = "<group>"; };
		58EDDDC015D5F4EF00D9AADC /* UIImage-SQLitePersistence.m */ = {isa = PBXFileReference; fileEncoding = 4; lastKnownFileType = sourcecode.c.objc; path = "UIImage-SQLitePersistence.m"; sourceTree = "<group>"; };
		DD832FBC15B263FD00FBF9DE /* UIKit.framework */ = {isa = PBXFileReference; lastKnownFileType = wrapper.framework; name = UIKit.framework; path = System/Library/Frameworks/UIKit.framework; sourceTree = SDKROOT; };
		DD87036115AF1BBA0067B66C /* libGlacierFramework.a */ = {isa = PBXFileReference; explicitFileType = archive.ar; includeInIndex = 0; path = libGlacierFramework.a; sourceTree = BUILT_PRODUCTS_DIR; };
		DD87036415AF1BBA0067B66C /* Foundation.framework */ = {isa = PBXFileReference; lastKnownFileType = wrapper.framework; name = Foundation.framework; path = System/Library/Frameworks/Foundation.framework; sourceTree = SDKROOT; };
		DD87036815AF1BBA0067B66C /* GlacierFramework-Prefix.pch */ = {isa = PBXFileReference; lastKnownFileType = sourcecode.c.h; path = "GlacierFramework-Prefix.pch"; sourceTree = "<group>"; };
/* End PBXFileReference section */

/* Begin PBXFrameworksBuildPhase section */
		DD87035E15AF1BBA0067B66C /* Frameworks */ = {
			isa = PBXFrameworksBuildPhase;
			buildActionMask = 2147483647;
			files = (
				DD832FBD15B263FD00FBF9DE /* UIKit.framework in Frameworks */,
				DD87036515AF1BBA0067B66C /* Foundation.framework in Frameworks */,
			);
			runOnlyForDeploymentPostprocessing = 0;
		};
/* End PBXFrameworksBuildPhase section */

/* Begin PBXGroup section */
		588533FD15B2F640009569A5 /* UI */ = {
			isa = PBXGroup;
			children = (
				588533FE15B2F650009569A5 /* GlacierController.h */,
				588533FF15B2F650009569A5 /* GlacierController.m */,
				5885340215B2F725009569A5 /* SharedApp.h */,
				5885340315B2F725009569A5 /* SharedApp.m */,
			);
			path = UI;
			sourceTree = "<group>";
		};
		58EDDD7D15D5F4EF00D9AADC /* 3rdParty */ = {
			isa = PBXGroup;
			children = (
				58EDDE1115D5F89A00D9AADC /* CocoaAsyncSocket */,
				58EDDD7E15D5F4EF00D9AADC /* ASI */,
				58EDDD9B15D5F4EF00D9AADC /* JSONKit */,
				58EDDDA015D5F4EF00D9AADC /* sqlitepersistentobjects */,
			);
			path = 3rdParty;
			sourceTree = "<group>";
		};
		58EDDD7E15D5F4EF00D9AADC /* ASI */ = {
			isa = PBXGroup;
			children = (
				58EDDD7F15D5F4EF00D9AADC /* Classes */,
				58EDDD9715D5F4EF00D9AADC /* External */,
			);
			path = ASI;
			sourceTree = "<group>";
		};
		58EDDD7F15D5F4EF00D9AADC /* Classes */ = {
			isa = PBXGroup;
			children = (
				58EDDD8015D5F4EF00D9AADC /* ASIAuthenticationDialog.h */,
				58EDDD8115D5F4EF00D9AADC /* ASIAuthenticationDialog.m */,
				58EDDD8215D5F4EF00D9AADC /* ASICacheDelegate.h */,
				58EDDD8315D5F4EF00D9AADC /* ASIDataCompressor.h */,
				58EDDD8415D5F4EF00D9AADC /* ASIDataCompressor.m */,
				58EDDD8515D5F4EF00D9AADC /* ASIDataDecompressor.h */,
				58EDDD8615D5F4EF00D9AADC /* ASIDataDecompressor.m */,
				58EDDD8715D5F4EF00D9AADC /* ASIDownloadCache.h */,
				58EDDD8815D5F4EF00D9AADC /* ASIDownloadCache.m */,
				58EDDD8915D5F4EF00D9AADC /* ASIFormDataRequest.h */,
				58EDDD8A15D5F4EF00D9AADC /* ASIFormDataRequest.m */,
				58EDDD8B15D5F4EF00D9AADC /* ASIHTTPRequest.h */,
				58EDDD8C15D5F4EF00D9AADC /* ASIHTTPRequest.m */,
				58EDDD8D15D5F4EF00D9AADC /* ASIHTTPRequestConfig.h */,
				58EDDD8E15D5F4EF00D9AADC /* ASIHTTPRequestDelegate.h */,
				58EDDD8F15D5F4EF00D9AADC /* ASIInputStream.h */,
				58EDDD9015D5F4EF00D9AADC /* ASIInputStream.m */,
				58EDDD9115D5F4EF00D9AADC /* ASINetworkQueue.h */,
				58EDDD9215D5F4EF00D9AADC /* ASINetworkQueue.m */,
				58EDDD9315D5F4EF00D9AADC /* ASIProgressDelegate.h */,
				58EDDD9415D5F4EF00D9AADC /* ASIWebPageRequest */,
			);
			path = Classes;
			sourceTree = "<group>";
		};
		58EDDD9415D5F4EF00D9AADC /* ASIWebPageRequest */ = {
			isa = PBXGroup;
			children = (
				58EDDD9515D5F4EF00D9AADC /* ASIWebPageRequest.h */,
				58EDDD9615D5F4EF00D9AADC /* ASIWebPageRequest.m */,
			);
			path = ASIWebPageRequest;
			sourceTree = "<group>";
		};
		58EDDD9715D5F4EF00D9AADC /* External */ = {
			isa = PBXGroup;
			children = (
				58EDDD9815D5F4EF00D9AADC /* Reachability */,
			);
			path = External;
			sourceTree = "<group>";
		};
		58EDDD9815D5F4EF00D9AADC /* Reachability */ = {
			isa = PBXGroup;
			children = (
				58EDDD9915D5F4EF00D9AADC /* Reachability.h */,
				58EDDD9A15D5F4EF00D9AADC /* Reachability.m */,
			);
			path = Reachability;
			sourceTree = "<group>";
		};
		58EDDD9B15D5F4EF00D9AADC /* JSONKit */ = {
			isa = PBXGroup;
			children = (
				58EDDD9C15D5F4EF00D9AADC /* JSONKit.h */,
				58EDDD9D15D5F4EF00D9AADC /* JSONKit.m */,
				58EDDD9E15D5F4EF00D9AADC /* JSONObject.h */,
				58EDDD9F15D5F4EF00D9AADC /* JSONObject.m */,
			);
			path = JSONKit;
			sourceTree = "<group>";
		};
		58EDDDA015D5F4EF00D9AADC /* sqlitepersistentobjects */ = {
			isa = PBXGroup;
			children = (
				58EDDDA115D5F4EF00D9AADC /* NSData-SQLitePersistence.h */,
				58EDDDA215D5F4EF00D9AADC /* NSData-SQLitePersistence.m */,
				58EDDDA315D5F4EF00D9AADC /* NSDate-SQLitePersistence.h */,
				58EDDDA415D5F4EF00D9AADC /* NSDate-SQLitePersistence.m */,
				58EDDDA515D5F4EF00D9AADC /* NSMutableArray-MultipleSort.h */,
				58EDDDA615D5F4EF00D9AADC /* NSMutableArray-MultipleSort.m */,
				58EDDDA715D5F4EF00D9AADC /* NSMutableData-SQLitePersistence.h */,
				58EDDDA815D5F4EF00D9AADC /* NSMutableData-SQLitePersistence.m */,
				58EDDDA915D5F4EF00D9AADC /* NSNumber-SQLitePersistence.h */,
				58EDDDAA15D5F4EF00D9AADC /* NSNumber-SQLitePersistence.m */,
				58EDDDAB15D5F4EF00D9AADC /* NSObject-ClassName.h */,
				58EDDDAC15D5F4EF00D9AADC /* NSObject-ClassName.m */,
				58EDDDAD15D5F4EF00D9AADC /* NSObject-MissingKV.h */,
				58EDDDAE15D5F4EF00D9AADC /* NSObject-MissingKV.m */,
				58EDDDAF15D5F4EF00D9AADC /* NSObject-SQLitePersistence.h */,
				58EDDDB015D5F4EF00D9AADC /* NSObject-SQLitePersistence.m */,
				58EDDDB115D5F4EF00D9AADC /* NSString-NumberStuff.h */,
				58EDDDB215D5F4EF00D9AADC /* NSString-NumberStuff.m */,
				58EDDDB315D5F4EF00D9AADC /* NSString-SQLiteColumnName.h */,
				58EDDDB415D5F4EF00D9AADC /* NSString-SQLiteColumnName.m */,
				58EDDDB515D5F4EF00D9AADC /* NSString-SQLitePersistence.h */,
				58EDDDB615D5F4EF00D9AADC /* NSString-SQLitePersistence.m */,
				58EDDDB715D5F4EF00D9AADC /* NSString-UppercaseFirst.h */,
				58EDDDB815D5F4EF00D9AADC /* NSString-UppercaseFirst.m */,
				58EDDDB915D5F4EF00D9AADC /* SQLiteInstanceManager.h */,
				58EDDDBA15D5F4EF00D9AADC /* SQLiteInstanceManager.m */,
				58EDDDBB15D5F4EF00D9AADC /* SQLitePersistentObject.h */,
				58EDDDBC15D5F4EF00D9AADC /* SQLitePersistentObject.m */,
				58EDDDBD15D5F4EF00D9AADC /* UIColor-SQLitePersistentObject.h */,
				58EDDDBE15D5F4EF00D9AADC /* UIColor-SQLitePersistentObject.m */,
				58EDDDBF15D5F4EF00D9AADC /* UIImage-SQLitePersistence.h */,
				58EDDDC015D5F4EF00D9AADC /* UIImage-SQLitePersistence.m */,
			);
			path = sqlitepersistentobjects;
			sourceTree = "<group>";
		};
		58EDDE1115D5F89A00D9AADC /* CocoaAsyncSocket */ = {
			isa = PBXGroup;
			children = (
				580200B715D60752002A854F /* GCDAsyncSocket.h */,
				580200B815D60752002A854F /* GCDAsyncSocket.m */,
			);
			path = CocoaAsyncSocket;
			sourceTree = "<group>";
		};
		DD87035615AF1BBA0067B66C = {
			isa = PBXGroup;
			children = (
				58EDDD7D15D5F4EF00D9AADC /* 3rdParty */,
				DD87036615AF1BBA0067B66C /* GlacierFramework */,
				DD87036315AF1BBA0067B66C /* Frameworks */,
				DD87036215AF1BBA0067B66C /* Products */,
			);
			sourceTree = "<group>";
		};
		DD87036215AF1BBA0067B66C /* Products */ = {
			isa = PBXGroup;
			children = (
				DD87036115AF1BBA0067B66C /* libGlacierFramework.a */,
			);
			name = Products;
			sourceTree = "<group>";
		};
		DD87036315AF1BBA0067B66C /* Frameworks */ = {
			isa = PBXGroup;
			children = (
				DD832FBC15B263FD00FBF9DE /* UIKit.framework */,
				DD87036415AF1BBA0067B66C /* Foundation.framework */,
			);
			name = Frameworks;
			sourceTree = "<group>";
		};
		DD87036615AF1BBA0067B66C /* GlacierFramework */ = {
			isa = PBXGroup;
			children = (
				588533FD15B2F640009569A5 /* UI */,
				DD87036715AF1BBA0067B66C /* Supporting Files */,
			);
			path = GlacierFramework;
			sourceTree = "<group>";
		};
		DD87036715AF1BBA0067B66C /* Supporting Files */ = {
			isa = PBXGroup;
			children = (
				DD87036815AF1BBA0067B66C /* GlacierFramework-Prefix.pch */,
			);
			name = "Supporting Files";
			sourceTree = "<group>";
		};
/* End PBXGroup section */

/* Begin PBXHeadersBuildPhase section */
		DD87035F15AF1BBA0067B66C /* Headers */ = {
			isa = PBXHeadersBuildPhase;
			buildActionMask = 2147483647;
			files = (
				5885340015B2F650009569A5 /* GlacierController.h in Headers */,
				58EDDDC115D5F4EF00D9AADC /* ASIAuthenticationDialog.h in Headers */,
				58EDDDC315D5F4EF00D9AADC /* ASICacheDelegate.h in Headers */,
				58EDDDC415D5F4EF00D9AADC /* ASIDataCompressor.h in Headers */,
				58EDDDC615D5F4EF00D9AADC /* ASIDataDecompressor.h in Headers */,
				58EDDDC815D5F4EF00D9AADC /* ASIDownloadCache.h in Headers */,
				58EDDDCA15D5F4EF00D9AADC /* ASIFormDataRequest.h in Headers */,
				5885340415B2F725009569A5 /* SharedApp.h in Headers */,
				58EDDDCC15D5F4EF00D9AADC /* ASIHTTPRequest.h in Headers */,
				58EDDDCE15D5F4EF00D9AADC /* ASIHTTPRequestConfig.h in Headers */,
				58EDDDCF15D5F4EF00D9AADC /* ASIHTTPRequestDelegate.h in Headers */,
				58EDDDD215D5F4EF00D9AADC /* ASINetworkQueue.h in Headers */,
				58EDDDD915D5F4EF00D9AADC /* JSONKit.h in Headers */,
				58EDDDDB15D5F4EF00D9AADC /* JSONObject.h in Headers */,
				58EDDDF715D5F4EF00D9AADC /* SQLitePersistentObject.h in Headers */,
				580200B915D60752002A854F /* GCDAsyncSocket.h in Headers */,
				58EDDDD015D5F4EF00D9AADC /* ASIInputStream.h in Headers */,
				58EDDDD415D5F4EF00D9AADC /* ASIProgressDelegate.h in Headers */,
				58EDDDD515D5F4EF00D9AADC /* ASIWebPageRequest.h in Headers */,
				58EDDDD715D5F4EF00D9AADC /* Reachability.h in Headers */,
				58EDDDDD15D5F4EF00D9AADC /* NSData-SQLitePersistence.h in Headers */,
				58EDDDDF15D5F4EF00D9AADC /* NSDate-SQLitePersistence.h in Headers */,
				58EDDDE115D5F4EF00D9AADC /* NSMutableArray-MultipleSort.h in Headers */,
				58EDDDE315D5F4EF00D9AADC /* NSMutableData-SQLitePersistence.h in Headers */,
				58EDDDE515D5F4EF00D9AADC /* NSNumber-SQLitePersistence.h in Headers */,
				58EDDDE715D5F4EF00D9AADC /* NSObject-ClassName.h in Headers */,
				58EDDDE915D5F4EF00D9AADC /* NSObject-MissingKV.h in Headers */,
				58EDDDEB15D5F4EF00D9AADC /* NSObject-SQLitePersistence.h in Headers */,
				58EDDDED15D5F4EF00D9AADC /* NSString-NumberStuff.h in Headers */,
				58EDDDEF15D5F4EF00D9AADC /* NSString-SQLiteColumnName.h in Headers */,
				58EDDDF115D5F4EF00D9AADC /* NSString-SQLitePersistence.h in Headers */,
				58EDDDF315D5F4EF00D9AADC /* NSString-UppercaseFirst.h in Headers */,
				58EDDDF515D5F4EF00D9AADC /* SQLiteInstanceManager.h in Headers */,
				58EDDDF915D5F4EF00D9AADC /* UIColor-SQLitePersistentObject.h in Headers */,
				58EDDDFB15D5F4EF00D9AADC /* UIImage-SQLitePersistence.h in Headers */,
			);
			runOnlyForDeploymentPostprocessing = 0;
		};
/* End PBXHeadersBuildPhase section */

/* Begin PBXNativeTarget section */
		DD87036015AF1BBA0067B66C /* GlacierFramework */ = {
			isa = PBXNativeTarget;
			buildConfigurationList = DD87036E15AF1BBA0067B66C /* Build configuration list for PBXNativeTarget "GlacierFramework" */;
			buildPhases = (
				DD87035D15AF1BBA0067B66C /* Sources */,
				DD87035E15AF1BBA0067B66C /* Frameworks */,
				DD87035F15AF1BBA0067B66C /* Headers */,
			);
			buildRules = (
			);
			dependencies = (
			);
			name = GlacierFramework;
			productName = GlacierFramework;
			productReference = DD87036115AF1BBA0067B66C /* libGlacierFramework.a */;
			productType = "com.apple.product-type.library.static";
		};
/* End PBXNativeTarget section */

/* Begin PBXProject section */
		DD87035815AF1BBA0067B66C /* Project object */ = {
			isa = PBXProject;
			attributes = {
				LastUpgradeCheck = 0430;
				ORGANIZATIONNAME = Glacier;
			};
			buildConfigurationList = DD87035B15AF1BBA0067B66C /* Build configuration list for PBXProject "GlacierFramework" */;
			compatibilityVersion = "Xcode 3.2";
			developmentRegion = English;
			hasScannedForEncodings = 0;
			knownRegions = (
				en,
			);
			mainGroup = DD87035615AF1BBA0067B66C;
			productRefGroup = DD87036215AF1BBA0067B66C /* Products */;
			projectDirPath = "";
			projectRoot = "";
			targets = (
				DD87036015AF1BBA0067B66C /* GlacierFramework */,
			);
		};
/* End PBXProject section */

/* Begin PBXSourcesBuildPhase section */
		DD87035D15AF1BBA0067B66C /* Sources */ = {
			isa = PBXSourcesBuildPhase;
			buildActionMask = 2147483647;
			files = (
				5885340115B2F650009569A5 /* GlacierController.m in Sources */,
				5885340515B2F725009569A5 /* SharedApp.m in Sources */,
				58EDDDC215D5F4EF00D9AADC /* ASIAuthenticationDialog.m in Sources */,
				58EDDDC515D5F4EF00D9AADC /* ASIDataCompressor.m in Sources */,
				58EDDDC715D5F4EF00D9AADC /* ASIDataDecompressor.m in Sources */,
				58EDDDC915D5F4EF00D9AADC /* ASIDownloadCache.m in Sources */,
				58EDDDCB15D5F4EF00D9AADC /* ASIFormDataRequest.m in Sources */,
				58EDDDCD15D5F4EF00D9AADC /* ASIHTTPRequest.m in Sources */,
				58EDDDD115D5F4EF00D9AADC /* ASIInputStream.m in Sources */,
				58EDDDD315D5F4EF00D9AADC /* ASINetworkQueue.m in Sources */,
				58EDDDD615D5F4EF00D9AADC /* ASIWebPageRequest.m in Sources */,
				58EDDDD815D5F4EF00D9AADC /* Reachability.m in Sources */,
				58EDDDDA15D5F4EF00D9AADC /* JSONKit.m in Sources */,
				58EDDDDC15D5F4EF00D9AADC /* JSONObject.m in Sources */,
				58EDDDDE15D5F4EF00D9AADC /* NSData-SQLitePersistence.m in Sources */,
				58EDDDE015D5F4EF00D9AADC /* NSDate-SQLitePersistence.m in Sources */,
				58EDDDE215D5F4EF00D9AADC /* NSMutableArray-MultipleSort.m in Sources */,
				58EDDDE415D5F4EF00D9AADC /* NSMutableData-SQLitePersistence.m in Sources */,
				58EDDDE615D5F4EF00D9AADC /* NSNumber-SQLitePersistence.m in Sources */,
				58EDDDE815D5F4EF00D9AADC /* NSObject-ClassName.m in Sources */,
				58EDDDEA15D5F4EF00D9AADC /* NSObject-MissingKV.m in Sources */,
				58EDDDEC15D5F4EF00D9AADC /* NSObject-SQLitePersistence.m in Sources */,
				58EDDDEE15D5F4EF00D9AADC /* NSString-NumberStuff.m in Sources */,
				58EDDDF015D5F4EF00D9AADC /* NSString-SQLiteColumnName.m in Sources */,
				58EDDDF215D5F4EF00D9AADC /* NSString-SQLitePersistence.m in Sources */,
				58EDDDF415D5F4EF00D9AADC /* NSString-UppercaseFirst.m in Sources */,
				58EDDDF615D5F4EF00D9AADC /* SQLiteInstanceManager.m in Sources */,
				58EDDDF815D5F4EF00D9AADC /* SQLitePersistentObject.m in Sources */,
				58EDDDFA15D5F4EF00D9AADC /* UIColor-SQLitePersistentObject.m in Sources */,
				58EDDDFC15D5F4EF00D9AADC /* UIImage-SQLitePersistence.m in Sources */,
				580200BA15D60752002A854F /* GCDAsyncSocket.m in Sources */,
			);
			runOnlyForDeploymentPostprocessing = 0;
		};
/* End PBXSourcesBuildPhase section */

/* Begin XCBuildConfiguration section */
		DD87036C15AF1BBA0067B66C /* Debug */ = {
			isa = XCBuildConfiguration;
			buildSettings = {
				ALWAYS_SEARCH_USER_PATHS = NO;
				ARCHS = "$(ARCHS_STANDARD_32_BIT)";
				COPY_PHASE_STRIP = NO;
				FRAMEWORK_SEARCH_PATHS = "";
				GCC_C_LANGUAGE_STANDARD = gnu99;
				GCC_DYNAMIC_NO_PIC = NO;
				GCC_OPTIMIZATION_LEVEL = 0;
				GCC_PREPROCESSOR_DEFINITIONS = (
					"DEBUG=1",
					"$(inherited)",
				);
				GCC_SYMBOLS_PRIVATE_EXTERN = NO;
				GCC_VERSION = com.apple.compilers.llvm.clang.1_0;
				GCC_WARN_ABOUT_RETURN_TYPE = YES;
				GCC_WARN_UNINITIALIZED_AUTOS = YES;
				GCC_WARN_UNUSED_VARIABLE = YES;
				HEADER_SEARCH_PATHS = "";
				IPHONEOS_DEPLOYMENT_TARGET = 4.0;
				LIBRARY_SEARCH_PATHS = "";
				OTHER_LDFLAGS = "-lxml2";
				PUBLIC_HEADERS_FOLDER_PATH = "";
				SDKROOT = iphoneos;
				USER_HEADER_SEARCH_PATHS = "$(BUILT_PRODUCTS_DIR)/** $(SRCROOT)/../** \"$(SRCROOT)/..\"/**";
			};
			name = Debug;
		};
		DD87036D15AF1BBA0067B66C /* Release */ = {
			isa = XCBuildConfiguration;
			buildSettings = {
				ALWAYS_SEARCH_USER_PATHS = NO;
				ARCHS = "$(ARCHS_STANDARD_32_BIT)";
				COPY_PHASE_STRIP = YES;
				FRAMEWORK_SEARCH_PATHS = "";
				GCC_C_LANGUAGE_STANDARD = gnu99;
				GCC_VERSION = com.apple.compilers.llvm.clang.1_0;
				GCC_WARN_ABOUT_RETURN_TYPE = YES;
				GCC_WARN_UNINITIALIZED_AUTOS = YES;
				GCC_WARN_UNUSED_VARIABLE = YES;
				HEADER_SEARCH_PATHS = "";
				IPHONEOS_DEPLOYMENT_TARGET = 4.0;
				LIBRARY_SEARCH_PATHS = "";
				OTHER_LDFLAGS = "-lxml2";
				PUBLIC_HEADERS_FOLDER_PATH = "";
				SDKROOT = iphoneos;
				USER_HEADER_SEARCH_PATHS = "$(BUILT_PRODUCTS_DIR)/** $(SRCROOT)/../** \"$(SRCROOT)/..\"/**";
				VALIDATE_PRODUCT = YES;
			};
			name = Release;
		};
		DD87036F15AF1BBA0067B66C /* Debug */ = {
			isa = XCBuildConfiguration;
			buildSettings = {
				DSTROOT = /tmp/GlacierFramework.dst;
				GCC_PRECOMPILE_PREFIX_HEADER = YES;
				GCC_PREFIX_HEADER = "GlacierFramework/GlacierFramework-Prefix.pch";
				HEADER_SEARCH_PATHS = "${SDK_DIR}/usr/include/libxml2";
				LIBRARY_SEARCH_PATHS = "";
				OTHER_LDFLAGS = (
					"-ObjC",
					"-all_load",
				);
				PRODUCT_NAME = "$(TARGET_NAME)";
				PUBLIC_HEADERS_FOLDER_PATH = "";
				SKIP_INSTALL = YES;
				USER_HEADER_SEARCH_PATHS = "$(SRCROOT)/../** \"$(SRCROOT)/..\"/**";
			};
			name = Debug;
		};
		DD87037015AF1BBA0067B66C /* Release */ = {
			isa = XCBuildConfiguration;
			buildSettings = {
				DSTROOT = /tmp/GlacierFramework.dst;
				GCC_PRECOMPILE_PREFIX_HEADER = YES;
				GCC_PREFIX_HEADER = "GlacierFramework/GlacierFramework-Prefix.pch";
				HEADER_SEARCH_PATHS = "${SDK_DIR}/usr/include/libxml2";
				LIBRARY_SEARCH_PATHS = "";
				OTHER_LDFLAGS = (
					"-ObjC",
					"-all_load",
				);
				PRODUCT_NAME = "$(TARGET_NAME)";
				PUBLIC_HEADERS_FOLDER_PATH = "";
				SKIP_INSTALL = YES;
				USER_HEADER_SEARCH_PATHS = "$(SRCROOT)/../** \"$(SRCROOT)/..\"/**";
			};
			name = Release;
		};
/* End XCBuildConfiguration section */

/* Begin XCConfigurationList section */
		DD87035B15AF1BBA0067B66C /* Build configuration list for PBXProject "GlacierFramework" */ = {
			isa = XCConfigurationList;
			buildConfigurations = (
				DD87036C15AF1BBA0067B66C /* Debug */,
				DD87036D15AF1BBA0067B66C /* Release */,
			);
			defaultConfigurationIsVisible = 0;
			defaultConfigurationName = Release;
		};
		DD87036E15AF1BBA0067B66C /* Build configuration list for PBXNativeTarget "GlacierFramework" */ = {
			isa = XCConfigurationList;
			buildConfigurations = (
				DD87036F15AF1BBA0067B66C /* Debug */,
				DD87037015AF1BBA0067B66C /* Release */,
			);
			defaultConfigurationIsVisible = 0;
			defaultConfigurationName = Release;
		};
/* End XCConfigurationList section */
	};
	rootObject = DD87035815AF1BBA0067B66C /* Project object */;
}
