// !$*UTF8*$!
{
	archiveVersion = 1;
	classes = {
	};
	objectVersion = 46;
	objects = {

/* Begin PBXBuildFile section */
		58004A23171D7DB900817E2C /* UIHelper+ViewFixer.h in Headers */ = {isa = PBXBuildFile; fileRef = 58004A21171D7DB900817E2C /* UIHelper+ViewFixer.h */; };
		58004A24171D7DB900817E2C /* UIHelper+ViewFixer.m in Sources */ = {isa = PBXBuildFile; fileRef = 58004A22171D7DB900817E2C /* UIHelper+ViewFixer.m */; };
		580200B915D60752002A854F /* GCDAsyncSocket.h in Headers */ = {isa = PBXBuildFile; fileRef = 580200B715D60752002A854F /* GCDAsyncSocket.h */; settings = {ATTRIBUTES = (); }; };
		580200BA15D60752002A854F /* GCDAsyncSocket.m in Sources */ = {isa = PBXBuildFile; fileRef = 580200B815D60752002A854F /* GCDAsyncSocket.m */; settings = {COMPILER_FLAGS = "-fobjc-arc"; }; };
		581D66A516DBBC51007674F7 /* FMDatabase.h in Headers */ = {isa = PBXBuildFile; fileRef = 581D669A16DBBC51007674F7 /* FMDatabase.h */; };
		581D66A616DBBC51007674F7 /* FMDatabase.m in Sources */ = {isa = PBXBuildFile; fileRef = 581D669B16DBBC51007674F7 /* FMDatabase.m */; };
		581D66A716DBBC51007674F7 /* FMDatabaseAdditions.h in Headers */ = {isa = PBXBuildFile; fileRef = 581D669C16DBBC51007674F7 /* FMDatabaseAdditions.h */; };
		581D66A816DBBC51007674F7 /* FMDatabaseAdditions.m in Sources */ = {isa = PBXBuildFile; fileRef = 581D669D16DBBC51007674F7 /* FMDatabaseAdditions.m */; };
		581D66A916DBBC51007674F7 /* FMDatabasePool.h in Headers */ = {isa = PBXBuildFile; fileRef = 581D669E16DBBC51007674F7 /* FMDatabasePool.h */; };
		581D66AA16DBBC51007674F7 /* FMDatabasePool.m in Sources */ = {isa = PBXBuildFile; fileRef = 581D669F16DBBC51007674F7 /* FMDatabasePool.m */; };
		581D66AB16DBBC51007674F7 /* FMDatabaseQueue.h in Headers */ = {isa = PBXBuildFile; fileRef = 581D66A016DBBC51007674F7 /* FMDatabaseQueue.h */; };
		581D66AC16DBBC51007674F7 /* FMDatabaseQueue.m in Sources */ = {isa = PBXBuildFile; fileRef = 581D66A116DBBC51007674F7 /* FMDatabaseQueue.m */; };
		581D66AE16DBBC51007674F7 /* FMResultSet.h in Headers */ = {isa = PBXBuildFile; fileRef = 581D66A316DBBC51007674F7 /* FMResultSet.h */; };
		581D66AF16DBBC51007674F7 /* FMResultSet.m in Sources */ = {isa = PBXBuildFile; fileRef = 581D66A416DBBC51007674F7 /* FMResultSet.m */; };
		58234A24172429BC00091541 /* MTStatusBarOverlay.h in Headers */ = {isa = PBXBuildFile; fileRef = 58234A22172429BC00091541 /* MTStatusBarOverlay.h */; };
		58234A25172429BC00091541 /* MTStatusBarOverlay.m in Sources */ = {isa = PBXBuildFile; fileRef = 58234A23172429BC00091541 /* MTStatusBarOverlay.m */; settings = {COMPILER_FLAGS = "-fobjc-arc"; }; };
		58234A2917242E0A00091541 /* UIView+CurrentScreen.h in Headers */ = {isa = PBXBuildFile; fileRef = 58234A2717242E0A00091541 /* UIView+CurrentScreen.h */; };
		58234A2A17242E0A00091541 /* UIView+CurrentScreen.m in Sources */ = {isa = PBXBuildFile; fileRef = 58234A2817242E0A00091541 /* UIView+CurrentScreen.m */; };
		582A2887172385B1006C9A21 /* SinaWeibo.h in Headers */ = {isa = PBXBuildFile; fileRef = 582A2880172385B1006C9A21 /* SinaWeibo.h */; };
		582A2888172385B1006C9A21 /* SinaWeibo.m in Sources */ = {isa = PBXBuildFile; fileRef = 582A2881172385B1006C9A21 /* SinaWeibo.m */; };
		582A2889172385B1006C9A21 /* SinaWeiboAuthorizeView.h in Headers */ = {isa = PBXBuildFile; fileRef = 582A2882172385B1006C9A21 /* SinaWeiboAuthorizeView.h */; };
		582A288A172385B1006C9A21 /* SinaWeiboAuthorizeView.m in Sources */ = {isa = PBXBuildFile; fileRef = 582A2883172385B1006C9A21 /* SinaWeiboAuthorizeView.m */; };
		582A288B172385B1006C9A21 /* SinaWeiboConstants.h in Headers */ = {isa = PBXBuildFile; fileRef = 582A2884172385B1006C9A21 /* SinaWeiboConstants.h */; };
		582A288C172385B1006C9A21 /* SinaWeiboRequest.h in Headers */ = {isa = PBXBuildFile; fileRef = 582A2885172385B1006C9A21 /* SinaWeiboRequest.h */; };
		582A288D172385B1006C9A21 /* SinaWeiboRequest.m in Sources */ = {isa = PBXBuildFile; fileRef = 582A2886172385B1006C9A21 /* SinaWeiboRequest.m */; };
		583B3AD117354EB6002D8FE4 /* TBXML+Compression.m in Sources */ = {isa = PBXBuildFile; fileRef = 583B3ACA17354EB6002D8FE4 /* TBXML+Compression.m */; };
		583B3AD217354EB6002D8FE4 /* TBXML+HTTP.m in Sources */ = {isa = PBXBuildFile; fileRef = 583B3ACB17354EB6002D8FE4 /* TBXML+HTTP.m */; };
		583B3AD317354EB6002D8FE4 /* TBXML.m in Sources */ = {isa = PBXBuildFile; fileRef = 583B3ACC17354EB6002D8FE4 /* TBXML.m */; };
		583B3AD417354EB6002D8FE4 /* TBXML+Compression.h in Headers */ = {isa = PBXBuildFile; fileRef = 583B3ACE17354EB6002D8FE4 /* TBXML+Compression.h */; };
		583B3AD517354EB6002D8FE4 /* TBXML+HTTP.h in Headers */ = {isa = PBXBuildFile; fileRef = 583B3ACF17354EB6002D8FE4 /* TBXML+HTTP.h */; };
		583B3AD617354EB6002D8FE4 /* TBXML.h in Headers */ = {isa = PBXBuildFile; fileRef = 583B3AD017354EB6002D8FE4 /* TBXML.h */; };
		583B83D417368A1C0002A93C /* CDataScanner.h in Headers */ = {isa = PBXBuildFile; fileRef = 583B83B417368A1C0002A93C /* CDataScanner.h */; };
		583B83D517368A1C0002A93C /* CDataScanner.m in Sources */ = {isa = PBXBuildFile; fileRef = 583B83B517368A1C0002A93C /* CDataScanner.m */; };
		583B83D617368A1C0002A93C /* CFilteringJSONSerializer.h in Headers */ = {isa = PBXBuildFile; fileRef = 583B83B717368A1C0002A93C /* CFilteringJSONSerializer.h */; };
		583B83D717368A1C0002A93C /* CFilteringJSONSerializer.m in Sources */ = {isa = PBXBuildFile; fileRef = 583B83B817368A1C0002A93C /* CFilteringJSONSerializer.m */; };
		583B83D817368A1C0002A93C /* CJSONDeserializer_BlocksExtensions.h in Headers */ = {isa = PBXBuildFile; fileRef = 583B83B917368A1C0002A93C /* CJSONDeserializer_BlocksExtensions.h */; };
		583B83D917368A1C0002A93C /* CJSONDeserializer_BlocksExtensions.m in Sources */ = {isa = PBXBuildFile; fileRef = 583B83BA17368A1C0002A93C /* CJSONDeserializer_BlocksExtensions.m */; };
		583B83DA17368A1C0002A93C /* CJSONSerialization.h in Headers */ = {isa = PBXBuildFile; fileRef = 583B83BB17368A1C0002A93C /* CJSONSerialization.h */; };
		583B83DB17368A1C0002A93C /* CJSONSerialization.m in Sources */ = {isa = PBXBuildFile; fileRef = 583B83BC17368A1C0002A93C /* CJSONSerialization.m */; };
		583B83DC17368A1C0002A93C /* CJSONSerializedData.h in Headers */ = {isa = PBXBuildFile; fileRef = 583B83BD17368A1C0002A93C /* CJSONSerializedData.h */; };
		583B83DD17368A1C0002A93C /* CJSONSerializedData.m in Sources */ = {isa = PBXBuildFile; fileRef = 583B83BE17368A1C0002A93C /* CJSONSerializedData.m */; };
		583B83DE17368A1C0002A93C /* CDataScanner_Extensions.h in Headers */ = {isa = PBXBuildFile; fileRef = 583B83C017368A1C0002A93C /* CDataScanner_Extensions.h */; };
		583B83DF17368A1C0002A93C /* CDataScanner_Extensions.m in Sources */ = {isa = PBXBuildFile; fileRef = 583B83C117368A1C0002A93C /* CDataScanner_Extensions.m */; };
		583B83E017368A1C0002A93C /* NSCharacterSet_Extensions.h in Headers */ = {isa = PBXBuildFile; fileRef = 583B83C217368A1C0002A93C /* NSCharacterSet_Extensions.h */; };
		583B83E117368A1C0002A93C /* NSCharacterSet_Extensions.m in Sources */ = {isa = PBXBuildFile; fileRef = 583B83C317368A1C0002A93C /* NSCharacterSet_Extensions.m */; };
		583B83E217368A1C0002A93C /* NSDictionary_JSONExtensions.h in Headers */ = {isa = PBXBuildFile; fileRef = 583B83C417368A1C0002A93C /* NSDictionary_JSONExtensions.h */; };
		583B83E317368A1C0002A93C /* NSDictionary_JSONExtensions.m in Sources */ = {isa = PBXBuildFile; fileRef = 583B83C517368A1C0002A93C /* NSDictionary_JSONExtensions.m */; };
		583B83E417368A1C0002A93C /* NSScanner_Extensions.h in Headers */ = {isa = PBXBuildFile; fileRef = 583B83C617368A1C0002A93C /* NSScanner_Extensions.h */; };
		583B83E517368A1C0002A93C /* NSScanner_Extensions.m in Sources */ = {isa = PBXBuildFile; fileRef = 583B83C717368A1C0002A93C /* NSScanner_Extensions.m */; };
		583B83E617368A1C0002A93C /* CJSONDataSerializer.h in Headers */ = {isa = PBXBuildFile; fileRef = 583B83C917368A1C0002A93C /* CJSONDataSerializer.h */; };
		583B83E717368A1C0002A93C /* CJSONDataSerializer.m in Sources */ = {isa = PBXBuildFile; fileRef = 583B83CA17368A1C0002A93C /* CJSONDataSerializer.m */; };
		583B83E817368A1C0002A93C /* CJSONDeserializer.h in Headers */ = {isa = PBXBuildFile; fileRef = 583B83CB17368A1C0002A93C /* CJSONDeserializer.h */; };
		583B83E917368A1C0002A93C /* CJSONDeserializer.m in Sources */ = {isa = PBXBuildFile; fileRef = 583B83CC17368A1C0002A93C /* CJSONDeserializer.m */; };
		583B83EA17368A1C0002A93C /* CJSONScanner.h in Headers */ = {isa = PBXBuildFile; fileRef = 583B83CD17368A1C0002A93C /* CJSONScanner.h */; };
		583B83EB17368A1C0002A93C /* CJSONScanner.m in Sources */ = {isa = PBXBuildFile; fileRef = 583B83CE17368A1C0002A93C /* CJSONScanner.m */; };
		583B83EC17368A1C0002A93C /* CJSONSerializer.h in Headers */ = {isa = PBXBuildFile; fileRef = 583B83CF17368A1C0002A93C /* CJSONSerializer.h */; };
		583B83ED17368A1C0002A93C /* CJSONSerializer.m in Sources */ = {isa = PBXBuildFile; fileRef = 583B83D017368A1C0002A93C /* CJSONSerializer.m */; };
		583B83EE17368A1C0002A93C /* CSerializedJSONData.h in Headers */ = {isa = PBXBuildFile; fileRef = 583B83D117368A1C0002A93C /* CSerializedJSONData.h */; };
		583B83EF17368A1C0002A93C /* CSerializedJSONData.m in Sources */ = {isa = PBXBuildFile; fileRef = 583B83D217368A1C0002A93C /* CSerializedJSONData.m */; };
		583B83F017368A1C0002A93C /* JSONRepresentation.h in Headers */ = {isa = PBXBuildFile; fileRef = 583B83D317368A1C0002A93C /* JSONRepresentation.h */; };
		583B846617369B2E0002A93C /* BaiduMobStat.h in Headers */ = {isa = PBXBuildFile; fileRef = 583B846117369B2E0002A93C /* BaiduMobStat.h */; };
		584359611732AF45009ACFB9 /* ARCMacro.h in Headers */ = {isa = PBXBuildFile; fileRef = 5843595C1732AF45009ACFB9 /* ARCMacro.h */; };
		584359621732AF45009ACFB9 /* YLBackgroundView.h in Headers */ = {isa = PBXBuildFile; fileRef = 5843595D1732AF45009ACFB9 /* YLBackgroundView.h */; };
		584359631732AF45009ACFB9 /* YLBackgroundView.m in Sources */ = {isa = PBXBuildFile; fileRef = 5843595E1732AF45009ACFB9 /* YLBackgroundView.m */; };
		584359641732AF45009ACFB9 /* YLProgressBar.h in Headers */ = {isa = PBXBuildFile; fileRef = 5843595F1732AF45009ACFB9 /* YLProgressBar.h */; };
		584359651732AF45009ACFB9 /* YLProgressBar.m in Sources */ = {isa = PBXBuildFile; fileRef = 584359601732AF45009ACFB9 /* YLProgressBar.m */; };
		587EEDB41729654200455855 /* STSegmentedControl.h in Headers */ = {isa = PBXBuildFile; fileRef = 587EEDB21729654200455855 /* STSegmentedControl.h */; };
		587EEDB51729654200455855 /* STSegmentedControl.m in Sources */ = {isa = PBXBuildFile; fileRef = 587EEDB31729654200455855 /* STSegmentedControl.m */; };
		5885340015B2F650009569A5 /* GlacierController.h in Headers */ = {isa = PBXBuildFile; fileRef = 588533FE15B2F650009569A5 /* GlacierController.h */; settings = {ATTRIBUTES = (); }; };
		5885340115B2F650009569A5 /* GlacierController.m in Sources */ = {isa = PBXBuildFile; fileRef = 588533FF15B2F650009569A5 /* GlacierController.m */; };
		5885340415B2F725009569A5 /* SharedApp.h in Headers */ = {isa = PBXBuildFile; fileRef = 5885340215B2F725009569A5 /* SharedApp.h */; settings = {ATTRIBUTES = (); }; };
		5885340515B2F725009569A5 /* SharedApp.m in Sources */ = {isa = PBXBuildFile; fileRef = 5885340315B2F725009569A5 /* SharedApp.m */; };
		589035C51759128D002351EA /* GlaSegmentedControl.h in Headers */ = {isa = PBXBuildFile; fileRef = 589035C31759128D002351EA /* GlaSegmentedControl.h */; };
		589035C61759128D002351EA /* GlaSegmentedControl.m in Sources */ = {isa = PBXBuildFile; fileRef = 589035C41759128D002351EA /* GlaSegmentedControl.m */; };
		5898FB58171925D600F7616D /* DateHelpers.h in Headers */ = {isa = PBXBuildFile; fileRef = 5898FB55171925D600F7616D /* DateHelpers.h */; };
		5898FB59171925D600F7616D /* DateHelpers.m in Sources */ = {isa = PBXBuildFile; fileRef = 5898FB56171925D600F7616D /* DateHelpers.m */; settings = {COMPILER_FLAGS = "-fobjc-arc"; }; };
		58B4E5FB1759BFBD007393C1 /* SegBaseTabControl.h in Headers */ = {isa = PBXBuildFile; fileRef = 58B4E5F91759BFBD007393C1 /* SegBaseTabControl.h */; };
		58B4E5FC1759BFBD007393C1 /* SegBaseTabControl.m in Sources */ = {isa = PBXBuildFile; fileRef = 58B4E5FA1759BFBD007393C1 /* SegBaseTabControl.m */; };
		58D341A617145D8D0055E971 /* BlocksKit.h in Headers */ = {isa = PBXBuildFile; fileRef = 58D341A317145D8D0055E971 /* BlocksKit.h */; };
		58D341A717145D8D0055E971 /* NSArray+BlocksKit.h in Headers */ = {isa = PBXBuildFile; fileRef = 58D341A417145D8D0055E971 /* NSArray+BlocksKit.h */; };
		58D341A817145D8D0055E971 /* NSArray+BlocksKit.m in Sources */ = {isa = PBXBuildFile; fileRef = 58D341A517145D8D0055E971 /* NSArray+BlocksKit.m */; };
		58D341AA17145DB80055E971 /* BKMacros.h in Headers */ = {isa = PBXBuildFile; fileRef = 58D341A917145DB80055E971 /* BKMacros.h */; };
		58D341B117145DFF0055E971 /* NSDictionary+BlocksKit.h in Headers */ = {isa = PBXBuildFile; fileRef = 58D341AB17145DFF0055E971 /* NSDictionary+BlocksKit.h */; };
		58D341B217145DFF0055E971 /* NSDictionary+BlocksKit.m in Sources */ = {isa = PBXBuildFile; fileRef = 58D341AC17145DFF0055E971 /* NSDictionary+BlocksKit.m */; };
		58D341B317145DFF0055E971 /* NSIndexSet+BlocksKit.h in Headers */ = {isa = PBXBuildFile; fileRef = 58D341AD17145DFF0055E971 /* NSIndexSet+BlocksKit.h */; };
		58D341B417145DFF0055E971 /* NSIndexSet+BlocksKit.m in Sources */ = {isa = PBXBuildFile; fileRef = 58D341AE17145DFF0055E971 /* NSIndexSet+BlocksKit.m */; };
		58D341B517145DFF0055E971 /* NSSet+BlocksKit.h in Headers */ = {isa = PBXBuildFile; fileRef = 58D341AF17145DFF0055E971 /* NSSet+BlocksKit.h */; };
		58D341B617145DFF0055E971 /* NSSet+BlocksKit.m in Sources */ = {isa = PBXBuildFile; fileRef = 58D341B017145DFF0055E971 /* NSSet+BlocksKit.m */; };
		58D341B817145E9B0055E971 /* BKGlobals.h in Headers */ = {isa = PBXBuildFile; fileRef = 58D341B717145E9B0055E971 /* BKGlobals.h */; };
		58EDDDC115D5F4EF00D9AADC /* ASIAuthenticationDialog.h in Headers */ = {isa = PBXBuildFile; fileRef = 58EDDD8015D5F4EF00D9AADC /* ASIAuthenticationDialog.h */; };
		58EDDDC215D5F4EF00D9AADC /* ASIAuthenticationDialog.m in Sources */ = {isa = PBXBuildFile; fileRef = 58EDDD8115D5F4EF00D9AADC /* ASIAuthenticationDialog.m */; };
		58EDDDC315D5F4EF00D9AADC /* ASICacheDelegate.h in Headers */ = {isa = PBXBuildFile; fileRef = 58EDDD8215D5F4EF00D9AADC /* ASICacheDelegate.h */; };
		58EDDDC415D5F4EF00D9AADC /* ASIDataCompressor.h in Headers */ = {isa = PBXBuildFile; fileRef = 58EDDD8315D5F4EF00D9AADC /* ASIDataCompressor.h */; };
		58EDDDC515D5F4EF00D9AADC /* ASIDataCompressor.m in Sources */ = {isa = PBXBuildFile; fileRef = 58EDDD8415D5F4EF00D9AADC /* ASIDataCompressor.m */; };
		58EDDDC615D5F4EF00D9AADC /* ASIDataDecompressor.h in Headers */ = {isa = PBXBuildFile; fileRef = 58EDDD8515D5F4EF00D9AADC /* ASIDataDecompressor.h */; };
		58EDDDC715D5F4EF00D9AADC /* ASIDataDecompressor.m in Sources */ = {isa = PBXBuildFile; fileRef = 58EDDD8615D5F4EF00D9AADC /* ASIDataDecompressor.m */; };
		58EDDDC815D5F4EF00D9AADC /* ASIDownloadCache.h in Headers */ = {isa = PBXBuildFile; fileRef = 58EDDD8715D5F4EF00D9AADC /* ASIDownloadCache.h */; };
		58EDDDC915D5F4EF00D9AADC /* ASIDownloadCache.m in Sources */ = {isa = PBXBuildFile; fileRef = 58EDDD8815D5F4EF00D9AADC /* ASIDownloadCache.m */; };
		58EDDDCA15D5F4EF00D9AADC /* ASIFormDataRequest.h in Headers */ = {isa = PBXBuildFile; fileRef = 58EDDD8915D5F4EF00D9AADC /* ASIFormDataRequest.h */; };
		58EDDDCB15D5F4EF00D9AADC /* ASIFormDataRequest.m in Sources */ = {isa = PBXBuildFile; fileRef = 58EDDD8A15D5F4EF00D9AADC /* ASIFormDataRequest.m */; };
		58EDDDCC15D5F4EF00D9AADC /* ASIHTTPRequest.h in Headers */ = {isa = PBXBuildFile; fileRef = 58EDDD8B15D5F4EF00D9AADC /* ASIHTTPRequest.h */; settings = {ATTRIBUTES = (); }; };
		58EDDDCD15D5F4EF00D9AADC /* ASIHTTPRequest.m in Sources */ = {isa = PBXBuildFile; fileRef = 58EDDD8C15D5F4EF00D9AADC /* ASIHTTPRequest.m */; };
		58EDDDCE15D5F4EF00D9AADC /* ASIHTTPRequestConfig.h in Headers */ = {isa = PBXBuildFile; fileRef = 58EDDD8D15D5F4EF00D9AADC /* ASIHTTPRequestConfig.h */; settings = {ATTRIBUTES = (); }; };
		58EDDDCF15D5F4EF00D9AADC /* ASIHTTPRequestDelegate.h in Headers */ = {isa = PBXBuildFile; fileRef = 58EDDD8E15D5F4EF00D9AADC /* ASIHTTPRequestDelegate.h */; settings = {ATTRIBUTES = (); }; };
		58EDDDD015D5F4EF00D9AADC /* ASIInputStream.h in Headers */ = {isa = PBXBuildFile; fileRef = 58EDDD8F15D5F4EF00D9AADC /* ASIInputStream.h */; };
		58EDDDD115D5F4EF00D9AADC /* ASIInputStream.m in Sources */ = {isa = PBXBuildFile; fileRef = 58EDDD9015D5F4EF00D9AADC /* ASIInputStream.m */; };
		58EDDDD215D5F4EF00D9AADC /* ASINetworkQueue.h in Headers */ = {isa = PBXBuildFile; fileRef = 58EDDD9115D5F4EF00D9AADC /* ASINetworkQueue.h */; settings = {ATTRIBUTES = (); }; };
		58EDDDD315D5F4EF00D9AADC /* ASINetworkQueue.m in Sources */ = {isa = PBXBuildFile; fileRef = 58EDDD9215D5F4EF00D9AADC /* ASINetworkQueue.m */; };
		58EDDDD415D5F4EF00D9AADC /* ASIProgressDelegate.h in Headers */ = {isa = PBXBuildFile; fileRef = 58EDDD9315D5F4EF00D9AADC /* ASIProgressDelegate.h */; };
		58EDDDD515D5F4EF00D9AADC /* ASIWebPageRequest.h in Headers */ = {isa = PBXBuildFile; fileRef = 58EDDD9515D5F4EF00D9AADC /* ASIWebPageRequest.h */; };
		58EDDDD615D5F4EF00D9AADC /* ASIWebPageRequest.m in Sources */ = {isa = PBXBuildFile; fileRef = 58EDDD9615D5F4EF00D9AADC /* ASIWebPageRequest.m */; };
		58EDDDD715D5F4EF00D9AADC /* Reachability.h in Headers */ = {isa = PBXBuildFile; fileRef = 58EDDD9915D5F4EF00D9AADC /* Reachability.h */; };
		58EDDDD815D5F4EF00D9AADC /* Reachability.m in Sources */ = {isa = PBXBuildFile; fileRef = 58EDDD9A15D5F4EF00D9AADC /* Reachability.m */; };
		58EDDDD915D5F4EF00D9AADC /* JSONKit.h in Headers */ = {isa = PBXBuildFile; fileRef = 58EDDD9C15D5F4EF00D9AADC /* JSONKit.h */; settings = {ATTRIBUTES = (); }; };
		58EDDDDA15D5F4EF00D9AADC /* JSONKit.m in Sources */ = {isa = PBXBuildFile; fileRef = 58EDDD9D15D5F4EF00D9AADC /* JSONKit.m */; };
		58EDDDDB15D5F4EF00D9AADC /* JSONObject.h in Headers */ = {isa = PBXBuildFile; fileRef = 58EDDD9E15D5F4EF00D9AADC /* JSONObject.h */; settings = {ATTRIBUTES = (); }; };
		58EDDDDC15D5F4EF00D9AADC /* JSONObject.m in Sources */ = {isa = PBXBuildFile; fileRef = 58EDDD9F15D5F4EF00D9AADC /* JSONObject.m */; };
		58F426991759F70600D75BC0 /* EGOImageButton.h in Headers */ = {isa = PBXBuildFile; fileRef = 58F4268F1759F70600D75BC0 /* EGOImageButton.h */; };
		58F4269A1759F70600D75BC0 /* EGOImageButton.m in Sources */ = {isa = PBXBuildFile; fileRef = 58F426901759F70600D75BC0 /* EGOImageButton.m */; };
		58F4269B1759F70600D75BC0 /* EGOImageLoadConnection.h in Headers */ = {isa = PBXBuildFile; fileRef = 58F426921759F70600D75BC0 /* EGOImageLoadConnection.h */; };
		58F4269C1759F70600D75BC0 /* EGOImageLoadConnection.m in Sources */ = {isa = PBXBuildFile; fileRef = 58F426931759F70600D75BC0 /* EGOImageLoadConnection.m */; };
		58F4269D1759F70600D75BC0 /* EGOImageLoader.h in Headers */ = {isa = PBXBuildFile; fileRef = 58F426941759F70600D75BC0 /* EGOImageLoader.h */; };
		58F4269E1759F70600D75BC0 /* EGOImageLoader.m in Sources */ = {isa = PBXBuildFile; fileRef = 58F426951759F70600D75BC0 /* EGOImageLoader.m */; };
		58F4269F1759F70600D75BC0 /* EGOImageView.h in Headers */ = {isa = PBXBuildFile; fileRef = 58F426971759F70600D75BC0 /* EGOImageView.h */; };
		58F426A01759F70600D75BC0 /* EGOImageView.m in Sources */ = {isa = PBXBuildFile; fileRef = 58F426981759F70600D75BC0 /* EGOImageView.m */; };
		58F426A31759F73200D75BC0 /* EGOCache.h in Headers */ = {isa = PBXBuildFile; fileRef = 58F426A11759F73200D75BC0 /* EGOCache.h */; };
		58F426A41759F73200D75BC0 /* EGOCache.m in Sources */ = {isa = PBXBuildFile; fileRef = 58F426A21759F73200D75BC0 /* EGOCache.m */; };
		DD832FBD15B263FD00FBF9DE /* UIKit.framework in Frameworks */ = {isa = PBXBuildFile; fileRef = DD832FBC15B263FD00FBF9DE /* UIKit.framework */; };
		DD87036515AF1BBA0067B66C /* Foundation.framework in Frameworks */ = {isa = PBXBuildFile; fileRef = DD87036415AF1BBA0067B66C /* Foundation.framework */; };
/* End PBXBuildFile section */

/* Begin PBXFileReference section */
		58004A21171D7DB900817E2C /* UIHelper+ViewFixer.h */ = {isa = PBXFileReference; fileEncoding = 4; lastKnownFileType = sourcecode.c.h; path = "UIHelper+ViewFixer.h"; sourceTree = "<group>"; };
		58004A22171D7DB900817E2C /* UIHelper+ViewFixer.m */ = {isa = PBXFileReference; fileEncoding = 4; lastKnownFileType = sourcecode.c.objc; path = "UIHelper+ViewFixer.m"; sourceTree = "<group>"; };
		580200B715D60752002A854F /* GCDAsyncSocket.h */ = {isa = PBXFileReference; fileEncoding = 4; lastKnownFileType = sourcecode.c.h; path = GCDAsyncSocket.h; sourceTree = "<group>"; };
		580200B815D60752002A854F /* GCDAsyncSocket.m */ = {isa = PBXFileReference; fileEncoding = 4; lastKnownFileType = sourcecode.c.objc; path = GCDAsyncSocket.m; sourceTree = "<group>"; };
		581D669A16DBBC51007674F7 /* FMDatabase.h */ = {isa = PBXFileReference; fileEncoding = 4; lastKnownFileType = sourcecode.c.h; path = FMDatabase.h; sourceTree = "<group>"; };
		581D669B16DBBC51007674F7 /* FMDatabase.m */ = {isa = PBXFileReference; fileEncoding = 4; lastKnownFileType = sourcecode.c.objc; path = FMDatabase.m; sourceTree = "<group>"; };
		581D669C16DBBC51007674F7 /* FMDatabaseAdditions.h */ = {isa = PBXFileReference; fileEncoding = 4; lastKnownFileType = sourcecode.c.h; path = FMDatabaseAdditions.h; sourceTree = "<group>"; };
		581D669D16DBBC51007674F7 /* FMDatabaseAdditions.m */ = {isa = PBXFileReference; fileEncoding = 4; lastKnownFileType = sourcecode.c.objc; path = FMDatabaseAdditions.m; sourceTree = "<group>"; };
		581D669E16DBBC51007674F7 /* FMDatabasePool.h */ = {isa = PBXFileReference; fileEncoding = 4; lastKnownFileType = sourcecode.c.h; path = FMDatabasePool.h; sourceTree = "<group>"; };
		581D669F16DBBC51007674F7 /* FMDatabasePool.m */ = {isa = PBXFileReference; fileEncoding = 4; lastKnownFileType = sourcecode.c.objc; path = FMDatabasePool.m; sourceTree = "<group>"; };
		581D66A016DBBC51007674F7 /* FMDatabaseQueue.h */ = {isa = PBXFileReference; fileEncoding = 4; lastKnownFileType = sourcecode.c.h; path = FMDatabaseQueue.h; sourceTree = "<group>"; };
		581D66A116DBBC51007674F7 /* FMDatabaseQueue.m */ = {isa = PBXFileReference; fileEncoding = 4; lastKnownFileType = sourcecode.c.objc; path = FMDatabaseQueue.m; sourceTree = "<group>"; };
		581D66A216DBBC51007674F7 /* fmdb.m */ = {isa = PBXFileReference; fileEncoding = 4; lastKnownFileType = sourcecode.c.objc; path = fmdb.m; sourceTree = "<group>"; };
		581D66A316DBBC51007674F7 /* FMResultSet.h */ = {isa = PBXFileReference; fileEncoding = 4; lastKnownFileType = sourcecode.c.h; path = FMResultSet.h; sourceTree = "<group>"; };
		581D66A416DBBC51007674F7 /* FMResultSet.m */ = {isa = PBXFileReference; fileEncoding = 4; lastKnownFileType = sourcecode.c.objc; path = FMResultSet.m; sourceTree = "<group>"; };
		5821015A17393B1C00CF5CC0 /* libBaiduMobStat.a */ = {isa = PBXFileReference; lastKnownFileType = archive.ar; path = libBaiduMobStat.a; sourceTree = "<group>"; };
		58234A22172429BC00091541 /* MTStatusBarOverlay.h */ = {isa = PBXFileReference; fileEncoding = 4; lastKnownFileType = sourcecode.c.h; path = MTStatusBarOverlay.h; sourceTree = "<group>"; };
		58234A23172429BC00091541 /* MTStatusBarOverlay.m */ = {isa = PBXFileReference; fileEncoding = 4; lastKnownFileType = sourcecode.c.objc; path = MTStatusBarOverlay.m; sourceTree = "<group>"; };
		58234A2717242E0A00091541 /* UIView+CurrentScreen.h */ = {isa = PBXFileReference; fileEncoding = 4; lastKnownFileType = sourcecode.c.h; path = "UIView+CurrentScreen.h"; sourceTree = "<group>"; };
		58234A2817242E0A00091541 /* UIView+CurrentScreen.m */ = {isa = PBXFileReference; fileEncoding = 4; lastKnownFileType = sourcecode.c.objc; path = "UIView+CurrentScreen.m"; sourceTree = "<group>"; };
		582A287F172385B1006C9A21 /* SinaWeibo.bundle */ = {isa = PBXFileReference; lastKnownFileType = "wrapper.plug-in"; path = SinaWeibo.bundle; sourceTree = "<group>"; };
		582A2880172385B1006C9A21 /* SinaWeibo.h */ = {isa = PBXFileReference; fileEncoding = 4; lastKnownFileType = sourcecode.c.h; path = SinaWeibo.h; sourceTree = "<group>"; };
		582A2881172385B1006C9A21 /* SinaWeibo.m */ = {isa = PBXFileReference; fileEncoding = 4; lastKnownFileType = sourcecode.c.objc; path = SinaWeibo.m; sourceTree = "<group>"; };
		582A2882172385B1006C9A21 /* SinaWeiboAuthorizeView.h */ = {isa = PBXFileReference; fileEncoding = 4; lastKnownFileType = sourcecode.c.h; path = SinaWeiboAuthorizeView.h; sourceTree = "<group>"; };
		582A2883172385B1006C9A21 /* SinaWeiboAuthorizeView.m */ = {isa = PBXFileReference; fileEncoding = 4; lastKnownFileType = sourcecode.c.objc; path = SinaWeiboAuthorizeView.m; sourceTree = "<group>"; };
		582A2884172385B1006C9A21 /* SinaWeiboConstants.h */ = {isa = PBXFileReference; fileEncoding = 4; lastKnownFileType = sourcecode.c.h; path = SinaWeiboConstants.h; sourceTree = "<group>"; };
		582A2885172385B1006C9A21 /* SinaWeiboRequest.h */ = {isa = PBXFileReference; fileEncoding = 4; lastKnownFileType = sourcecode.c.h; path = SinaWeiboRequest.h; sourceTree = "<group>"; };
		582A2886172385B1006C9A21 /* SinaWeiboRequest.m */ = {isa = PBXFileReference; fileEncoding = 4; lastKnownFileType = sourcecode.c.objc; path = SinaWeiboRequest.m; sourceTree = "<group>"; };
		583B3ACA17354EB6002D8FE4 /* TBXML+Compression.m */ = {isa = PBXFileReference; fileEncoding = 4; lastKnownFileType = sourcecode.c.objc; path = "TBXML+Compression.m"; sourceTree = "<group>"; };
		583B3ACB17354EB6002D8FE4 /* TBXML+HTTP.m */ = {isa = PBXFileReference; fileEncoding = 4; lastKnownFileType = sourcecode.c.objc; path = "TBXML+HTTP.m"; sourceTree = "<group>"; };
		583B3ACC17354EB6002D8FE4 /* TBXML.m */ = {isa = PBXFileReference; fileEncoding = 4; lastKnownFileType = sourcecode.c.objc; path = TBXML.m; sourceTree = "<group>"; };
		583B3ACE17354EB6002D8FE4 /* TBXML+Compression.h */ = {isa = PBXFileReference; fileEncoding = 4; lastKnownFileType = sourcecode.c.h; path = "TBXML+Compression.h"; sourceTree = "<group>"; };
		583B3ACF17354EB6002D8FE4 /* TBXML+HTTP.h */ = {isa = PBXFileReference; fileEncoding = 4; lastKnownFileType = sourcecode.c.h; path = "TBXML+HTTP.h"; sourceTree = "<group>"; };
		583B3AD017354EB6002D8FE4 /* TBXML.h */ = {isa = PBXFileReference; fileEncoding = 4; lastKnownFileType = sourcecode.c.h; path = TBXML.h; sourceTree = "<group>"; };
		583B83B417368A1C0002A93C /* CDataScanner.h */ = {isa = PBXFileReference; fileEncoding = 4; lastKnownFileType = sourcecode.c.h; path = CDataScanner.h; sourceTree = "<group>"; };
		583B83B517368A1C0002A93C /* CDataScanner.m */ = {isa = PBXFileReference; fileEncoding = 4; lastKnownFileType = sourcecode.c.objc; path = CDataScanner.m; sourceTree = "<group>"; };
		583B83B717368A1C0002A93C /* CFilteringJSONSerializer.h */ = {isa = PBXFileReference; fileEncoding = 4; lastKnownFileType = sourcecode.c.h; path = CFilteringJSONSerializer.h; sourceTree = "<group>"; };
		583B83B817368A1C0002A93C /* CFilteringJSONSerializer.m */ = {isa = PBXFileReference; fileEncoding = 4; lastKnownFileType = sourcecode.c.objc; path = CFilteringJSONSerializer.m; sourceTree = "<group>"; };
		583B83B917368A1C0002A93C /* CJSONDeserializer_BlocksExtensions.h */ = {isa = PBXFileReference; fileEncoding = 4; lastKnownFileType = sourcecode.c.h; path = CJSONDeserializer_BlocksExtensions.h; sourceTree = "<group>"; };
		583B83BA17368A1C0002A93C /* CJSONDeserializer_BlocksExtensions.m */ = {isa = PBXFileReference; fileEncoding = 4; lastKnownFileType = sourcecode.c.objc; path = CJSONDeserializer_BlocksExtensions.m; sourceTree = "<group>"; };
		583B83BB17368A1C0002A93C /* CJSONSerialization.h */ = {isa = PBXFileReference; fileEncoding = 4; lastKnownFileType = sourcecode.c.h; path = CJSONSerialization.h; sourceTree = "<group>"; };
		583B83BC17368A1C0002A93C /* CJSONSerialization.m */ = {isa = PBXFileReference; fileEncoding = 4; lastKnownFileType = sourcecode.c.objc; path = CJSONSerialization.m; sourceTree = "<group>"; };
		583B83BD17368A1C0002A93C /* CJSONSerializedData.h */ = {isa = PBXFileReference; fileEncoding = 4; lastKnownFileType = sourcecode.c.h; path = CJSONSerializedData.h; sourceTree = "<group>"; };
		583B83BE17368A1C0002A93C /* CJSONSerializedData.m */ = {isa = PBXFileReference; fileEncoding = 4; lastKnownFileType = sourcecode.c.objc; path = CJSONSerializedData.m; sourceTree = "<group>"; };
		583B83C017368A1C0002A93C /* CDataScanner_Extensions.h */ = {isa = PBXFileReference; fileEncoding = 4; lastKnownFileType = sourcecode.c.h; path = CDataScanner_Extensions.h; sourceTree = "<group>"; };
		583B83C117368A1C0002A93C /* CDataScanner_Extensions.m */ = {isa = PBXFileReference; fileEncoding = 4; lastKnownFileType = sourcecode.c.objc; path = CDataScanner_Extensions.m; sourceTree = "<group>"; };
		583B83C217368A1C0002A93C /* NSCharacterSet_Extensions.h */ = {isa = PBXFileReference; fileEncoding = 4; lastKnownFileType = sourcecode.c.h; path = NSCharacterSet_Extensions.h; sourceTree = "<group>"; };
		583B83C317368A1C0002A93C /* NSCharacterSet_Extensions.m */ = {isa = PBXFileReference; fileEncoding = 4; lastKnownFileType = sourcecode.c.objc; path = NSCharacterSet_Extensions.m; sourceTree = "<group>"; };
		583B83C417368A1C0002A93C /* NSDictionary_JSONExtensions.h */ = {isa = PBXFileReference; fileEncoding = 4; lastKnownFileType = sourcecode.c.h; path = NSDictionary_JSONExtensions.h; sourceTree = "<group>"; };
		583B83C517368A1C0002A93C /* NSDictionary_JSONExtensions.m */ = {isa = PBXFileReference; fileEncoding = 4; lastKnownFileType = sourcecode.c.objc; path = NSDictionary_JSONExtensions.m; sourceTree = "<group>"; };
		583B83C617368A1C0002A93C /* NSScanner_Extensions.h */ = {isa = PBXFileReference; fileEncoding = 4; lastKnownFileType = sourcecode.c.h; path = NSScanner_Extensions.h; sourceTree = "<group>"; };
		583B83C717368A1C0002A93C /* NSScanner_Extensions.m */ = {isa = PBXFileReference; fileEncoding = 4; lastKnownFileType = sourcecode.c.objc; path = NSScanner_Extensions.m; sourceTree = "<group>"; };
		583B83C917368A1C0002A93C /* CJSONDataSerializer.h */ = {isa = PBXFileReference; fileEncoding = 4; lastKnownFileType = sourcecode.c.h; path = CJSONDataSerializer.h; sourceTree = "<group>"; };
		583B83CA17368A1C0002A93C /* CJSONDataSerializer.m */ = {isa = PBXFileReference; fileEncoding = 4; lastKnownFileType = sourcecode.c.objc; path = CJSONDataSerializer.m; sourceTree = "<group>"; };
		583B83CB17368A1C0002A93C /* CJSONDeserializer.h */ = {isa = PBXFileReference; fileEncoding = 4; lastKnownFileType = sourcecode.c.h; path = CJSONDeserializer.h; sourceTree = "<group>"; };
		583B83CC17368A1C0002A93C /* CJSONDeserializer.m */ = {isa = PBXFileReference; fileEncoding = 4; lastKnownFileType = sourcecode.c.objc; path = CJSONDeserializer.m; sourceTree = "<group>"; };
		583B83CD17368A1C0002A93C /* CJSONScanner.h */ = {isa = PBXFileReference; fileEncoding = 4; lastKnownFileType = sourcecode.c.h; path = CJSONScanner.h; sourceTree = "<group>"; };
		583B83CE17368A1C0002A93C /* CJSONScanner.m */ = {isa = PBXFileReference; fileEncoding = 4; lastKnownFileType = sourcecode.c.objc; path = CJSONScanner.m; sourceTree = "<group>"; };
		583B83CF17368A1C0002A93C /* CJSONSerializer.h */ = {isa = PBXFileReference; fileEncoding = 4; lastKnownFileType = sourcecode.c.h; path = CJSONSerializer.h; sourceTree = "<group>"; };
		583B83D017368A1C0002A93C /* CJSONSerializer.m */ = {isa = PBXFileReference; fileEncoding = 4; lastKnownFileType = sourcecode.c.objc; path = CJSONSerializer.m; sourceTree = "<group>"; };
		583B83D117368A1C0002A93C /* CSerializedJSONData.h */ = {isa = PBXFileReference; fileEncoding = 4; lastKnownFileType = sourcecode.c.h; path = CSerializedJSONData.h; sourceTree = "<group>"; };
		583B83D217368A1C0002A93C /* CSerializedJSONData.m */ = {isa = PBXFileReference; fileEncoding = 4; lastKnownFileType = sourcecode.c.objc; path = CSerializedJSONData.m; sourceTree = "<group>"; };
		583B83D317368A1C0002A93C /* JSONRepresentation.h */ = {isa = PBXFileReference; fileEncoding = 4; lastKnownFileType = sourcecode.c.h; path = JSONRepresentation.h; sourceTree = "<group>"; };
		583B846117369B2E0002A93C /* BaiduMobStat.h */ = {isa = PBXFileReference; fileEncoding = 4; lastKnownFileType = sourcecode.c.h; path = BaiduMobStat.h; sourceTree = "<group>"; };
		5843595C1732AF45009ACFB9 /* ARCMacro.h */ = {isa = PBXFileReference; fileEncoding = 4; lastKnownFileType = sourcecode.c.h; path = ARCMacro.h; sourceTree = "<group>"; };
		5843595D1732AF45009ACFB9 /* YLBackgroundView.h */ = {isa = PBXFileReference; fileEncoding = 4; lastKnownFileType = sourcecode.c.h; path = YLBackgroundView.h; sourceTree = "<group>"; };
		5843595E1732AF45009ACFB9 /* YLBackgroundView.m */ = {isa = PBXFileReference; fileEncoding = 4; lastKnownFileType = sourcecode.c.objc; path = YLBackgroundView.m; sourceTree = "<group>"; };
		5843595F1732AF45009ACFB9 /* YLProgressBar.h */ = {isa = PBXFileReference; fileEncoding = 4; lastKnownFileType = sourcecode.c.h; path = YLProgressBar.h; sourceTree = "<group>"; };
		584359601732AF45009ACFB9 /* YLProgressBar.m */ = {isa = PBXFileReference; fileEncoding = 4; lastKnownFileType = sourcecode.c.objc; path = YLProgressBar.m; sourceTree = "<group>"; };
		584359671732AFA1009ACFB9 /* noise.png */ = {isa = PBXFileReference; lastKnownFileType = image.png; path = noise.png; sourceTree = "<group>"; };
		587EEDB21729654200455855 /* STSegmentedControl.h */ = {isa = PBXFileReference; fileEncoding = 4; lastKnownFileType = sourcecode.c.h; path = STSegmentedControl.h; sourceTree = "<group>"; };
		587EEDB31729654200455855 /* STSegmentedControl.m */ = {isa = PBXFileReference; fileEncoding = 4; lastKnownFileType = sourcecode.c.objc; path = STSegmentedControl.m; sourceTree = "<group>"; };
		588533FE15B2F650009569A5 /* GlacierController.h */ = {isa = PBXFileReference; fileEncoding = 4; lastKnownFileType = sourcecode.c.h; path = GlacierController.h; sourceTree = "<group>"; };
		588533FF15B2F650009569A5 /* GlacierController.m */ = {isa = PBXFileReference; fileEncoding = 4; lastKnownFileType = sourcecode.c.objc; path = GlacierController.m; sourceTree = "<group>"; };
		5885340215B2F725009569A5 /* SharedApp.h */ = {isa = PBXFileReference; fileEncoding = 4; lastKnownFileType = sourcecode.c.h; path = SharedApp.h; sourceTree = "<group>"; };
		5885340315B2F725009569A5 /* SharedApp.m */ = {isa = PBXFileReference; fileEncoding = 4; lastKnownFileType = sourcecode.c.objc; path = SharedApp.m; sourceTree = "<group>"; };
		589035C31759128D002351EA /* GlaSegmentedControl.h */ = {isa = PBXFileReference; fileEncoding = 4; lastKnownFileType = sourcecode.c.h; path = GlaSegmentedControl.h; sourceTree = "<group>"; };
		589035C41759128D002351EA /* GlaSegmentedControl.m */ = {isa = PBXFileReference; fileEncoding = 4; lastKnownFileType = sourcecode.c.objc; path = GlaSegmentedControl.m; sourceTree = "<group>"; };
		5898FB55171925D600F7616D /* DateHelpers.h */ = {isa = PBXFileReference; fileEncoding = 4; lastKnownFileType = sourcecode.c.h; path = DateHelpers.h; sourceTree = "<group>"; };
		5898FB56171925D600F7616D /* DateHelpers.m */ = {isa = PBXFileReference; fileEncoding = 4; lastKnownFileType = sourcecode.c.objc; path = DateHelpers.m; sourceTree = "<group>"; };
		5898FB57171925D600F7616D /* README */ = {isa = PBXFileReference; fileEncoding = 4; lastKnownFileType = text; path = README; sourceTree = "<group>"; };
		58B4E5F91759BFBD007393C1 /* SegBaseTabControl.h */ = {isa = PBXFileReference; fileEncoding = 4; lastKnownFileType = sourcecode.c.h; path = SegBaseTabControl.h; sourceTree = "<group>"; };
		58B4E5FA1759BFBD007393C1 /* SegBaseTabControl.m */ = {isa = PBXFileReference; fileEncoding = 4; lastKnownFileType = sourcecode.c.objc; path = SegBaseTabControl.m; sourceTree = "<group>"; };
		58D341A317145D8D0055E971 /* BlocksKit.h */ = {isa = PBXFileReference; fileEncoding = 4; lastKnownFileType = sourcecode.c.h; path = BlocksKit.h; sourceTree = "<group>"; };
		58D341A417145D8D0055E971 /* NSArray+BlocksKit.h */ = {isa = PBXFileReference; fileEncoding = 4; lastKnownFileType = sourcecode.c.h; path = "NSArray+BlocksKit.h"; sourceTree = "<group>"; };
		58D341A517145D8D0055E971 /* NSArray+BlocksKit.m */ = {isa = PBXFileReference; fileEncoding = 4; lastKnownFileType = sourcecode.c.objc; path = "NSArray+BlocksKit.m"; sourceTree = "<group>"; };
		58D341A917145DB80055E971 /* BKMacros.h */ = {isa = PBXFileReference; fileEncoding = 4; lastKnownFileType = sourcecode.c.h; path = BKMacros.h; sourceTree = "<group>"; };
		58D341AB17145DFF0055E971 /* NSDictionary+BlocksKit.h */ = {isa = PBXFileReference; fileEncoding = 4; lastKnownFileType = sourcecode.c.h; path = "NSDictionary+BlocksKit.h"; sourceTree = "<group>"; };
		58D341AC17145DFF0055E971 /* NSDictionary+BlocksKit.m */ = {isa = PBXFileReference; fileEncoding = 4; lastKnownFileType = sourcecode.c.objc; path = "NSDictionary+BlocksKit.m"; sourceTree = "<group>"; };
		58D341AD17145DFF0055E971 /* NSIndexSet+BlocksKit.h */ = {isa = PBXFileReference; fileEncoding = 4; lastKnownFileType = sourcecode.c.h; path = "NSIndexSet+BlocksKit.h"; sourceTree = "<group>"; };
		58D341AE17145DFF0055E971 /* NSIndexSet+BlocksKit.m */ = {isa = PBXFileReference; fileEncoding = 4; lastKnownFileType = sourcecode.c.objc; path = "NSIndexSet+BlocksKit.m"; sourceTree = "<group>"; };
		58D341AF17145DFF0055E971 /* NSSet+BlocksKit.h */ = {isa = PBXFileReference; fileEncoding = 4; lastKnownFileType = sourcecode.c.h; path = "NSSet+BlocksKit.h"; sourceTree = "<group>"; };
		58D341B017145DFF0055E971 /* NSSet+BlocksKit.m */ = {isa = PBXFileReference; fileEncoding = 4; lastKnownFileType = sourcecode.c.objc; path = "NSSet+BlocksKit.m"; sourceTree = "<group>"; };
		58D341B717145E9B0055E971 /* BKGlobals.h */ = {isa = PBXFileReference; fileEncoding = 4; lastKnownFileType = sourcecode.c.h; path = BKGlobals.h; sourceTree = "<group>"; };
		58EDDD8015D5F4EF00D9AADC /* ASIAuthenticationDialog.h */ = {isa = PBXFileReference; fileEncoding = 4; lastKnownFileType = sourcecode.c.h; path = ASIAuthenticationDialog.h; sourceTree = "<group>"; };
		58EDDD8115D5F4EF00D9AADC /* ASIAuthenticationDialog.m */ = {isa = PBXFileReference; fileEncoding = 4; lastKnownFileType = sourcecode.c.objc; path = ASIAuthenticationDialog.m; sourceTree = "<group>"; };
		58EDDD8215D5F4EF00D9AADC /* ASICacheDelegate.h */ = {isa = PBXFileReference; fileEncoding = 4; lastKnownFileType = sourcecode.c.h; path = ASICacheDelegate.h; sourceTree = "<group>"; };
		58EDDD8315D5F4EF00D9AADC /* ASIDataCompressor.h */ = {isa = PBXFileReference; fileEncoding = 4; lastKnownFileType = sourcecode.c.h; path = ASIDataCompressor.h; sourceTree = "<group>"; };
		58EDDD8415D5F4EF00D9AADC /* ASIDataCompressor.m */ = {isa = PBXFileReference; fileEncoding = 4; lastKnownFileType = sourcecode.c.objc; path = ASIDataCompressor.m; sourceTree = "<group>"; };
		58EDDD8515D5F4EF00D9AADC /* ASIDataDecompressor.h */ = {isa = PBXFileReference; fileEncoding = 4; lastKnownFileType = sourcecode.c.h; path = ASIDataDecompressor.h; sourceTree = "<group>"; };
		58EDDD8615D5F4EF00D9AADC /* ASIDataDecompressor.m */ = {isa = PBXFileReference; fileEncoding = 4; lastKnownFileType = sourcecode.c.objc; path = ASIDataDecompressor.m; sourceTree = "<group>"; };
		58EDDD8715D5F4EF00D9AADC /* ASIDownloadCache.h */ = {isa = PBXFileReference; fileEncoding = 4; lastKnownFileType = sourcecode.c.h; path = ASIDownloadCache.h; sourceTree = "<group>"; };
		58EDDD8815D5F4EF00D9AADC /* ASIDownloadCache.m */ = {isa = PBXFileReference; fileEncoding = 4; lastKnownFileType = sourcecode.c.objc; path = ASIDownloadCache.m; sourceTree = "<group>"; };
		58EDDD8915D5F4EF00D9AADC /* ASIFormDataRequest.h */ = {isa = PBXFileReference; fileEncoding = 4; lastKnownFileType = sourcecode.c.h; path = ASIFormDataRequest.h; sourceTree = "<group>"; };
		58EDDD8A15D5F4EF00D9AADC /* ASIFormDataRequest.m */ = {isa = PBXFileReference; fileEncoding = 4; lastKnownFileType = sourcecode.c.objc; path = ASIFormDataRequest.m; sourceTree = "<group>"; };
		58EDDD8B15D5F4EF00D9AADC /* ASIHTTPRequest.h */ = {isa = PBXFileReference; fileEncoding = 4; lastKnownFileType = sourcecode.c.h; path = ASIHTTPRequest.h; sourceTree = "<group>"; };
		58EDDD8C15D5F4EF00D9AADC /* ASIHTTPRequest.m */ = {isa = PBXFileReference; fileEncoding = 4; lastKnownFileType = sourcecode.c.objc; path = ASIHTTPRequest.m; sourceTree = "<group>"; };
		58EDDD8D15D5F4EF00D9AADC /* ASIHTTPRequestConfig.h */ = {isa = PBXFileReference; fileEncoding = 4; lastKnownFileType = sourcecode.c.h; path = ASIHTTPRequestConfig.h; sourceTree = "<group>"; };
		58EDDD8E15D5F4EF00D9AADC /* ASIHTTPRequestDelegate.h */ = {isa = PBXFileReference; fileEncoding = 4; lastKnownFileType = sourcecode.c.h; path = ASIHTTPRequestDelegate.h; sourceTree = "<group>"; };
		58EDDD8F15D5F4EF00D9AADC /* ASIInputStream.h */ = {isa = PBXFileReference; fileEncoding = 4; lastKnownFileType = sourcecode.c.h; path = ASIInputStream.h; sourceTree = "<group>"; };
		58EDDD9015D5F4EF00D9AADC /* ASIInputStream.m */ = {isa = PBXFileReference; fileEncoding = 4; lastKnownFileType = sourcecode.c.objc; path = ASIInputStream.m; sourceTree = "<group>"; };
		58EDDD9115D5F4EF00D9AADC /* ASINetworkQueue.h */ = {isa = PBXFileReference; fileEncoding = 4; lastKnownFileType = sourcecode.c.h; path = ASINetworkQueue.h; sourceTree = "<group>"; };
		58EDDD9215D5F4EF00D9AADC /* ASINetworkQueue.m */ = {isa = PBXFileReference; fileEncoding = 4; lastKnownFileType = sourcecode.c.objc; path = ASINetworkQueue.m; sourceTree = "<group>"; };
		58EDDD9315D5F4EF00D9AADC /* ASIProgressDelegate.h */ = {isa = PBXFileReference; fileEncoding = 4; lastKnownFileType = sourcecode.c.h; path = ASIProgressDelegate.h; sourceTree = "<group>"; };
		58EDDD9515D5F4EF00D9AADC /* ASIWebPageRequest.h */ = {isa = PBXFileReference; fileEncoding = 4; lastKnownFileType = sourcecode.c.h; path = ASIWebPageRequest.h; sourceTree = "<group>"; };
		58EDDD9615D5F4EF00D9AADC /* ASIWebPageRequest.m */ = {isa = PBXFileReference; fileEncoding = 4; lastKnownFileType = sourcecode.c.objc; path = ASIWebPageRequest.m; sourceTree = "<group>"; };
		58EDDD9915D5F4EF00D9AADC /* Reachability.h */ = {isa = PBXFileReference; fileEncoding = 4; lastKnownFileType = sourcecode.c.h; path = Reachability.h; sourceTree = "<group>"; };
		58EDDD9A15D5F4EF00D9AADC /* Reachability.m */ = {isa = PBXFileReference; fileEncoding = 4; lastKnownFileType = sourcecode.c.objc; path = Reachability.m; sourceTree = "<group>"; };
		58EDDD9C15D5F4EF00D9AADC /* JSONKit.h */ = {isa = PBXFileReference; fileEncoding = 4; lastKnownFileType = sourcecode.c.h; path = JSONKit.h; sourceTree = "<group>"; };
		58EDDD9D15D5F4EF00D9AADC /* JSONKit.m */ = {isa = PBXFileReference; fileEncoding = 4; lastKnownFileType = sourcecode.c.objc; path = JSONKit.m; sourceTree = "<group>"; };
		58EDDD9E15D5F4EF00D9AADC /* JSONObject.h */ = {isa = PBXFileReference; fileEncoding = 4; lastKnownFileType = sourcecode.c.h; path = JSONObject.h; sourceTree = "<group>"; };
		58EDDD9F15D5F4EF00D9AADC /* JSONObject.m */ = {isa = PBXFileReference; fileEncoding = 4; lastKnownFileType = sourcecode.c.objc; path = JSONObject.m; sourceTree = "<group>"; };
		58F4268F1759F70600D75BC0 /* EGOImageButton.h */ = {isa = PBXFileReference; fileEncoding = 4; lastKnownFileType = sourcecode.c.h; path = EGOImageButton.h; sourceTree = "<group>"; };
		58F426901759F70600D75BC0 /* EGOImageButton.m */ = {isa = PBXFileReference; fileEncoding = 4; lastKnownFileType = sourcecode.c.objc; path = EGOImageButton.m; sourceTree = "<group>"; };
		58F426921759F70600D75BC0 /* EGOImageLoadConnection.h */ = {isa = PBXFileReference; fileEncoding = 4; lastKnownFileType = sourcecode.c.h; path = EGOImageLoadConnection.h; sourceTree = "<group>"; };
		58F426931759F70600D75BC0 /* EGOImageLoadConnection.m */ = {isa = PBXFileReference; fileEncoding = 4; lastKnownFileType = sourcecode.c.objc; path = EGOImageLoadConnection.m; sourceTree = "<group>"; };
		58F426941759F70600D75BC0 /* EGOImageLoader.h */ = {isa = PBXFileReference; fileEncoding = 4; lastKnownFileType = sourcecode.c.h; path = EGOImageLoader.h; sourceTree = "<group>"; };
		58F426951759F70600D75BC0 /* EGOImageLoader.m */ = {isa = PBXFileReference; fileEncoding = 4; lastKnownFileType = sourcecode.c.objc; path = EGOImageLoader.m; sourceTree = "<group>"; };
		58F426971759F70600D75BC0 /* EGOImageView.h */ = {isa = PBXFileReference; fileEncoding = 4; lastKnownFileType = sourcecode.c.h; path = EGOImageView.h; sourceTree = "<group>"; };
		58F426981759F70600D75BC0 /* EGOImageView.m */ = {isa = PBXFileReference; fileEncoding = 4; lastKnownFileType = sourcecode.c.objc; path = EGOImageView.m; sourceTree = "<group>"; };
		58F426A11759F73200D75BC0 /* EGOCache.h */ = {isa = PBXFileReference; fileEncoding = 4; lastKnownFileType = sourcecode.c.h; path = EGOCache.h; sourceTree = "<group>"; };
		58F426A21759F73200D75BC0 /* EGOCache.m */ = {isa = PBXFileReference; fileEncoding = 4; lastKnownFileType = sourcecode.c.objc; path = EGOCache.m; sourceTree = "<group>"; };
		DD832FBC15B263FD00FBF9DE /* UIKit.framework */ = {isa = PBXFileReference; lastKnownFileType = wrapper.framework; name = UIKit.framework; path = System/Library/Frameworks/UIKit.framework; sourceTree = SDKROOT; };
		DD87036115AF1BBA0067B66C /* libGlacierFramework.a */ = {isa = PBXFileReference; explicitFileType = archive.ar; includeInIndex = 0; path = libGlacierFramework.a; sourceTree = BUILT_PRODUCTS_DIR; };
		DD87036415AF1BBA0067B66C /* Foundation.framework */ = {isa = PBXFileReference; lastKnownFileType = wrapper.framework; name = Foundation.framework; path = System/Library/Frameworks/Foundation.framework; sourceTree = SDKROOT; };
		DD87036815AF1BBA0067B66C /* GlacierFramework-Prefix.pch */ = {isa = PBXFileReference; lastKnownFileType = sourcecode.c.h; path = "GlacierFramework-Prefix.pch"; sourceTree = "<group>"; };
/* End PBXFileReference section */

/* Begin PBXFrameworksBuildPhase section */
		DD87035E15AF1BBA0067B66C /* Frameworks */ = {
			isa = PBXFrameworksBuildPhase;
			buildActionMask = 2147483647;
			files = (
				DD832FBD15B263FD00FBF9DE /* UIKit.framework in Frameworks */,
				DD87036515AF1BBA0067B66C /* Foundation.framework in Frameworks */,
			);
			runOnlyForDeploymentPostprocessing = 0;
		};
/* End PBXFrameworksBuildPhase section */

/* Begin PBXGroup section */
		581D669916DBBC51007674F7 /* FMDB */ = {
			isa = PBXGroup;
			children = (
				581D669A16DBBC51007674F7 /* FMDatabase.h */,
				581D669B16DBBC51007674F7 /* FMDatabase.m */,
				581D669C16DBBC51007674F7 /* FMDatabaseAdditions.h */,
				581D669D16DBBC51007674F7 /* FMDatabaseAdditions.m */,
				581D669E16DBBC51007674F7 /* FMDatabasePool.h */,
				581D669F16DBBC51007674F7 /* FMDatabasePool.m */,
				581D66A016DBBC51007674F7 /* FMDatabaseQueue.h */,
				581D66A116DBBC51007674F7 /* FMDatabaseQueue.m */,
				581D66A216DBBC51007674F7 /* fmdb.m */,
				581D66A316DBBC51007674F7 /* FMResultSet.h */,
				581D66A416DBBC51007674F7 /* FMResultSet.m */,
			);
			path = FMDB;
			sourceTree = "<group>";
		};
		58234A21172429BC00091541 /* MTStatusBarOverlay */ = {
			isa = PBXGroup;
			children = (
				58234A22172429BC00091541 /* MTStatusBarOverlay.h */,
				58234A23172429BC00091541 /* MTStatusBarOverlay.m */,
			);
			path = MTStatusBarOverlay;
			sourceTree = "<group>";
		};
		58234A2617242E0A00091541 /* CurrentScreen */ = {
			isa = PBXGroup;
			children = (
				58234A2717242E0A00091541 /* UIView+CurrentScreen.h */,
				58234A2817242E0A00091541 /* UIView+CurrentScreen.m */,
			);
			path = CurrentScreen;
			sourceTree = "<group>";
		};
		582A287E172385B1006C9A21 /* SinaWeibo */ = {
			isa = PBXGroup;
			children = (
				582A287F172385B1006C9A21 /* SinaWeibo.bundle */,
				582A2880172385B1006C9A21 /* SinaWeibo.h */,
				582A2881172385B1006C9A21 /* SinaWeibo.m */,
				582A2882172385B1006C9A21 /* SinaWeiboAuthorizeView.h */,
				582A2883172385B1006C9A21 /* SinaWeiboAuthorizeView.m */,
				582A2884172385B1006C9A21 /* SinaWeiboConstants.h */,
				582A2885172385B1006C9A21 /* SinaWeiboRequest.h */,
				582A2886172385B1006C9A21 /* SinaWeiboRequest.m */,
			);
			path = SinaWeibo;
			sourceTree = "<group>";
		};
		583B3AC817354EB6002D8FE4 /* TBXML */ = {
			isa = PBXGroup;
			children = (
				583B3AC917354EB6002D8FE4 /* TBXML-Code */,
				583B3ACD17354EB6002D8FE4 /* TBXML-Headers */,
			);
			path = TBXML;
			sourceTree = "<group>";
		};
		583B3AC917354EB6002D8FE4 /* TBXML-Code */ = {
			isa = PBXGroup;
			children = (
				583B3ACA17354EB6002D8FE4 /* TBXML+Compression.m */,
				583B3ACB17354EB6002D8FE4 /* TBXML+HTTP.m */,
				583B3ACC17354EB6002D8FE4 /* TBXML.m */,
			);
			path = "TBXML-Code";
			sourceTree = "<group>";
		};
		583B3ACD17354EB6002D8FE4 /* TBXML-Headers */ = {
			isa = PBXGroup;
			children = (
				583B3ACE17354EB6002D8FE4 /* TBXML+Compression.h */,
				583B3ACF17354EB6002D8FE4 /* TBXML+HTTP.h */,
				583B3AD017354EB6002D8FE4 /* TBXML.h */,
			);
			path = "TBXML-Headers";
			sourceTree = "<group>";
		};
		583B83B317368A1C0002A93C /* TouchJSON */ = {
			isa = PBXGroup;
			children = (
				583B83B417368A1C0002A93C /* CDataScanner.h */,
				583B83B517368A1C0002A93C /* CDataScanner.m */,
				583B83B617368A1C0002A93C /* Experimental */,
				583B83BF17368A1C0002A93C /* Extensions */,
				583B83C817368A1C0002A93C /* JSON */,
			);
			path = TouchJSON;
			sourceTree = "<group>";
		};
		583B83B617368A1C0002A93C /* Experimental */ = {
			isa = PBXGroup;
			children = (
				583B83B717368A1C0002A93C /* CFilteringJSONSerializer.h */,
				583B83B817368A1C0002A93C /* CFilteringJSONSerializer.m */,
				583B83B917368A1C0002A93C /* CJSONDeserializer_BlocksExtensions.h */,
				583B83BA17368A1C0002A93C /* CJSONDeserializer_BlocksExtensions.m */,
				583B83BB17368A1C0002A93C /* CJSONSerialization.h */,
				583B83BC17368A1C0002A93C /* CJSONSerialization.m */,
				583B83BD17368A1C0002A93C /* CJSONSerializedData.h */,
				583B83BE17368A1C0002A93C /* CJSONSerializedData.m */,
			);
			path = Experimental;
			sourceTree = "<group>";
		};
		583B83BF17368A1C0002A93C /* Extensions */ = {
			isa = PBXGroup;
			children = (
				583B83C017368A1C0002A93C /* CDataScanner_Extensions.h */,
				583B83C117368A1C0002A93C /* CDataScanner_Extensions.m */,
				583B83C217368A1C0002A93C /* NSCharacterSet_Extensions.h */,
				583B83C317368A1C0002A93C /* NSCharacterSet_Extensions.m */,
				583B83C417368A1C0002A93C /* NSDictionary_JSONExtensions.h */,
				583B83C517368A1C0002A93C /* NSDictionary_JSONExtensions.m */,
				583B83C617368A1C0002A93C /* NSScanner_Extensions.h */,
				583B83C717368A1C0002A93C /* NSScanner_Extensions.m */,
			);
			path = Extensions;
			sourceTree = "<group>";
		};
		583B83C817368A1C0002A93C /* JSON */ = {
			isa = PBXGroup;
			children = (
				583B83C917368A1C0002A93C /* CJSONDataSerializer.h */,
				583B83CA17368A1C0002A93C /* CJSONDataSerializer.m */,
				583B83CB17368A1C0002A93C /* CJSONDeserializer.h */,
				583B83CC17368A1C0002A93C /* CJSONDeserializer.m */,
				583B83CD17368A1C0002A93C /* CJSONScanner.h */,
				583B83CE17368A1C0002A93C /* CJSONScanner.m */,
				583B83CF17368A1C0002A93C /* CJSONSerializer.h */,
				583B83D017368A1C0002A93C /* CJSONSerializer.m */,
				583B83D117368A1C0002A93C /* CSerializedJSONData.h */,
				583B83D217368A1C0002A93C /* CSerializedJSONData.m */,
				583B83D317368A1C0002A93C /* JSONRepresentation.h */,
			);
			path = JSON;
			sourceTree = "<group>";
		};
		583B846017369B2E0002A93C /* BaiduMobStat */ = {
			isa = PBXGroup;
			children = (
				583B846117369B2E0002A93C /* BaiduMobStat.h */,
				5821015A17393B1C00CF5CC0 /* libBaiduMobStat.a */,
			);
			path = BaiduMobStat;
			sourceTree = "<group>";
		};
		5843595B1732AF45009ACFB9 /* YLProgressBar */ = {
			isa = PBXGroup;
			children = (
				584359661732AFA1009ACFB9 /* images */,
				5843595C1732AF45009ACFB9 /* ARCMacro.h */,
				5843595D1732AF45009ACFB9 /* YLBackgroundView.h */,
				5843595E1732AF45009ACFB9 /* YLBackgroundView.m */,
				5843595F1732AF45009ACFB9 /* YLProgressBar.h */,
				584359601732AF45009ACFB9 /* YLProgressBar.m */,
			);
			path = YLProgressBar;
			sourceTree = "<group>";
		};
		584359661732AFA1009ACFB9 /* images */ = {
			isa = PBXGroup;
			children = (
				584359671732AFA1009ACFB9 /* noise.png */,
			);
			path = images;
			sourceTree = "<group>";
		};
		587EEDA31729654200455855 /* STSegmentedControl */ = {
			isa = PBXGroup;
			children = (
				587EEDB21729654200455855 /* STSegmentedControl.h */,
				587EEDB31729654200455855 /* STSegmentedControl.m */,
			);
			path = STSegmentedControl;
			sourceTree = "<group>";
		};
		588533FD15B2F640009569A5 /* UI */ = {
			isa = PBXGroup;
			children = (
				589035C21759128D002351EA /* GlaSegmentedControl */,
				587EEDA31729654200455855 /* STSegmentedControl */,
				58234A2617242E0A00091541 /* CurrentScreen */,
				58234A21172429BC00091541 /* MTStatusBarOverlay */,
				58004A21171D7DB900817E2C /* UIHelper+ViewFixer.h */,
				58004A22171D7DB900817E2C /* UIHelper+ViewFixer.m */,
				588533FE15B2F650009569A5 /* GlacierController.h */,
				588533FF15B2F650009569A5 /* GlacierController.m */,
				5885340215B2F725009569A5 /* SharedApp.h */,
				5885340315B2F725009569A5 /* SharedApp.m */,
			);
			path = UI;
			sourceTree = "<group>";
		};
		589035C21759128D002351EA /* GlaSegmentedControl */ = {
			isa = PBXGroup;
			children = (
				58B4E5F91759BFBD007393C1 /* SegBaseTabControl.h */,
				58B4E5FA1759BFBD007393C1 /* SegBaseTabControl.m */,
				589035C31759128D002351EA /* GlaSegmentedControl.h */,
				589035C41759128D002351EA /* GlaSegmentedControl.m */,
			);
			path = GlaSegmentedControl;
			sourceTree = "<group>";
		};
		5898FB54171925D600F7616D /* DateHelpers */ = {
			isa = PBXGroup;
			children = (
				5898FB55171925D600F7616D /* DateHelpers.h */,
				5898FB56171925D600F7616D /* DateHelpers.m */,
				5898FB57171925D600F7616D /* README */,
			);
			path = DateHelpers;
			sourceTree = "<group>";
		};
		58D341A217145D8D0055E971 /* BlockKit */ = {
			isa = PBXGroup;
			children = (
				58D341B717145E9B0055E971 /* BKGlobals.h */,
				58D341A317145D8D0055E971 /* BlocksKit.h */,
				58D341A917145DB80055E971 /* BKMacros.h */,
				58D341A417145D8D0055E971 /* NSArray+BlocksKit.h */,
				58D341A517145D8D0055E971 /* NSArray+BlocksKit.m */,
				58D341AB17145DFF0055E971 /* NSDictionary+BlocksKit.h */,
				58D341AC17145DFF0055E971 /* NSDictionary+BlocksKit.m */,
				58D341AD17145DFF0055E971 /* NSIndexSet+BlocksKit.h */,
				58D341AE17145DFF0055E971 /* NSIndexSet+BlocksKit.m */,
				58D341AF17145DFF0055E971 /* NSSet+BlocksKit.h */,
				58D341B017145DFF0055E971 /* NSSet+BlocksKit.m */,
			);
			path = BlockKit;
			sourceTree = "<group>";
		};
		58EDDD7D15D5F4EF00D9AADC /* 3rdParty */ = {
			isa = PBXGroup;
			children = (
				58F4268C1759F70600D75BC0 /* EGOImageLoader */,
				583B846017369B2E0002A93C /* BaiduMobStat */,
				583B83B317368A1C0002A93C /* TouchJSON */,
				583B3AC817354EB6002D8FE4 /* TBXML */,
				5843595B1732AF45009ACFB9 /* YLProgressBar */,
				582A287E172385B1006C9A21 /* SinaWeibo */,
				58D341A217145D8D0055E971 /* BlockKit */,
				58EDDE1115D5F89A00D9AADC /* CocoaAsyncSocket */,
				5898FB54171925D600F7616D /* DateHelpers */,
				58EDDD7E15D5F4EF00D9AADC /* ASI */,
				581D669916DBBC51007674F7 /* FMDB */,
				58EDDD9B15D5F4EF00D9AADC /* JSONKit */,
			);
			path = 3rdParty;
			sourceTree = "<group>";
		};
		58EDDD7E15D5F4EF00D9AADC /* ASI */ = {
			isa = PBXGroup;
			children = (
				58EDDD7F15D5F4EF00D9AADC /* Classes */,
				58EDDD9715D5F4EF00D9AADC /* External */,
			);
			path = ASI;
			sourceTree = "<group>";
		};
		58EDDD7F15D5F4EF00D9AADC /* Classes */ = {
			isa = PBXGroup;
			children = (
				58EDDD8015D5F4EF00D9AADC /* ASIAuthenticationDialog.h */,
				58EDDD8115D5F4EF00D9AADC /* ASIAuthenticationDialog.m */,
				58EDDD8215D5F4EF00D9AADC /* ASICacheDelegate.h */,
				58EDDD8315D5F4EF00D9AADC /* ASIDataCompressor.h */,
				58EDDD8415D5F4EF00D9AADC /* ASIDataCompressor.m */,
				58EDDD8515D5F4EF00D9AADC /* ASIDataDecompressor.h */,
				58EDDD8615D5F4EF00D9AADC /* ASIDataDecompressor.m */,
				58EDDD8715D5F4EF00D9AADC /* ASIDownloadCache.h */,
				58EDDD8815D5F4EF00D9AADC /* ASIDownloadCache.m */,
				58EDDD8915D5F4EF00D9AADC /* ASIFormDataRequest.h */,
				58EDDD8A15D5F4EF00D9AADC /* ASIFormDataRequest.m */,
				58EDDD8B15D5F4EF00D9AADC /* ASIHTTPRequest.h */,
				58EDDD8C15D5F4EF00D9AADC /* ASIHTTPRequest.m */,
				58EDDD8D15D5F4EF00D9AADC /* ASIHTTPRequestConfig.h */,
				58EDDD8E15D5F4EF00D9AADC /* ASIHTTPRequestDelegate.h */,
				58EDDD8F15D5F4EF00D9AADC /* ASIInputStream.h */,
				58EDDD9015D5F4EF00D9AADC /* ASIInputStream.m */,
				58EDDD9115D5F4EF00D9AADC /* ASINetworkQueue.h */,
				58EDDD9215D5F4EF00D9AADC /* ASINetworkQueue.m */,
				58EDDD9315D5F4EF00D9AADC /* ASIProgressDelegate.h */,
				58EDDD9415D5F4EF00D9AADC /* ASIWebPageRequest */,
			);
			path = Classes;
			sourceTree = "<group>";
		};
		58EDDD9415D5F4EF00D9AADC /* ASIWebPageRequest */ = {
			isa = PBXGroup;
			children = (
				58EDDD9515D5F4EF00D9AADC /* ASIWebPageRequest.h */,
				58EDDD9615D5F4EF00D9AADC /* ASIWebPageRequest.m */,
			);
			path = ASIWebPageRequest;
			sourceTree = "<group>";
		};
		58EDDD9715D5F4EF00D9AADC /* External */ = {
			isa = PBXGroup;
			children = (
				58EDDD9815D5F4EF00D9AADC /* Reachability */,
			);
			path = External;
			sourceTree = "<group>";
		};
		58EDDD9815D5F4EF00D9AADC /* Reachability */ = {
			isa = PBXGroup;
			children = (
				58EDDD9915D5F4EF00D9AADC /* Reachability.h */,
				58EDDD9A15D5F4EF00D9AADC /* Reachability.m */,
			);
			path = Reachability;
			sourceTree = "<group>";
		};
		58EDDD9B15D5F4EF00D9AADC /* JSONKit */ = {
			isa = PBXGroup;
			children = (
				58EDDD9C15D5F4EF00D9AADC /* JSONKit.h */,
				58EDDD9D15D5F4EF00D9AADC /* JSONKit.m */,
				58EDDD9E15D5F4EF00D9AADC /* JSONObject.h */,
				58EDDD9F15D5F4EF00D9AADC /* JSONObject.m */,
			);
			path = JSONKit;
			sourceTree = "<group>";
		};
		58EDDE1115D5F89A00D9AADC /* CocoaAsyncSocket */ = {
			isa = PBXGroup;
			children = (
				580200B715D60752002A854F /* GCDAsyncSocket.h */,
				580200B815D60752002A854F /* GCDAsyncSocket.m */,
			);
			path = CocoaAsyncSocket;
			sourceTree = "<group>";
		};
		58F4268C1759F70600D75BC0 /* EGOImageLoader */ = {
			isa = PBXGroup;
			children = (
				58F4268D1759F70600D75BC0 /* EGOCache */,
				58F4268E1759F70600D75BC0 /* EGOImageButton */,
				58F426911759F70600D75BC0 /* EGOImageLoader */,
				58F426961759F70600D75BC0 /* EGOImageView */,
			);
			path = EGOImageLoader;
			sourceTree = "<group>";
		};
		58F4268D1759F70600D75BC0 /* EGOCache */ = {
			isa = PBXGroup;
			children = (
				58F426A11759F73200D75BC0 /* EGOCache.h */,
				58F426A21759F73200D75BC0 /* EGOCache.m */,
			);
			path = EGOCache;
			sourceTree = "<group>";
		};
		58F4268E1759F70600D75BC0 /* EGOImageButton */ = {
			isa = PBXGroup;
			children = (
				58F4268F1759F70600D75BC0 /* EGOImageButton.h */,
				58F426901759F70600D75BC0 /* EGOImageButton.m */,
			);
			path = EGOImageButton;
			sourceTree = "<group>";
		};
		58F426911759F70600D75BC0 /* EGOImageLoader */ = {
			isa = PBXGroup;
			children = (
				58F426921759F70600D75BC0 /* EGOImageLoadConnection.h */,
				58F426931759F70600D75BC0 /* EGOImageLoadConnection.m */,
				58F426941759F70600D75BC0 /* EGOImageLoader.h */,
				58F426951759F70600D75BC0 /* EGOImageLoader.m */,
			);
			path = EGOImageLoader;
			sourceTree = "<group>";
		};
		58F426961759F70600D75BC0 /* EGOImageView */ = {
			isa = PBXGroup;
			children = (
				58F426971759F70600D75BC0 /* EGOImageView.h */,
				58F426981759F70600D75BC0 /* EGOImageView.m */,
			);
			path = EGOImageView;
			sourceTree = "<group>";
		};
		DD87035615AF1BBA0067B66C = {
			isa = PBXGroup;
			children = (
				58EDDD7D15D5F4EF00D9AADC /* 3rdParty */,
				DD87036615AF1BBA0067B66C /* GlacierFramework */,
				DD87036315AF1BBA0067B66C /* Frameworks */,
				DD87036215AF1BBA0067B66C /* Products */,
			);
			sourceTree = "<group>";
		};
		DD87036215AF1BBA0067B66C /* Products */ = {
			isa = PBXGroup;
			children = (
				DD87036115AF1BBA0067B66C /* libGlacierFramework.a */,
			);
			name = Products;
			sourceTree = "<group>";
		};
		DD87036315AF1BBA0067B66C /* Frameworks */ = {
			isa = PBXGroup;
			children = (
				DD832FBC15B263FD00FBF9DE /* UIKit.framework */,
				DD87036415AF1BBA0067B66C /* Foundation.framework */,
			);
			name = Frameworks;
			sourceTree = "<group>";
		};
		DD87036615AF1BBA0067B66C /* GlacierFramework */ = {
			isa = PBXGroup;
			children = (
				588533FD15B2F640009569A5 /* UI */,
				DD87036715AF1BBA0067B66C /* Supporting Files */,
			);
			path = GlacierFramework;
			sourceTree = "<group>";
		};
		DD87036715AF1BBA0067B66C /* Supporting Files */ = {
			isa = PBXGroup;
			children = (
				DD87036815AF1BBA0067B66C /* GlacierFramework-Prefix.pch */,
			);
			name = "Supporting Files";
			sourceTree = "<group>";
		};
/* End PBXGroup section */

/* Begin PBXHeadersBuildPhase section */
		DD87035F15AF1BBA0067B66C /* Headers */ = {
			isa = PBXHeadersBuildPhase;
			buildActionMask = 2147483647;
			files = (
				5885340015B2F650009569A5 /* GlacierController.h in Headers */,
				58EDDDC115D5F4EF00D9AADC /* ASIAuthenticationDialog.h in Headers */,
				58EDDDC315D5F4EF00D9AADC /* ASICacheDelegate.h in Headers */,
				58EDDDC415D5F4EF00D9AADC /* ASIDataCompressor.h in Headers */,
				58EDDDC615D5F4EF00D9AADC /* ASIDataDecompressor.h in Headers */,
				58EDDDC815D5F4EF00D9AADC /* ASIDownloadCache.h in Headers */,
				58EDDDCA15D5F4EF00D9AADC /* ASIFormDataRequest.h in Headers */,
				5885340415B2F725009569A5 /* SharedApp.h in Headers */,
				58EDDDCC15D5F4EF00D9AADC /* ASIHTTPRequest.h in Headers */,
				58EDDDCE15D5F4EF00D9AADC /* ASIHTTPRequestConfig.h in Headers */,
				58EDDDCF15D5F4EF00D9AADC /* ASIHTTPRequestDelegate.h in Headers */,
				58EDDDD215D5F4EF00D9AADC /* ASINetworkQueue.h in Headers */,
				58EDDDD915D5F4EF00D9AADC /* JSONKit.h in Headers */,
				58EDDDDB15D5F4EF00D9AADC /* JSONObject.h in Headers */,
				580200B915D60752002A854F /* GCDAsyncSocket.h in Headers */,
				58EDDDD015D5F4EF00D9AADC /* ASIInputStream.h in Headers */,
				58EDDDD415D5F4EF00D9AADC /* ASIProgressDelegate.h in Headers */,
				58EDDDD515D5F4EF00D9AADC /* ASIWebPageRequest.h in Headers */,
				58EDDDD715D5F4EF00D9AADC /* Reachability.h in Headers */,
				581D66A516DBBC51007674F7 /* FMDatabase.h in Headers */,
				581D66A716DBBC51007674F7 /* FMDatabaseAdditions.h in Headers */,
				581D66A916DBBC51007674F7 /* FMDatabasePool.h in Headers */,
				581D66AB16DBBC51007674F7 /* FMDatabaseQueue.h in Headers */,
				581D66AE16DBBC51007674F7 /* FMResultSet.h in Headers */,
				58D341A617145D8D0055E971 /* BlocksKit.h in Headers */,
				58D341A717145D8D0055E971 /* NSArray+BlocksKit.h in Headers */,
				58D341AA17145DB80055E971 /* BKMacros.h in Headers */,
				58D341B117145DFF0055E971 /* NSDictionary+BlocksKit.h in Headers */,
				58D341B317145DFF0055E971 /* NSIndexSet+BlocksKit.h in Headers */,
				58D341B517145DFF0055E971 /* NSSet+BlocksKit.h in Headers */,
				58D341B817145E9B0055E971 /* BKGlobals.h in Headers */,
				5898FB58171925D600F7616D /* DateHelpers.h in Headers */,
				58004A23171D7DB900817E2C /* UIHelper+ViewFixer.h in Headers */,
				582A2887172385B1006C9A21 /* SinaWeibo.h in Headers */,
				582A2889172385B1006C9A21 /* SinaWeiboAuthorizeView.h in Headers */,
				582A288B172385B1006C9A21 /* SinaWeiboConstants.h in Headers */,
				582A288C172385B1006C9A21 /* SinaWeiboRequest.h in Headers */,
				58234A24172429BC00091541 /* MTStatusBarOverlay.h in Headers */,
				58234A2917242E0A00091541 /* UIView+CurrentScreen.h in Headers */,
				587EEDB41729654200455855 /* STSegmentedControl.h in Headers */,
				584359611732AF45009ACFB9 /* ARCMacro.h in Headers */,
				584359621732AF45009ACFB9 /* YLBackgroundView.h in Headers */,
				584359641732AF45009ACFB9 /* YLProgressBar.h in Headers */,
				583B3AD417354EB6002D8FE4 /* TBXML+Compression.h in Headers */,
				583B3AD517354EB6002D8FE4 /* TBXML+HTTP.h in Headers */,
				583B3AD617354EB6002D8FE4 /* TBXML.h in Headers */,
				583B83D417368A1C0002A93C /* CDataScanner.h in Headers */,
				583B83D617368A1C0002A93C /* CFilteringJSONSerializer.h in Headers */,
				583B83D817368A1C0002A93C /* CJSONDeserializer_BlocksExtensions.h in Headers */,
				583B83DA17368A1C0002A93C /* CJSONSerialization.h in Headers */,
				583B83DC17368A1C0002A93C /* CJSONSerializedData.h in Headers */,
				583B83DE17368A1C0002A93C /* CDataScanner_Extensions.h in Headers */,
				583B83E017368A1C0002A93C /* NSCharacterSet_Extensions.h in Headers */,
				583B83E217368A1C0002A93C /* NSDictionary_JSONExtensions.h in Headers */,
				583B83E417368A1C0002A93C /* NSScanner_Extensions.h in Headers */,
				583B83E617368A1C0002A93C /* CJSONDataSerializer.h in Headers */,
				583B83E817368A1C0002A93C /* CJSONDeserializer.h in Headers */,
				583B83EA17368A1C0002A93C /* CJSONScanner.h in Headers */,
				583B83EC17368A1C0002A93C /* CJSONSerializer.h in Headers */,
				583B83EE17368A1C0002A93C /* CSerializedJSONData.h in Headers */,
				583B83F017368A1C0002A93C /* JSONRepresentation.h in Headers */,
				583B846617369B2E0002A93C /* BaiduMobStat.h in Headers */,
				589035C51759128D002351EA /* GlaSegmentedControl.h in Headers */,
				58B4E5FB1759BFBD007393C1 /* SegBaseTabControl.h in Headers */,
				58F426991759F70600D75BC0 /* EGOImageButton.h in Headers */,
				58F4269B1759F70600D75BC0 /* EGOImageLoadConnection.h in Headers */,
				58F4269D1759F70600D75BC0 /* EGOImageLoader.h in Headers */,
				58F4269F1759F70600D75BC0 /* EGOImageView.h in Headers */,
				58F426A31759F73200D75BC0 /* EGOCache.h in Headers */,
			);
			runOnlyForDeploymentPostprocessing = 0;
		};
/* End PBXHeadersBuildPhase section */

/* Begin PBXNativeTarget section */
		DD87036015AF1BBA0067B66C /* GlacierFramework */ = {
			isa = PBXNativeTarget;
			buildConfigurationList = DD87036E15AF1BBA0067B66C /* Build configuration list for PBXNativeTarget "GlacierFramework" */;
			buildPhases = (
				DD87035D15AF1BBA0067B66C /* Sources */,
				DD87035E15AF1BBA0067B66C /* Frameworks */,
				DD87035F15AF1BBA0067B66C /* Headers */,
			);
			buildRules = (
			);
			dependencies = (
			);
			name = GlacierFramework;
			productName = GlacierFramework;
			productReference = DD87036115AF1BBA0067B66C /* libGlacierFramework.a */;
			productType = "com.apple.product-type.library.static";
		};
/* End PBXNativeTarget section */

/* Begin PBXProject section */
		DD87035815AF1BBA0067B66C /* Project object */ = {
			isa = PBXProject;
			attributes = {
				LastUpgradeCheck = 0460;
				ORGANIZATIONNAME = Glacier;
			};
			buildConfigurationList = DD87035B15AF1BBA0067B66C /* Build configuration list for PBXProject "GlacierFramework" */;
			compatibilityVersion = "Xcode 3.2";
			developmentRegion = English;
			hasScannedForEncodings = 0;
			knownRegions = (
				en,
			);
			mainGroup = DD87035615AF1BBA0067B66C;
			productRefGroup = DD87036215AF1BBA0067B66C /* Products */;
			projectDirPath = "";
			projectRoot = "";
			targets = (
				DD87036015AF1BBA0067B66C /* GlacierFramework */,
			);
		};
/* End PBXProject section */

/* Begin PBXSourcesBuildPhase section */
		DD87035D15AF1BBA0067B66C /* Sources */ = {
			isa = PBXSourcesBuildPhase;
			buildActionMask = 2147483647;
			files = (
				5885340115B2F650009569A5 /* GlacierController.m in Sources */,
				5885340515B2F725009569A5 /* SharedApp.m in Sources */,
				58EDDDC215D5F4EF00D9AADC /* ASIAuthenticationDialog.m in Sources */,
				58EDDDC515D5F4EF00D9AADC /* ASIDataCompressor.m in Sources */,
				58EDDDC715D5F4EF00D9AADC /* ASIDataDecompressor.m in Sources */,
				58EDDDC915D5F4EF00D9AADC /* ASIDownloadCache.m in Sources */,
				58EDDDCB15D5F4EF00D9AADC /* ASIFormDataRequest.m in Sources */,
				58EDDDCD15D5F4EF00D9AADC /* ASIHTTPRequest.m in Sources */,
				58EDDDD115D5F4EF00D9AADC /* ASIInputStream.m in Sources */,
				58EDDDD315D5F4EF00D9AADC /* ASINetworkQueue.m in Sources */,
				58EDDDD615D5F4EF00D9AADC /* ASIWebPageRequest.m in Sources */,
				58EDDDD815D5F4EF00D9AADC /* Reachability.m in Sources */,
				58EDDDDA15D5F4EF00D9AADC /* JSONKit.m in Sources */,
				58EDDDDC15D5F4EF00D9AADC /* JSONObject.m in Sources */,
				580200BA15D60752002A854F /* GCDAsyncSocket.m in Sources */,
				581D66A616DBBC51007674F7 /* FMDatabase.m in Sources */,
				581D66A816DBBC51007674F7 /* FMDatabaseAdditions.m in Sources */,
				581D66AA16DBBC51007674F7 /* FMDatabasePool.m in Sources */,
				581D66AC16DBBC51007674F7 /* FMDatabaseQueue.m in Sources */,
				581D66AF16DBBC51007674F7 /* FMResultSet.m in Sources */,
				58D341A817145D8D0055E971 /* NSArray+BlocksKit.m in Sources */,
				58D341B217145DFF0055E971 /* NSDictionary+BlocksKit.m in Sources */,
				58D341B417145DFF0055E971 /* NSIndexSet+BlocksKit.m in Sources */,
				58D341B617145DFF0055E971 /* NSSet+BlocksKit.m in Sources */,
				5898FB59171925D600F7616D /* DateHelpers.m in Sources */,
				58004A24171D7DB900817E2C /* UIHelper+ViewFixer.m in Sources */,
				582A2888172385B1006C9A21 /* SinaWeibo.m in Sources */,
				582A288A172385B1006C9A21 /* SinaWeiboAuthorizeView.m in Sources */,
				582A288D172385B1006C9A21 /* SinaWeiboRequest.m in Sources */,
				58234A25172429BC00091541 /* MTStatusBarOverlay.m in Sources */,
				58234A2A17242E0A00091541 /* UIView+CurrentScreen.m in Sources */,
				587EEDB51729654200455855 /* STSegmentedControl.m in Sources */,
				584359631732AF45009ACFB9 /* YLBackgroundView.m in Sources */,
				584359651732AF45009ACFB9 /* YLProgressBar.m in Sources */,
				583B3AD117354EB6002D8FE4 /* TBXML+Compression.m in Sources */,
				583B3AD217354EB6002D8FE4 /* TBXML+HTTP.m in Sources */,
				583B3AD317354EB6002D8FE4 /* TBXML.m in Sources */,
				583B83D517368A1C0002A93C /* CDataScanner.m in Sources */,
				583B83D717368A1C0002A93C /* CFilteringJSONSerializer.m in Sources */,
				583B83D917368A1C0002A93C /* CJSONDeserializer_BlocksExtensions.m in Sources */,
				583B83DB17368A1C0002A93C /* CJSONSerialization.m in Sources */,
				583B83DD17368A1C0002A93C /* CJSONSerializedData.m in Sources */,
				583B83DF17368A1C0002A93C /* CDataScanner_Extensions.m in Sources */,
				583B83E117368A1C0002A93C /* NSCharacterSet_Extensions.m in Sources */,
				583B83E317368A1C0002A93C /* NSDictionary_JSONExtensions.m in Sources */,
				583B83E517368A1C0002A93C /* NSScanner_Extensions.m in Sources */,
				583B83E717368A1C0002A93C /* CJSONDataSerializer.m in Sources */,
				583B83E917368A1C0002A93C /* CJSONDeserializer.m in Sources */,
				583B83EB17368A1C0002A93C /* CJSONScanner.m in Sources */,
				583B83ED17368A1C0002A93C /* CJSONSerializer.m in Sources */,
				583B83EF17368A1C0002A93C /* CSerializedJSONData.m in Sources */,
				589035C61759128D002351EA /* GlaSegmentedControl.m in Sources */,
				58B4E5FC1759BFBD007393C1 /* SegBaseTabControl.m in Sources */,
				58F4269A1759F70600D75BC0 /* EGOImageButton.m in Sources */,
				58F4269C1759F70600D75BC0 /* EGOImageLoadConnection.m in Sources */,
				58F4269E1759F70600D75BC0 /* EGOImageLoader.m in Sources */,
				58F426A01759F70600D75BC0 /* EGOImageView.m in Sources */,
				58F426A41759F73200D75BC0 /* EGOCache.m in Sources */,
			);
			runOnlyForDeploymentPostprocessing = 0;
		};
/* End PBXSourcesBuildPhase section */

/* Begin XCBuildConfiguration section */
		DD87036C15AF1BBA0067B66C /* Debug */ = {
			isa = XCBuildConfiguration;
			buildSettings = {
				ALWAYS_SEARCH_USER_PATHS = NO;
				ARCHS = "$(ARCHS_STANDARD_32_BIT)";
				CLANG_WARN_CONSTANT_CONVERSION = YES;
				CLANG_WARN_ENUM_CONVERSION = YES;
				CLANG_WARN_INT_CONVERSION = YES;
				CLANG_WARN__DUPLICATE_METHOD_MATCH = YES;
				COPY_PHASE_STRIP = NO;
				FRAMEWORK_SEARCH_PATHS = "";
				GCC_C_LANGUAGE_STANDARD = gnu99;
				GCC_DYNAMIC_NO_PIC = NO;
				GCC_OPTIMIZATION_LEVEL = 0;
				GCC_PREPROCESSOR_DEFINITIONS = (
					"DEBUG=1",
					"$(inherited)",
				);
				GCC_SYMBOLS_PRIVATE_EXTERN = NO;
				GCC_VERSION = com.apple.compilers.llvm.clang.1_0;
				GCC_WARN_ABOUT_RETURN_TYPE = YES;
				GCC_WARN_UNINITIALIZED_AUTOS = YES;
				GCC_WARN_UNUSED_VARIABLE = YES;
				HEADER_SEARCH_PATHS = "";
				IPHONEOS_DEPLOYMENT_TARGET = 5.0;
				LIBRARY_SEARCH_PATHS = "";
				OTHER_LDFLAGS = "-xml2";
				PUBLIC_HEADERS_FOLDER_PATH = "";
				SDKROOT = iphoneos;
				USER_HEADER_SEARCH_PATHS = "$(BUILT_PRODUCTS_DIR)/** $(SRCROOT)/../** \"$(SRCROOT)/..\"/**";
			};
			name = Debug;
		};
		DD87036D15AF1BBA0067B66C /* Release */ = {
			isa = XCBuildConfiguration;
			buildSettings = {
				ALWAYS_SEARCH_USER_PATHS = NO;
				ARCHS = "$(ARCHS_STANDARD_32_BIT)";
				CLANG_WARN_CONSTANT_CONVERSION = YES;
				CLANG_WARN_ENUM_CONVERSION = YES;
				CLANG_WARN_INT_CONVERSION = YES;
				CLANG_WARN__DUPLICATE_METHOD_MATCH = YES;
				COPY_PHASE_STRIP = YES;
				FRAMEWORK_SEARCH_PATHS = "";
				GCC_C_LANGUAGE_STANDARD = gnu99;
				GCC_VERSION = com.apple.compilers.llvm.clang.1_0;
				GCC_WARN_ABOUT_RETURN_TYPE = YES;
				GCC_WARN_UNINITIALIZED_AUTOS = YES;
				GCC_WARN_UNUSED_VARIABLE = YES;
				HEADER_SEARCH_PATHS = "";
				IPHONEOS_DEPLOYMENT_TARGET = 5.0;
				LIBRARY_SEARCH_PATHS = "";
				OTHER_LDFLAGS = "-xml2";
				PUBLIC_HEADERS_FOLDER_PATH = "";
				SDKROOT = iphoneos;
				USER_HEADER_SEARCH_PATHS = "$(BUILT_PRODUCTS_DIR)/** $(SRCROOT)/../** \"$(SRCROOT)/..\"/**";
				VALIDATE_PRODUCT = YES;
			};
			name = Release;
		};
		DD87036F15AF1BBA0067B66C /* Debug */ = {
			isa = XCBuildConfiguration;
			buildSettings = {
				CLANG_ENABLE_OBJC_ARC = NO;
				CODE_SIGN_IDENTITY = "";
				DSTROOT = /tmp/GlacierFramework.dst;
				GCC_PRECOMPILE_PREFIX_HEADER = YES;
				GCC_PREFIX_HEADER = "GlacierFramework/GlacierFramework-Prefix.pch";
				HEADER_SEARCH_PATHS = "${SDK_DIR}/usr/include/libxml2";
				LIBRARY_SEARCH_PATHS = "";
				OTHER_LDFLAGS = "-ObjC";
				PRODUCT_NAME = "$(TARGET_NAME)";
				PUBLIC_HEADERS_FOLDER_PATH = "";
				SKIP_INSTALL = YES;
				USER_HEADER_SEARCH_PATHS = "$(SRCROOT)/../** \"$(SRCROOT)/..\"/**";
				VALID_ARCHS = "armv7 armv7s";
			};
			name = Debug;
		};
		DD87037015AF1BBA0067B66C /* Release */ = {
			isa = XCBuildConfiguration;
			buildSettings = {
				CLANG_ENABLE_OBJC_ARC = NO;
				CODE_SIGN_IDENTITY = "";
				DSTROOT = /tmp/GlacierFramework.dst;
				GCC_PRECOMPILE_PREFIX_HEADER = YES;
				GCC_PREFIX_HEADER = "GlacierFramework/GlacierFramework-Prefix.pch";
				HEADER_SEARCH_PATHS = "${SDK_DIR}/usr/include/libxml2";
				LIBRARY_SEARCH_PATHS = "";
				OTHER_LDFLAGS = "-ObjC";
				PRODUCT_NAME = "$(TARGET_NAME)";
				PUBLIC_HEADERS_FOLDER_PATH = "";
				SKIP_INSTALL = YES;
				USER_HEADER_SEARCH_PATHS = "$(SRCROOT)/../** \"$(SRCROOT)/..\"/**";
				VALID_ARCHS = "armv7 armv7s";
			};
			name = Release;
		};
/* End XCBuildConfiguration section */

/* Begin XCConfigurationList section */
		DD87035B15AF1BBA0067B66C /* Build configuration list for PBXProject "GlacierFramework" */ = {
			isa = XCConfigurationList;
			buildConfigurations = (
				DD87036C15AF1BBA0067B66C /* Debug */,
				DD87036D15AF1BBA0067B66C /* Release */,
			);
			defaultConfigurationIsVisible = 0;
			defaultConfigurationName = Release;
		};
		DD87036E15AF1BBA0067B66C /* Build configuration list for PBXNativeTarget "GlacierFramework" */ = {
			isa = XCConfigurationList;
			buildConfigurations = (
				DD87036F15AF1BBA0067B66C /* Debug */,
				DD87037015AF1BBA0067B66C /* Release */,
			);
			defaultConfigurationIsVisible = 0;
			defaultConfigurationName = Release;
		};
/* End XCConfigurationList section */
	};
	rootObject = DD87035815AF1BBA0067B66C /* Project object */;
}
