// !$*UTF8*$!
{
	archiveVersion = 1;
	classes = {
	};
	objectVersion = 46;
	objects = {

/* Begin PBXBuildFile section */
		582C926216E8F21E00097D54 /* CoreText.framework in Frameworks */ = {isa = PBXBuildFile; fileRef = 582C926116E8F21E00097D54 /* CoreText.framework */; };
		582E062016F22DF0006165CB /* SimSun.ttf in Resources */ = {isa = PBXBuildFile; fileRef = 582E061F16F22DF0006165CB /* SimSun.ttf */; };
		584203A116EAEDD600CAB22E /* BKTextView.m in Sources */ = {isa = PBXBuildFile; fileRef = 584203A016EAEDD600CAB22E /* BKTextView.m */; settings = {COMPILER_FLAGS = "-fno-objc-arc"; }; };
		58B1928C16E21BEA0069DE9D /* UIKit.framework in Frameworks */ = {isa = PBXBuildFile; fileRef = 58B1928B16E21BEA0069DE9D /* UIKit.framework */; };
		58B1928E16E21BEA0069DE9D /* Foundation.framework in Frameworks */ = {isa = PBXBuildFile; fileRef = 58B1928D16E21BEA0069DE9D /* Foundation.framework */; };
		58B1929016E21BEA0069DE9D /* CoreGraphics.framework in Frameworks */ = {isa = PBXBuildFile; fileRef = 58B1928F16E21BEA0069DE9D /* CoreGraphics.framework */; };
		58B1929616E21BEA0069DE9D /* InfoPlist.strings in Resources */ = {isa = PBXBuildFile; fileRef = 58B1929416E21BEA0069DE9D /* InfoPlist.strings */; };
		58B1929816E21BEA0069DE9D /* main.m in Sources */ = {isa = PBXBuildFile; fileRef = 58B1929716E21BEA0069DE9D /* main.m */; };
		58B1929C16E21BEA0069DE9D /* AppDelegate.m in Sources */ = {isa = PBXBuildFile; fileRef = 58B1929B16E21BEA0069DE9D /* AppDelegate.m */; };
		58B1929E16E21BEA0069DE9D /* Default.png in Resources */ = {isa = PBXBuildFile; fileRef = 58B1929D16E21BEA0069DE9D /* Default.png */; };
		58B192A016E21BEA0069DE9D /* Default@2x.png in Resources */ = {isa = PBXBuildFile; fileRef = 58B1929F16E21BEA0069DE9D /* Default@2x.png */; };
		58B192A216E21BEA0069DE9D /* Default-568h@2x.png in Resources */ = {isa = PBXBuildFile; fileRef = 58B192A116E21BEA0069DE9D /* Default-568h@2x.png */; };
		58B192A516E21BEA0069DE9D /* ViewController.m in Sources */ = {isa = PBXBuildFile; fileRef = 58B192A416E21BEA0069DE9D /* ViewController.m */; };
		58B192A816E21BEA0069DE9D /* ViewController.xib in Resources */ = {isa = PBXBuildFile; fileRef = 58B192A616E21BEA0069DE9D /* ViewController.xib */; };
		58B192B016E21CB00069DE9D /* 盗墓笔记全集（1-8）.txt in Resources */ = {isa = PBXBuildFile; fileRef = 58B192AF16E21CB00069DE9D /* 盗墓笔记全集（1-8）.txt */; };
/* End PBXBuildFile section */

/* Begin PBXFileReference section */
		582C926116E8F21E00097D54 /* CoreText.framework */ = {isa = PBXFileReference; lastKnownFileType = wrapper.framework; name = CoreText.framework; path = System/Library/Frameworks/CoreText.framework; sourceTree = SDKROOT; };
		582E061F16F22DF0006165CB /* SimSun.ttf */ = {isa = PBXFileReference; lastKnownFileType = file; path = SimSun.ttf; sourceTree = "<group>"; };
		5842039F16EAEDD600CAB22E /* BKTextView.h */ = {isa = PBXFileReference; fileEncoding = 4; lastKnownFileType = sourcecode.c.h; path = BKTextView.h; sourceTree = "<group>"; };
		584203A016EAEDD600CAB22E /* BKTextView.m */ = {isa = PBXFileReference; fileEncoding = 4; lastKnownFileType = sourcecode.c.objc; path = BKTextView.m; sourceTree = "<group>"; };
		58B1928816E21BEA0069DE9D /* BookReader.app */ = {isa = PBXFileReference; explicitFileType = wrapper.application; includeInIndex = 0; path = BookReader.app; sourceTree = BUILT_PRODUCTS_DIR; };
		58B1928B16E21BEA0069DE9D /* UIKit.framework */ = {isa = PBXFileReference; lastKnownFileType = wrapper.framework; name = UIKit.framework; path = System/Library/Frameworks/UIKit.framework; sourceTree = SDKROOT; };
		58B1928D16E21BEA0069DE9D /* Foundation.framework */ = {isa = PBXFileReference; lastKnownFileType = wrapper.framework; name = Foundation.framework; path = System/Library/Frameworks/Foundation.framework; sourceTree = SDKROOT; };
		58B1928F16E21BEA0069DE9D /* CoreGraphics.framework */ = {isa = PBXFileReference; lastKnownFileType = wrapper.framework; name = CoreGraphics.framework; path = System/Library/Frameworks/CoreGraphics.framework; sourceTree = SDKROOT; };
		58B1929316E21BEA0069DE9D /* BookReader-Info.plist */ = {isa = PBXFileReference; lastKnownFileType = text.plist.xml; path = "BookReader-Info.plist"; sourceTree = "<group>"; };
		58B1929516E21BEA0069DE9D /* en */ = {isa = PBXFileReference; lastKnownFileType = text.plist.strings; name = en; path = en.lproj/InfoPlist.strings; sourceTree = "<group>"; };
		58B1929716E21BEA0069DE9D /* main.m */ = {isa = PBXFileReference; lastKnownFileType = sourcecode.c.objc; path = main.m; sourceTree = "<group>"; };
		58B1929916E21BEA0069DE9D /* BookReader-Prefix.pch */ = {isa = PBXFileReference; lastKnownFileType = sourcecode.c.h; path = "BookReader-Prefix.pch"; sourceTree = "<group>"; };
		58B1929A16E21BEA0069DE9D /* AppDelegate.h */ = {isa = PBXFileReference; lastKnownFileType = sourcecode.c.h; path = AppDelegate.h; sourceTree = "<group>"; };
		58B1929B16E21BEA0069DE9D /* AppDelegate.m */ = {isa = PBXFileReference; lastKnownFileType = sourcecode.c.objc; path = AppDelegate.m; sourceTree = "<group>"; };
		58B1929D16E21BEA0069DE9D /* Default.png */ = {isa = PBXFileReference; lastKnownFileType = image.png; path = Default.png; sourceTree = "<group>"; };
		58B1929F16E21BEA0069DE9D /* Default@2x.png */ = {isa = PBXFileReference; lastKnownFileType = image.png; path = "Default@2x.png"; sourceTree = "<group>"; };
		58B192A116E21BEA0069DE9D /* Default-568h@2x.png */ = {isa = PBXFileReference; lastKnownFileType = image.png; path = "Default-568h@2x.png"; sourceTree = "<group>"; };
		58B192A316E21BEA0069DE9D /* ViewController.h */ = {isa = PBXFileReference; lastKnownFileType = sourcecode.c.h; path = ViewController.h; sourceTree = "<group>"; };
		58B192A416E21BEA0069DE9D /* ViewController.m */ = {isa = PBXFileReference; lastKnownFileType = sourcecode.c.objc; path = ViewController.m; sourceTree = "<group>"; };
		58B192A716E21BEA0069DE9D /* en */ = {isa = PBXFileReference; lastKnownFileType = file.xib; name = en; path = en.lproj/ViewController.xib; sourceTree = "<group>"; };
		58B192AF16E21CB00069DE9D /* 盗墓笔记全集（1-8）.txt */ = {isa = PBXFileReference; fileEncoding = 4; lastKnownFileType = text; path = "盗墓笔记全集（1-8）.txt"; sourceTree = "<group>"; };
/* End PBXFileReference section */

/* Begin PBXFrameworksBuildPhase section */
		58B1928516E21BEA0069DE9D /* Frameworks */ = {
			isa = PBXFrameworksBuildPhase;
			buildActionMask = 2147483647;
			files = (
				582C926216E8F21E00097D54 /* CoreText.framework in Frameworks */,
				58B1928C16E21BEA0069DE9D /* UIKit.framework in Frameworks */,
				58B1928E16E21BEA0069DE9D /* Foundation.framework in Frameworks */,
				58B1929016E21BEA0069DE9D /* CoreGraphics.framework in Frameworks */,
			);
			runOnlyForDeploymentPostprocessing = 0;
		};
/* End PBXFrameworksBuildPhase section */

/* Begin PBXGroup section */
		58B1927F16E21BEA0069DE9D = {
			isa = PBXGroup;
			children = (
				58B192AE16E21CA80069DE9D /* Book */,
				58B1929116E21BEA0069DE9D /* BookReader */,
				58B1928A16E21BEA0069DE9D /* Frameworks */,
				58B1928916E21BEA0069DE9D /* Products */,
			);
			sourceTree = "<group>";
		};
		58B1928916E21BEA0069DE9D /* Products */ = {
			isa = PBXGroup;
			children = (
				58B1928816E21BEA0069DE9D /* BookReader.app */,
			);
			name = Products;
			sourceTree = "<group>";
		};
		58B1928A16E21BEA0069DE9D /* Frameworks */ = {
			isa = PBXGroup;
			children = (
				582C926116E8F21E00097D54 /* CoreText.framework */,
				58B1928B16E21BEA0069DE9D /* UIKit.framework */,
				58B1928D16E21BEA0069DE9D /* Foundation.framework */,
				58B1928F16E21BEA0069DE9D /* CoreGraphics.framework */,
			);
			name = Frameworks;
			sourceTree = "<group>";
		};
		58B1929116E21BEA0069DE9D /* BookReader */ = {
			isa = PBXGroup;
			children = (
				58B1929A16E21BEA0069DE9D /* AppDelegate.h */,
				58B1929B16E21BEA0069DE9D /* AppDelegate.m */,
				58B192A316E21BEA0069DE9D /* ViewController.h */,
				58B192A416E21BEA0069DE9D /* ViewController.m */,
				58B192A616E21BEA0069DE9D /* ViewController.xib */,
				58B1929216E21BEA0069DE9D /* Supporting Files */,
				5842039F16EAEDD600CAB22E /* BKTextView.h */,
				584203A016EAEDD600CAB22E /* BKTextView.m */,
			);
			path = BookReader;
			sourceTree = "<group>";
		};
		58B1929216E21BEA0069DE9D /* Supporting Files */ = {
			isa = PBXGroup;
			children = (
				58B1929316E21BEA0069DE9D /* BookReader-Info.plist */,
				58B1929416E21BEA0069DE9D /* InfoPlist.strings */,
				58B1929716E21BEA0069DE9D /* main.m */,
				58B1929916E21BEA0069DE9D /* BookReader-Prefix.pch */,
				58B1929D16E21BEA0069DE9D /* Default.png */,
				58B1929F16E21BEA0069DE9D /* Default@2x.png */,
				58B192A116E21BEA0069DE9D /* Default-568h@2x.png */,
			);
			name = "Supporting Files";
			sourceTree = "<group>";
		};
		58B192AE16E21CA80069DE9D /* Book */ = {
			isa = PBXGroup;
			children = (
				582E061F16F22DF0006165CB /* SimSun.ttf */,
				58B192AF16E21CB00069DE9D /* 盗墓笔记全集（1-8）.txt */,
			);
			name = Book;
			path = BookReader/Book;
			sourceTree = "<group>";
		};
/* End PBXGroup section */

/* Begin PBXNativeTarget section */
		58B1928716E21BEA0069DE9D /* BookReader */ = {
			isa = PBXNativeTarget;
			buildConfigurationList = 58B192AB16E21BEA0069DE9D /* Build configuration list for PBXNativeTarget "BookReader" */;
			buildPhases = (
				58B1928416E21BEA0069DE9D /* Sources */,
				58B1928516E21BEA0069DE9D /* Frameworks */,
				58B1928616E21BEA0069DE9D /* Resources */,
			);
			buildRules = (
			);
			dependencies = (
			);
			name = BookReader;
			productName = BookReader;
			productReference = 58B1928816E21BEA0069DE9D /* BookReader.app */;
			productType = "com.apple.product-type.application";
		};
/* End PBXNativeTarget section */

/* Begin PBXProject section */
		58B1928016E21BEA0069DE9D /* Project object */ = {
			isa = PBXProject;
			attributes = {
				LastUpgradeCheck = 0460;
				ORGANIZATIONNAME = cnzhao;
			};
			buildConfigurationList = 58B1928316E21BEA0069DE9D /* Build configuration list for PBXProject "BookReader" */;
			compatibilityVersion = "Xcode 3.2";
			developmentRegion = English;
			hasScannedForEncodings = 0;
			knownRegions = (
				en,
			);
			mainGroup = 58B1927F16E21BEA0069DE9D;
			productRefGroup = 58B1928916E21BEA0069DE9D /* Products */;
			projectDirPath = "";
			projectRoot = "";
			targets = (
				58B1928716E21BEA0069DE9D /* BookReader */,
			);
		};
/* End PBXProject section */

/* Begin PBXResourcesBuildPhase section */
		58B1928616E21BEA0069DE9D /* Resources */ = {
			isa = PBXResourcesBuildPhase;
			buildActionMask = 2147483647;
			files = (
				58B1929616E21BEA0069DE9D /* InfoPlist.strings in Resources */,
				58B1929E16E21BEA0069DE9D /* Default.png in Resources */,
				58B192A016E21BEA0069DE9D /* Default@2x.png in Resources */,
				58B192A216E21BEA0069DE9D /* Default-568h@2x.png in Resources */,
				58B192A816E21BEA0069DE9D /* ViewController.xib in Resources */,
				58B192B016E21CB00069DE9D /* 盗墓笔记全集（1-8）.txt in Resources */,
				582E062016F22DF0006165CB /* SimSun.ttf in Resources */,
			);
			runOnlyForDeploymentPostprocessing = 0;
		};
/* End PBXResourcesBuildPhase section */

/* Begin PBXSourcesBuildPhase section */
		58B1928416E21BEA0069DE9D /* Sources */ = {
			isa = PBXSourcesBuildPhase;
			buildActionMask = 2147483647;
			files = (
				58B1929816E21BEA0069DE9D /* main.m in Sources */,
				58B1929C16E21BEA0069DE9D /* AppDelegate.m in Sources */,
				58B192A516E21BEA0069DE9D /* ViewController.m in Sources */,
				584203A116EAEDD600CAB22E /* BKTextView.m in Sources */,
			);
			runOnlyForDeploymentPostprocessing = 0;
		};
/* End PBXSourcesBuildPhase section */

/* Begin PBXVariantGroup section */
		58B1929416E21BEA0069DE9D /* InfoPlist.strings */ = {
			isa = PBXVariantGroup;
			children = (
				58B1929516E21BEA0069DE9D /* en */,
			);
			name = InfoPlist.strings;
			sourceTree = "<group>";
		};
		58B192A616E21BEA0069DE9D /* ViewController.xib */ = {
			isa = PBXVariantGroup;
			children = (
				58B192A716E21BEA0069DE9D /* en */,
			);
			name = ViewController.xib;
			sourceTree = "<group>";
		};
/* End PBXVariantGroup section */

/* Begin XCBuildConfiguration section */
		58B192A916E21BEA0069DE9D /* Debug */ = {
			isa = XCBuildConfiguration;
			buildSettings = {
				ALWAYS_SEARCH_USER_PATHS = NO;
				CLANG_CXX_LANGUAGE_STANDARD = "gnu++0x";
				CLANG_CXX_LIBRARY = "libc++";
				CLANG_ENABLE_OBJC_ARC = YES;
				CLANG_WARN_CONSTANT_CONVERSION = YES;
				CLANG_WARN_EMPTY_BODY = YES;
				CLANG_WARN_ENUM_CONVERSION = YES;
				CLANG_WARN_INT_CONVERSION = YES;
				CLANG_WARN__DUPLICATE_METHOD_MATCH = YES;
				"CODE_SIGN_IDENTITY[sdk=iphoneos*]" = "iPhone Developer";
				COPY_PHASE_STRIP = NO;
				GCC_C_LANGUAGE_STANDARD = gnu99;
				GCC_DYNAMIC_NO_PIC = NO;
				GCC_OPTIMIZATION_LEVEL = 0;
				GCC_PREPROCESSOR_DEFINITIONS = (
					"DEBUG=1",
					"$(inherited)",
				);
				GCC_SYMBOLS_PRIVATE_EXTERN = NO;
				GCC_WARN_ABOUT_RETURN_TYPE = YES;
				GCC_WARN_UNINITIALIZED_AUTOS = YES;
				GCC_WARN_UNUSED_VARIABLE = YES;
				IPHONEOS_DEPLOYMENT_TARGET = 6.0;
				ONLY_ACTIVE_ARCH = YES;
				SDKROOT = iphoneos;
			};
			name = Debug;
		};
		58B192AA16E21BEA0069DE9D /* Release */ = {
			isa = XCBuildConfiguration;
			buildSettings = {
				ALWAYS_SEARCH_USER_PATHS = NO;
				CLANG_CXX_LANGUAGE_STANDARD = "gnu++0x";
				CLANG_CXX_LIBRARY = "libc++";
				CLANG_ENABLE_OBJC_ARC = YES;
				CLANG_WARN_CONSTANT_CONVERSION = YES;
				CLANG_WARN_EMPTY_BODY = YES;
				CLANG_WARN_ENUM_CONVERSION = YES;
				CLANG_WARN_INT_CONVERSION = YES;
				CLANG_WARN__DUPLICATE_METHOD_MATCH = YES;
				"CODE_SIGN_IDENTITY[sdk=iphoneos*]" = "iPhone Developer";
				COPY_PHASE_STRIP = YES;
				GCC_C_LANGUAGE_STANDARD = gnu99;
				GCC_WARN_ABOUT_RETURN_TYPE = YES;
				GCC_WARN_UNINITIALIZED_AUTOS = YES;
				GCC_WARN_UNUSED_VARIABLE = YES;
				IPHONEOS_DEPLOYMENT_TARGET = 6.0;
				OTHER_CFLAGS = "-DNS_BLOCK_ASSERTIONS=1";
				SDKROOT = iphoneos;
				VALIDATE_PRODUCT = YES;
			};
			name = Release;
		};
		58B192AC16E21BEA0069DE9D /* Debug */ = {
			isa = XCBuildConfiguration;
			buildSettings = {
				CLANG_ENABLE_OBJC_ARC = YES;
				CODE_SIGN_IDENTITY = "iPhone Developer";
				GCC_PRECOMPILE_PREFIX_HEADER = YES;
				GCC_PREFIX_HEADER = "BookReader/BookReader-Prefix.pch";
				INFOPLIST_FILE = "BookReader/BookReader-Info.plist";
				PRODUCT_NAME = "$(TARGET_NAME)";
				PROVISIONING_PROFILE = "";
				WRAPPER_EXTENSION = app;
			};
			name = Debug;
		};
		58B192AD16E21BEA0069DE9D /* Release */ = {
			isa = XCBuildConfiguration;
			buildSettings = {
				CLANG_ENABLE_OBJC_ARC = YES;
				CODE_SIGN_IDENTITY = "iPhone Developer";
				GCC_PRECOMPILE_PREFIX_HEADER = YES;
				GCC_PREFIX_HEADER = "BookReader/BookReader-Prefix.pch";
				INFOPLIST_FILE = "BookReader/BookReader-Info.plist";
				PRODUCT_NAME = "$(TARGET_NAME)";
				PROVISIONING_PROFILE = "";
				WRAPPER_EXTENSION = app;
			};
			name = Release;
		};
/* End XCBuildConfiguration section */

/* Begin XCConfigurationList section */
		58B1928316E21BEA0069DE9D /* Build configuration list for PBXProject "BookReader" */ = {
			isa = XCConfigurationList;
			buildConfigurations = (
				58B192A916E21BEA0069DE9D /* Debug */,
				58B192AA16E21BEA0069DE9D /* Release */,
			);
			defaultConfigurationIsVisible = 0;
			defaultConfigurationName = Release;
		};
		58B192AB16E21BEA0069DE9D /* Build configuration list for PBXNativeTarget "BookReader" */ = {
			isa = XCConfigurationList;
			buildConfigurations = (
				58B192AC16E21BEA0069DE9D /* Debug */,
				58B192AD16E21BEA0069DE9D /* Release */,
			);
			defaultConfigurationIsVisible = 0;
			defaultConfigurationName = Release;
		};
/* End XCConfigurationList section */
	};
	rootObject = 58B1928016E21BEA0069DE9D /* Project object */;
}
